// !$*UTF8*$!
{
	archiveVersion = 1;
	classes = {
	};
	objectVersion = 46;
	objects = {

/* Begin PBXBuildFile section */
		4B1701FB164AAC4F007D4A2F /* UIKit.framework in Frameworks */ = {isa = PBXBuildFile; fileRef = 4B1701FA164AAC4F007D4A2F /* UIKit.framework */; };
		4B1701FD164AAC4F007D4A2F /* Foundation.framework in Frameworks */ = {isa = PBXBuildFile; fileRef = 4B1701FC164AAC4F007D4A2F /* Foundation.framework */; };
		4B1701FF164AAC4F007D4A2F /* CoreGraphics.framework in Frameworks */ = {isa = PBXBuildFile; fileRef = 4B1701FE164AAC4F007D4A2F /* CoreGraphics.framework */; };
		4B170201164AAC4F007D4A2F /* GLKit.framework in Frameworks */ = {isa = PBXBuildFile; fileRef = 4B170200164AAC4F007D4A2F /* GLKit.framework */; };
		4B170203164AAC4F007D4A2F /* OpenGLES.framework in Frameworks */ = {isa = PBXBuildFile; fileRef = 4B170202164AAC4F007D4A2F /* OpenGLES.framework */; };
		4B170209164AAC50007D4A2F /* InfoPlist.strings in Resources */ = {isa = PBXBuildFile; fileRef = 4B170207164AAC50007D4A2F /* InfoPlist.strings */; };
		4B17020B164AAC50007D4A2F /* main.m in Sources */ = {isa = PBXBuildFile; fileRef = 4B17020A164AAC50007D4A2F /* main.m */; };
		4B17020F164AAC50007D4A2F /* AppDelegate.m in Sources */ = {isa = PBXBuildFile; fileRef = 4B17020E164AAC50007D4A2F /* AppDelegate.m */; };
		4B170216164AAC50007D4A2F /* GameViewController.mm in Sources */ = {isa = PBXBuildFile; fileRef = 4B170215164AAC50007D4A2F /* GameViewController.mm */; };
		4B170219164AAC50007D4A2F /* GameViewController.xib in Resources */ = {isa = PBXBuildFile; fileRef = 4B170217164AAC50007D4A2F /* GameViewController.xib */; };
		4BC95000165C5A6000AF8A8E /* AudioToolbox.framework in Frameworks */ = {isa = PBXBuildFile; fileRef = 4BC94FFF165C5A6000AF8A8E /* AudioToolbox.framework */; };
		4BC95002165C5A6800AF8A8E /* OpenAL.framework in Frameworks */ = {isa = PBXBuildFile; fileRef = 4BC95001165C5A6800AF8A8E /* OpenAL.framework */; };
		4BC95004165C5A8A00AF8A8E /* AVFoundation.framework in Frameworks */ = {isa = PBXBuildFile; fileRef = 4BC95003165C5A8A00AF8A8E /* AVFoundation.framework */; };
		4BE9DFD8164C11F200599EB8 /* PinballBridge.mm in Sources */ = {isa = PBXBuildFile; fileRef = 4BE9DFD7164C11F200599EB8 /* PinballBridge.mm */; };
		4C4B66341FB4B60B00F1C55D /* Media.xcassets in Resources */ = {isa = PBXBuildFile; fileRef = 4C4B66331FB4B60B00F1C55D /* Media.xcassets */; };
		4C4B66361FB4BAD900F1C55D /* LaunchScreen.storyboard in Resources */ = {isa = PBXBuildFile; fileRef = 4C4B66351FB4BAD900F1C55D /* LaunchScreen.storyboard */; };
		4C4B66731FB5FF0200F1C55D /* libSoundManager.a in Frameworks */ = {isa = PBXBuildFile; fileRef = 4C4B66721FB5FF0200F1C55D /* libSoundManager.a */; };
		4C4B66781FB61C6300F1C55D /* resource in Resources */ = {isa = PBXBuildFile; fileRef = 4C4B66771FB61C6300F1C55D /* resource */; };
		4C4B66851FBA2A8800F1C55D /* MainTableViewController.h in Headers */ = {isa = PBXBuildFile; fileRef = 4C4B66831FBA2A8800F1C55D /* MainTableViewController.h */; };
		4C4B66861FBA2A8800F1C55D /* MainTableViewController.m in Sources */ = {isa = PBXBuildFile; fileRef = 4C4B66841FBA2A8800F1C55D /* MainTableViewController.m */; };
		4C4B668B1FBA391100F1C55D /* PinballGame.m in Sources */ = {isa = PBXBuildFile; fileRef = 4C4B668A1FBA391100F1C55D /* PinballGame.m */; };
		4C4B668E1FBA3E6800F1C55D /* GameTableViewController.h in Headers */ = {isa = PBXBuildFile; fileRef = 4C4B668C1FBA3E6800F1C55D /* GameTableViewController.h */; };
		4C4B668F1FBA3E6800F1C55D /* GameTableViewController.m in Sources */ = {isa = PBXBuildFile; fileRef = 4C4B668D1FBA3E6800F1C55D /* GameTableViewController.m */; };
		4C4B66921FBA539800F1C55D /* LuaFile.m in Sources */ = {isa = PBXBuildFile; fileRef = 4C4B66911FBA539800F1C55D /* LuaFile.m */; };
		4C92A1231FB0E87100806214 /* Default-568h@2x.png in Resources */ = {isa = PBXBuildFile; fileRef = 4C92A1221FB0E87100806214 /* Default-568h@2x.png */; };
		4CA8F3FA1FB3A82D000AB9AE /* libchipmunk.a in Frameworks */ = {isa = PBXBuildFile; fileRef = 4CA8F3F91FB3A82D000AB9AE /* libchipmunk.a */; };
		4CA8F3FC1FB3A83F000AB9AE /* libshared.a in Frameworks */ = {isa = PBXBuildFile; fileRef = 4CA8F3FB1FB3A83F000AB9AE /* libshared.a */; };
		4CA8F3FE1FB3A84E000AB9AE /* liblua.a in Frameworks */ = {isa = PBXBuildFile; fileRef = 4CA8F3FD1FB3A84E000AB9AE /* liblua.a */; };
/* End PBXBuildFile section */

/* Begin PBXContainerItemProxy section */
		4C4B666D1FB5FE1B00F1C55D /* PBXContainerItemProxy */ = {
			isa = PBXContainerItemProxy;
			containerPortal = 4C4B66691FB5FE1B00F1C55D /* SoundManager.xcodeproj */;
			proxyType = 2;
			remoteGlobalIDString = 4C4B66471FB5FB2100F1C55D;
			remoteInfo = SoundManager;
		};
		4C4B666F1FB5FE3300F1C55D /* PBXContainerItemProxy */ = {
			isa = PBXContainerItemProxy;
			containerPortal = 4C4B66691FB5FE1B00F1C55D /* SoundManager.xcodeproj */;
			proxyType = 1;
			remoteGlobalIDString = 4C4B66461FB5FB2100F1C55D;
			remoteInfo = SoundManager;
		};
		4CA8F40F1FB3AB78000AB9AE /* PBXContainerItemProxy */ = {
			isa = PBXContainerItemProxy;
			containerPortal = 4CA8F40B1FB3AB78000AB9AE /* shared.xcodeproj */;
			proxyType = 2;
			remoteGlobalIDString = 4CE803901FB2437F00FEE04E;
			remoteInfo = shared;
		};
		4CA8F41B1FB3AB95000AB9AE /* PBXContainerItemProxy */ = {
			isa = PBXContainerItemProxy;
			containerPortal = 4CA8F4171FB3AB95000AB9AE /* chipmunk.xcodeproj */;
			proxyType = 2;
			remoteGlobalIDString = 4C78FA061FB3A0570019009F;
			remoteInfo = chipmunk;
		};
		4CA8F41E1FB3AC57000AB9AE /* PBXContainerItemProxy */ = {
			isa = PBXContainerItemProxy;
			containerPortal = 4CA8F40B1FB3AB78000AB9AE /* shared.xcodeproj */;
			proxyType = 1;
			remoteGlobalIDString = 4CE8038F1FB2437F00FEE04E;
			remoteInfo = shared;
		};
		4CA8F4201FB3AC5B000AB9AE /* PBXContainerItemProxy */ = {
			isa = PBXContainerItemProxy;
			containerPortal = 4CA8F4171FB3AB95000AB9AE /* chipmunk.xcodeproj */;
			proxyType = 1;
			remoteGlobalIDString = 4C78FA051FB3A0570019009F;
			remoteInfo = chipmunk;
		};
		4CDAAC6F1FB4AAFE00F7443F /* PBXContainerItemProxy */ = {
			isa = PBXContainerItemProxy;
			containerPortal = 4CDAAC6B1FB4AAFE00F7443F /* lua.xcodeproj */;
			proxyType = 2;
			remoteGlobalIDString = 4CE804151FB2561D00FEE04E;
			remoteInfo = lua;
		};
/* End PBXContainerItemProxy section */

/* Begin PBXFileReference section */
		4B1701F6164AAC4F007D4A2F /* Pinball.app */ = {isa = PBXFileReference; explicitFileType = wrapper.application; includeInIndex = 0; path = Pinball.app; sourceTree = BUILT_PRODUCTS_DIR; };
		4B1701FA164AAC4F007D4A2F /* UIKit.framework */ = {isa = PBXFileReference; lastKnownFileType = wrapper.framework; name = UIKit.framework; path = System/Library/Frameworks/UIKit.framework; sourceTree = SDKROOT; };
		4B1701FC164AAC4F007D4A2F /* Foundation.framework */ = {isa = PBXFileReference; lastKnownFileType = wrapper.framework; name = Foundation.framework; path = System/Library/Frameworks/Foundation.framework; sourceTree = SDKROOT; };
		4B1701FE164AAC4F007D4A2F /* CoreGraphics.framework */ = {isa = PBXFileReference; lastKnownFileType = wrapper.framework; name = CoreGraphics.framework; path = System/Library/Frameworks/CoreGraphics.framework; sourceTree = SDKROOT; };
		4B170200164AAC4F007D4A2F /* GLKit.framework */ = {isa = PBXFileReference; lastKnownFileType = wrapper.framework; name = GLKit.framework; path = System/Library/Frameworks/GLKit.framework; sourceTree = SDKROOT; };
		4B170202164AAC4F007D4A2F /* OpenGLES.framework */ = {isa = PBXFileReference; lastKnownFileType = wrapper.framework; name = OpenGLES.framework; path = System/Library/Frameworks/OpenGLES.framework; sourceTree = SDKROOT; };
		4B170206164AAC50007D4A2F /* Pinball-Info.plist */ = {isa = PBXFileReference; lastKnownFileType = text.plist.xml; path = "Pinball-Info.plist"; sourceTree = "<group>"; };
		4B170208164AAC50007D4A2F /* en */ = {isa = PBXFileReference; lastKnownFileType = text.plist.strings; name = en; path = en.lproj/InfoPlist.strings; sourceTree = "<group>"; };
		4B17020A164AAC50007D4A2F /* main.m */ = {isa = PBXFileReference; lastKnownFileType = sourcecode.c.objc; path = main.m; sourceTree = "<group>"; };
		4B17020D164AAC50007D4A2F /* AppDelegate.h */ = {isa = PBXFileReference; lastKnownFileType = sourcecode.c.h; path = AppDelegate.h; sourceTree = "<group>"; };
		4B17020E164AAC50007D4A2F /* AppDelegate.m */ = {isa = PBXFileReference; lastKnownFileType = sourcecode.c.objc; path = AppDelegate.m; sourceTree = "<group>"; };
		4B170214164AAC50007D4A2F /* GameViewController.h */ = {isa = PBXFileReference; explicitFileType = sourcecode.cpp.h; path = GameViewController.h; sourceTree = "<group>"; };
		4B170215164AAC50007D4A2F /* GameViewController.mm */ = {isa = PBXFileReference; lastKnownFileType = sourcecode.cpp.objcpp; path = GameViewController.mm; sourceTree = "<group>"; };
		4B170218164AAC50007D4A2F /* en */ = {isa = PBXFileReference; lastKnownFileType = file.xib; name = en; path = en.lproj/GameViewController.xib; sourceTree = "<group>"; };
		4BC94FFF165C5A6000AF8A8E /* AudioToolbox.framework */ = {isa = PBXFileReference; lastKnownFileType = wrapper.framework; name = AudioToolbox.framework; path = System/Library/Frameworks/AudioToolbox.framework; sourceTree = SDKROOT; };
		4BC95001165C5A6800AF8A8E /* OpenAL.framework */ = {isa = PBXFileReference; lastKnownFileType = wrapper.framework; name = OpenAL.framework; path = System/Library/Frameworks/OpenAL.framework; sourceTree = SDKROOT; };
		4BC95003165C5A8A00AF8A8E /* AVFoundation.framework */ = {isa = PBXFileReference; lastKnownFileType = wrapper.framework; name = AVFoundation.framework; path = System/Library/Frameworks/AVFoundation.framework; sourceTree = SDKROOT; };
		4BC95009165C68E400AF8A8E /* flip.caf */ = {isa = PBXFileReference; lastKnownFileType = file; path = flip.caf; sourceTree = "<group>"; };
		4BE9DFD6164C11F200599EB8 /* PinballBridge.h */ = {isa = PBXFileReference; fileEncoding = 4; lastKnownFileType = sourcecode.c.h; path = PinballBridge.h; sourceTree = "<group>"; };
		4BE9DFD7164C11F200599EB8 /* PinballBridge.mm */ = {isa = PBXFileReference; fileEncoding = 4; lastKnownFileType = sourcecode.cpp.objcpp; path = PinballBridge.mm; sourceTree = "<group>"; };
		4C4B66331FB4B60B00F1C55D /* Media.xcassets */ = {isa = PBXFileReference; lastKnownFileType = folder.assetcatalog; path = Media.xcassets; sourceTree = "<group>"; };
		4C4B66351FB4BAD900F1C55D /* LaunchScreen.storyboard */ = {isa = PBXFileReference; lastKnownFileType = file.storyboard; path = LaunchScreen.storyboard; sourceTree = "<group>"; };
		4C4B66691FB5FE1B00F1C55D /* SoundManager.xcodeproj */ = {isa = PBXFileReference; lastKnownFileType = "wrapper.pb-project"; name = SoundManager.xcodeproj; path = ../lib/SoundManager/SoundManager.xcodeproj; sourceTree = "<group>"; };
		4C4B66721FB5FF0200F1C55D /* libSoundManager.a */ = {isa = PBXFileReference; lastKnownFileType = archive.ar; name = libSoundManager.a; path = "../lib/SoundManager/Build/Products/Debug-iphonesimulator/libSoundManager.a"; sourceTree = "<group>"; };
		4C4B66771FB61C6300F1C55D /* resource */ = {isa = PBXFileReference; lastKnownFileType = folder; name = resource; path = ../../../shared/resource; sourceTree = "<group>"; };
		4C4B66831FBA2A8800F1C55D /* MainTableViewController.h */ = {isa = PBXFileReference; lastKnownFileType = sourcecode.c.h; path = MainTableViewController.h; sourceTree = "<group>"; };
		4C4B66841FBA2A8800F1C55D /* MainTableViewController.m */ = {isa = PBXFileReference; lastKnownFileType = sourcecode.c.objc; path = MainTableViewController.m; sourceTree = "<group>"; };
		4C4B66891FBA390000F1C55D /* PinballGame.h */ = {isa = PBXFileReference; lastKnownFileType = sourcecode.c.h; path = PinballGame.h; sourceTree = "<group>"; };
		4C4B668A1FBA391100F1C55D /* PinballGame.m */ = {isa = PBXFileReference; lastKnownFileType = sourcecode.c.objc; path = PinballGame.m; sourceTree = "<group>"; };
		4C4B668C1FBA3E6800F1C55D /* GameTableViewController.h */ = {isa = PBXFileReference; lastKnownFileType = sourcecode.c.h; path = GameTableViewController.h; sourceTree = "<group>"; };
		4C4B668D1FBA3E6800F1C55D /* GameTableViewController.m */ = {isa = PBXFileReference; lastKnownFileType = sourcecode.c.objc; path = GameTableViewController.m; sourceTree = "<group>"; };
		4C4B66901FBA538500F1C55D /* LuaFile.h */ = {isa = PBXFileReference; lastKnownFileType = sourcecode.c.h; path = LuaFile.h; sourceTree = "<group>"; };
		4C4B66911FBA539800F1C55D /* LuaFile.m */ = {isa = PBXFileReference; lastKnownFileType = sourcecode.c.objc; path = LuaFile.m; sourceTree = "<group>"; };
		4C92A1221FB0E87100806214 /* Default-568h@2x.png */ = {isa = PBXFileReference; lastKnownFileType = image.png; name = "Default-568h@2x.png"; path = "../Default-568h@2x.png"; sourceTree = "<group>"; };
		4C92A1241FB0E91200806214 /* Pinball-Prefix.pch */ = {isa = PBXFileReference; lastKnownFileType = sourcecode.c.h; path = "Pinball-Prefix.pch"; sourceTree = "<group>"; };
		4CA8F3F91FB3A82D000AB9AE /* libchipmunk.a */ = {isa = PBXFileReference; lastKnownFileType = archive.ar; name = libchipmunk.a; path = "../lib/chipmunk/Build/Products/Debug-iphonesimulator/libchipmunk.a"; sourceTree = "<group>"; };
		4CA8F3FB1FB3A83F000AB9AE /* libshared.a */ = {isa = PBXFileReference; lastKnownFileType = archive.ar; name = libshared.a; path = "../lib/shared/Build/Products/Debug-iphonesimulator/libshared.a"; sourceTree = "<group>"; };
		4CA8F3FD1FB3A84E000AB9AE /* liblua.a */ = {isa = PBXFileReference; lastKnownFileType = archive.ar; name = liblua.a; path = "../lib/lua/Build/Products/Debug-iphonesimulator/liblua.a"; sourceTree = "<group>"; };
		4CA8F40B1FB3AB78000AB9AE /* shared.xcodeproj */ = {isa = PBXFileReference; lastKnownFileType = "wrapper.pb-project"; name = shared.xcodeproj; path = ../lib/shared/shared.xcodeproj; sourceTree = "<group>"; };
		4CA8F4171FB3AB95000AB9AE /* chipmunk.xcodeproj */ = {isa = PBXFileReference; lastKnownFileType = "wrapper.pb-project"; name = chipmunk.xcodeproj; path = ../lib/chipmunk/chipmunk.xcodeproj; sourceTree = "<group>"; };
		4CDAAC6B1FB4AAFE00F7443F /* lua.xcodeproj */ = {isa = PBXFileReference; lastKnownFileType = "wrapper.pb-project"; name = lua.xcodeproj; path = ../lib/lua/lua.xcodeproj; sourceTree = "<group>"; };
/* End PBXFileReference section */

/* Begin PBXFrameworksBuildPhase section */
		4B1701F3164AAC4F007D4A2F /* Frameworks */ = {
			isa = PBXFrameworksBuildPhase;
			buildActionMask = 2147483647;
			files = (
				4C4B66731FB5FF0200F1C55D /* libSoundManager.a in Frameworks */,
				4CA8F3FE1FB3A84E000AB9AE /* liblua.a in Frameworks */,
				4CA8F3FC1FB3A83F000AB9AE /* libshared.a in Frameworks */,
				4CA8F3FA1FB3A82D000AB9AE /* libchipmunk.a in Frameworks */,
				4BC95004165C5A8A00AF8A8E /* AVFoundation.framework in Frameworks */,
				4BC95002165C5A6800AF8A8E /* OpenAL.framework in Frameworks */,
				4BC95000165C5A6000AF8A8E /* AudioToolbox.framework in Frameworks */,
				4B1701FB164AAC4F007D4A2F /* UIKit.framework in Frameworks */,
				4B1701FD164AAC4F007D4A2F /* Foundation.framework in Frameworks */,
				4B1701FF164AAC4F007D4A2F /* CoreGraphics.framework in Frameworks */,
				4B170201164AAC4F007D4A2F /* GLKit.framework in Frameworks */,
				4B170203164AAC4F007D4A2F /* OpenGLES.framework in Frameworks */,
			);
			runOnlyForDeploymentPostprocessing = 0;
		};
/* End PBXFrameworksBuildPhase section */

/* Begin PBXGroup section */
		4B1701EB164AAC4E007D4A2F = {
			isa = PBXGroup;
			children = (
				4B170204164AAC50007D4A2F /* Pinball */,
				4B1701F9164AAC4F007D4A2F /* Frameworks */,
				4B1701F7164AAC4F007D4A2F /* Products */,
				4CA8F40B1FB3AB78000AB9AE /* shared.xcodeproj */,
				4CA8F4171FB3AB95000AB9AE /* chipmunk.xcodeproj */,
				4CDAAC6B1FB4AAFE00F7443F /* lua.xcodeproj */,
				4C4B66691FB5FE1B00F1C55D /* SoundManager.xcodeproj */,
			);
			sourceTree = "<group>";
		};
		4B1701F7164AAC4F007D4A2F /* Products */ = {
			isa = PBXGroup;
			children = (
				4B1701F6164AAC4F007D4A2F /* Pinball.app */,
			);
			name = Products;
			sourceTree = "<group>";
		};
		4B1701F9164AAC4F007D4A2F /* Frameworks */ = {
			isa = PBXGroup;
			children = (
				4C4B66721FB5FF0200F1C55D /* libSoundManager.a */,
				4CA8F3FD1FB3A84E000AB9AE /* liblua.a */,
				4CA8F3FB1FB3A83F000AB9AE /* libshared.a */,
				4CA8F3F91FB3A82D000AB9AE /* libchipmunk.a */,
				4BC95003165C5A8A00AF8A8E /* AVFoundation.framework */,
				4BC95001165C5A6800AF8A8E /* OpenAL.framework */,
				4BC94FFF165C5A6000AF8A8E /* AudioToolbox.framework */,
				4B1701FA164AAC4F007D4A2F /* UIKit.framework */,
				4B1701FC164AAC4F007D4A2F /* Foundation.framework */,
				4B1701FE164AAC4F007D4A2F /* CoreGraphics.framework */,
				4B170200164AAC4F007D4A2F /* GLKit.framework */,
				4B170202164AAC4F007D4A2F /* OpenGLES.framework */,
			);
			name = Frameworks;
			sourceTree = "<group>";
		};
		4B170204164AAC50007D4A2F /* Pinball */ = {
			isa = PBXGroup;
			children = (
				4C4B66771FB61C6300F1C55D /* resource */,
				4BC94FF7165C5A3000AF8A8E /* Audio */,
				4B17020D164AAC50007D4A2F /* AppDelegate.h */,
				4B17020E164AAC50007D4A2F /* AppDelegate.m */,
				4BE9DFD6164C11F200599EB8 /* PinballBridge.h */,
				4BE9DFD7164C11F200599EB8 /* PinballBridge.mm */,
				4B170214164AAC50007D4A2F /* GameViewController.h */,
				4B170215164AAC50007D4A2F /* GameViewController.mm */,
				4B170217164AAC50007D4A2F /* GameViewController.xib */,
				4B170205164AAC50007D4A2F /* Supporting Files */,
				4C92A1241FB0E91200806214 /* Pinball-Prefix.pch */,
				4C4B66331FB4B60B00F1C55D /* Media.xcassets */,
				4C4B66831FBA2A8800F1C55D /* MainTableViewController.h */,
				4C4B66841FBA2A8800F1C55D /* MainTableViewController.m */,
				4C4B66891FBA390000F1C55D /* PinballGame.h */,
				4C4B668A1FBA391100F1C55D /* PinballGame.m */,
				4C4B668C1FBA3E6800F1C55D /* GameTableViewController.h */,
				4C4B668D1FBA3E6800F1C55D /* GameTableViewController.m */,
				4C4B66901FBA538500F1C55D /* LuaFile.h */,
				4C4B66911FBA539800F1C55D /* LuaFile.m */,
			);
			path = Pinball;
			sourceTree = "<group>";
		};
		4B170205164AAC50007D4A2F /* Supporting Files */ = {
			isa = PBXGroup;
			children = (
				4B170206164AAC50007D4A2F /* Pinball-Info.plist */,
				4B170207164AAC50007D4A2F /* InfoPlist.strings */,
				4B17020A164AAC50007D4A2F /* main.m */,
				4C92A1221FB0E87100806214 /* Default-568h@2x.png */,
				4C4B66351FB4BAD900F1C55D /* LaunchScreen.storyboard */,
			);
			name = "Supporting Files";
			sourceTree = "<group>";
		};
		4BC94FF7165C5A3000AF8A8E /* Audio */ = {
			isa = PBXGroup;
			children = (
				4BC95009165C68E400AF8A8E /* flip.caf */,
			);
			path = Audio;
			sourceTree = "<group>";
		};
		4C4B666A1FB5FE1B00F1C55D /* Products */ = {
			isa = PBXGroup;
			children = (
				4C4B666E1FB5FE1B00F1C55D /* libSoundManager.a */,
			);
			name = Products;
			sourceTree = "<group>";
		};
		4CA8F40C1FB3AB78000AB9AE /* Products */ = {
			isa = PBXGroup;
			children = (
				4CA8F4101FB3AB78000AB9AE /* libshared.a */,
			);
			name = Products;
			sourceTree = "<group>";
		};
		4CA8F4181FB3AB95000AB9AE /* Products */ = {
			isa = PBXGroup;
			children = (
				4CA8F41C1FB3AB95000AB9AE /* libchipmunk.a */,
			);
			name = Products;
			sourceTree = "<group>";
		};
		4CDAAC6C1FB4AAFE00F7443F /* Products */ = {
			isa = PBXGroup;
			children = (
				4CDAAC701FB4AAFE00F7443F /* liblua.a */,
			);
			name = Products;
			sourceTree = "<group>";
		};
/* End PBXGroup section */

/* Begin PBXHeadersBuildPhase section */
		4C92A1F41FB0FC9D00806214 /* Headers */ = {
			isa = PBXHeadersBuildPhase;
			buildActionMask = 2147483647;
			files = (
				4C4B668E1FBA3E6800F1C55D /* GameTableViewController.h in Headers */,
				4C4B66851FBA2A8800F1C55D /* MainTableViewController.h in Headers */,
			);
			runOnlyForDeploymentPostprocessing = 0;
		};
/* End PBXHeadersBuildPhase section */

/* Begin PBXNativeTarget section */
		4B1701F5164AAC4F007D4A2F /* Pinball */ = {
			isa = PBXNativeTarget;
			buildConfigurationList = 4B17021C164AAC50007D4A2F /* Build configuration list for PBXNativeTarget "Pinball" */;
			buildPhases = (
				4B1701F2164AAC4F007D4A2F /* Sources */,
				4C92A1F41FB0FC9D00806214 /* Headers */,
				4B1701F3164AAC4F007D4A2F /* Frameworks */,
				4B1701F4164AAC4F007D4A2F /* Resources */,
			);
			buildRules = (
			);
			dependencies = (
				4C4B66701FB5FE3300F1C55D /* PBXTargetDependency */,
				4CA8F4211FB3AC5B000AB9AE /* PBXTargetDependency */,
				4CA8F41F1FB3AC57000AB9AE /* PBXTargetDependency */,
			);
			name = Pinball;
			productName = PorkyPinball;
			productReference = 4B1701F6164AAC4F007D4A2F /* Pinball.app */;
			productType = "com.apple.product-type.application";
		};
/* End PBXNativeTarget section */

/* Begin PBXProject section */
		4B1701ED164AAC4E007D4A2F /* Project object */ = {
			isa = PBXProject;
			attributes = {
				LastUpgradeCheck = 0910;
				ORGANIZATIONNAME = "It-Just-Works Software, llc";
				TargetAttributes = {
					4B1701F5164AAC4F007D4A2F = {
						DevelopmentTeam = 4KK757C74H;
					};
				};
			};
			buildConfigurationList = 4B1701F0164AAC4E007D4A2F /* Build configuration list for PBXProject "Pinball" */;
			compatibilityVersion = "Xcode 3.2";
			developmentRegion = English;
			hasScannedForEncodings = 0;
			knownRegions = (
				en,
			);
			mainGroup = 4B1701EB164AAC4E007D4A2F;
			productRefGroup = 4B1701F7164AAC4F007D4A2F /* Products */;
			projectDirPath = "";
			projectReferences = (
				{
					ProductGroup = 4CA8F4181FB3AB95000AB9AE /* Products */;
					ProjectRef = 4CA8F4171FB3AB95000AB9AE /* chipmunk.xcodeproj */;
				},
				{
					ProductGroup = 4CDAAC6C1FB4AAFE00F7443F /* Products */;
					ProjectRef = 4CDAAC6B1FB4AAFE00F7443F /* lua.xcodeproj */;
				},
				{
					ProductGroup = 4CA8F40C1FB3AB78000AB9AE /* Products */;
					ProjectRef = 4CA8F40B1FB3AB78000AB9AE /* shared.xcodeproj */;
				},
				{
					ProductGroup = 4C4B666A1FB5FE1B00F1C55D /* Products */;
					ProjectRef = 4C4B66691FB5FE1B00F1C55D /* SoundManager.xcodeproj */;
				},
			);
			projectRoot = "";
			targets = (
				4B1701F5164AAC4F007D4A2F /* Pinball */,
			);
		};
/* End PBXProject section */

/* Begin PBXReferenceProxy section */
		4C4B666E1FB5FE1B00F1C55D /* libSoundManager.a */ = {
			isa = PBXReferenceProxy;
			fileType = archive.ar;
			path = libSoundManager.a;
			remoteRef = 4C4B666D1FB5FE1B00F1C55D /* PBXContainerItemProxy */;
			sourceTree = BUILT_PRODUCTS_DIR;
		};
		4CA8F4101FB3AB78000AB9AE /* libshared.a */ = {
			isa = PBXReferenceProxy;
			fileType = archive.ar;
			path = libshared.a;
			remoteRef = 4CA8F40F1FB3AB78000AB9AE /* PBXContainerItemProxy */;
			sourceTree = BUILT_PRODUCTS_DIR;
		};
		4CA8F41C1FB3AB95000AB9AE /* libchipmunk.a */ = {
			isa = PBXReferenceProxy;
			fileType = archive.ar;
			path = libchipmunk.a;
			remoteRef = 4CA8F41B1FB3AB95000AB9AE /* PBXContainerItemProxy */;
			sourceTree = BUILT_PRODUCTS_DIR;
		};
		4CDAAC701FB4AAFE00F7443F /* liblua.a */ = {
			isa = PBXReferenceProxy;
			fileType = archive.ar;
			path = liblua.a;
			remoteRef = 4CDAAC6F1FB4AAFE00F7443F /* PBXContainerItemProxy */;
			sourceTree = BUILT_PRODUCTS_DIR;
		};
/* End PBXReferenceProxy section */

/* Begin PBXResourcesBuildPhase section */
		4B1701F4164AAC4F007D4A2F /* Resources */ = {
			isa = PBXResourcesBuildPhase;
			buildActionMask = 2147483647;
			files = (
				4B170209164AAC50007D4A2F /* InfoPlist.strings in Resources */,
				4C4B66361FB4BAD900F1C55D /* LaunchScreen.storyboard in Resources */,
				4C4B66781FB61C6300F1C55D /* resource in Resources */,
				4C4B66341FB4B60B00F1C55D /* Media.xcassets in Resources */,
				4B170219164AAC50007D4A2F /* GameViewController.xib in Resources */,
				4C92A1231FB0E87100806214 /* Default-568h@2x.png in Resources */,
			);
			runOnlyForDeploymentPostprocessing = 0;
		};
/* End PBXResourcesBuildPhase section */

/* Begin PBXSourcesBuildPhase section */
		4B1701F2164AAC4F007D4A2F /* Sources */ = {
			isa = PBXSourcesBuildPhase;
			buildActionMask = 2147483647;
			files = (
				4B17020B164AAC50007D4A2F /* main.m in Sources */,
				4C4B668F1FBA3E6800F1C55D /* GameTableViewController.m in Sources */,
				4B17020F164AAC50007D4A2F /* AppDelegate.m in Sources */,
				4B170216164AAC50007D4A2F /* GameViewController.mm in Sources */,
				4C4B668B1FBA391100F1C55D /* PinballGame.m in Sources */,
				4C4B66861FBA2A8800F1C55D /* MainTableViewController.m in Sources */,
				4C4B66921FBA539800F1C55D /* LuaFile.m in Sources */,
				4BE9DFD8164C11F200599EB8 /* PinballBridge.mm in Sources */,
			);
			runOnlyForDeploymentPostprocessing = 0;
		};
/* End PBXSourcesBuildPhase section */

/* Begin PBXTargetDependency section */
		4C4B66701FB5FE3300F1C55D /* PBXTargetDependency */ = {
			isa = PBXTargetDependency;
			name = SoundManager;
			targetProxy = 4C4B666F1FB5FE3300F1C55D /* PBXContainerItemProxy */;
		};
		4CA8F41F1FB3AC57000AB9AE /* PBXTargetDependency */ = {
			isa = PBXTargetDependency;
			name = shared;
			targetProxy = 4CA8F41E1FB3AC57000AB9AE /* PBXContainerItemProxy */;
		};
		4CA8F4211FB3AC5B000AB9AE /* PBXTargetDependency */ = {
			isa = PBXTargetDependency;
			name = chipmunk;
			targetProxy = 4CA8F4201FB3AC5B000AB9AE /* PBXContainerItemProxy */;
		};
/* End PBXTargetDependency section */

/* Begin PBXVariantGroup section */
		4B170207164AAC50007D4A2F /* InfoPlist.strings */ = {
			isa = PBXVariantGroup;
			children = (
				4B170208164AAC50007D4A2F /* en */,
			);
			name = InfoPlist.strings;
			sourceTree = "<group>";
		};
		4B170217164AAC50007D4A2F /* GameViewController.xib */ = {
			isa = PBXVariantGroup;
			children = (
				4B170218164AAC50007D4A2F /* en */,
			);
			name = GameViewController.xib;
			sourceTree = "<group>";
		};
/* End PBXVariantGroup section */

/* Begin XCBuildConfiguration section */
		4B17021A164AAC50007D4A2F /* Debug */ = {
			isa = XCBuildConfiguration;
			buildSettings = {
				ALWAYS_SEARCH_USER_PATHS = NO;
				CLANG_WARN_BLOCK_CAPTURE_AUTORELEASING = YES;
				CLANG_WARN_BOOL_CONVERSION = YES;
				CLANG_WARN_COMMA = YES;
				CLANG_WARN_CONSTANT_CONVERSION = YES;
				CLANG_WARN_EMPTY_BODY = YES;
				CLANG_WARN_ENUM_CONVERSION = YES;
				CLANG_WARN_INFINITE_RECURSION = YES;
				CLANG_WARN_INT_CONVERSION = YES;
				CLANG_WARN_NON_LITERAL_NULL_CONVERSION = YES;
				CLANG_WARN_OBJC_LITERAL_CONVERSION = YES;
				CLANG_WARN_RANGE_LOOP_ANALYSIS = YES;
				CLANG_WARN_STRICT_PROTOTYPES = YES;
				CLANG_WARN_SUSPICIOUS_MOVE = YES;
				CLANG_WARN_UNREACHABLE_CODE = YES;
				CLANG_WARN__DUPLICATE_METHOD_MATCH = YES;
				"CODE_SIGN_IDENTITY[sdk=iphoneos*]" = "iPhone Developer";
				COPY_PHASE_STRIP = NO;
				ENABLE_STRICT_OBJC_MSGSEND = YES;
				ENABLE_TESTABILITY = YES;
				GCC_C_LANGUAGE_STANDARD = gnu99;
				GCC_DYNAMIC_NO_PIC = NO;
				GCC_NO_COMMON_BLOCKS = YES;
				GCC_OPTIMIZATION_LEVEL = 0;
				GCC_PREPROCESSOR_DEFINITIONS = (
					"DEBUG=1",
					"$(inherited)",
				);
				GCC_SYMBOLS_PRIVATE_EXTERN = NO;
				GCC_VERSION = com.apple.compilers.llvm.clang.1_0;
				GCC_WARN_64_TO_32_BIT_CONVERSION = YES;
				GCC_WARN_ABOUT_MISSING_PROTOTYPES = YES;
				GCC_WARN_ABOUT_RETURN_TYPE = YES;
				GCC_WARN_UNDECLARED_SELECTOR = YES;
				GCC_WARN_UNINITIALIZED_AUTOS = YES;
				GCC_WARN_UNUSED_FUNCTION = YES;
				GCC_WARN_UNUSED_VARIABLE = YES;
				IPHONEOS_DEPLOYMENT_TARGET = 11.1;
				LIBRARY_SEARCH_PATHS = "";
				ONLY_ACTIVE_ARCH = YES;
				SDKROOT = iphoneos;
				TARGETED_DEVICE_FAMILY = "1,2";
				USER_HEADER_SEARCH_PATHS = "/include /include/lua/";
			};
			name = Debug;
		};
		4B17021B164AAC50007D4A2F /* Release */ = {
			isa = XCBuildConfiguration;
			buildSettings = {
				ALWAYS_SEARCH_USER_PATHS = NO;
				CLANG_WARN_BLOCK_CAPTURE_AUTORELEASING = YES;
				CLANG_WARN_BOOL_CONVERSION = YES;
				CLANG_WARN_COMMA = YES;
				CLANG_WARN_CONSTANT_CONVERSION = YES;
				CLANG_WARN_EMPTY_BODY = YES;
				CLANG_WARN_ENUM_CONVERSION = YES;
				CLANG_WARN_INFINITE_RECURSION = YES;
				CLANG_WARN_INT_CONVERSION = YES;
				CLANG_WARN_NON_LITERAL_NULL_CONVERSION = YES;
				CLANG_WARN_OBJC_LITERAL_CONVERSION = YES;
				CLANG_WARN_RANGE_LOOP_ANALYSIS = YES;
				CLANG_WARN_STRICT_PROTOTYPES = YES;
				CLANG_WARN_SUSPICIOUS_MOVE = YES;
				CLANG_WARN_UNREACHABLE_CODE = YES;
				CLANG_WARN__DUPLICATE_METHOD_MATCH = YES;
				"CODE_SIGN_IDENTITY[sdk=iphoneos*]" = "iPhone Developer";
				COPY_PHASE_STRIP = YES;
				ENABLE_STRICT_OBJC_MSGSEND = YES;
				GCC_C_LANGUAGE_STANDARD = gnu99;
				GCC_NO_COMMON_BLOCKS = YES;
				GCC_VERSION = com.apple.compilers.llvm.clang.1_0;
				GCC_WARN_64_TO_32_BIT_CONVERSION = YES;
				GCC_WARN_ABOUT_MISSING_PROTOTYPES = YES;
				GCC_WARN_ABOUT_RETURN_TYPE = YES;
				GCC_WARN_UNDECLARED_SELECTOR = YES;
				GCC_WARN_UNINITIALIZED_AUTOS = YES;
				GCC_WARN_UNUSED_FUNCTION = YES;
				GCC_WARN_UNUSED_VARIABLE = YES;
				IPHONEOS_DEPLOYMENT_TARGET = 11.1;
				LIBRARY_SEARCH_PATHS = "";
				OTHER_CFLAGS = "-DNS_BLOCK_ASSERTIONS=1";
				SDKROOT = iphoneos;
				TARGETED_DEVICE_FAMILY = "1,2";
				USER_HEADER_SEARCH_PATHS = "/include /include/lua/";
				VALIDATE_PRODUCT = YES;
			};
			name = Release;
		};
		4B17021D164AAC50007D4A2F /* Debug */ = {
			isa = XCBuildConfiguration;
			buildSettings = {
				ARCHS = "$(ARCHS_STANDARD)";
				ASSETCATALOG_COMPILER_APPICON_NAME = AppIcon;
				CODE_SIGN_IDENTITY = "iPhone Developer";
				"CODE_SIGN_IDENTITY[sdk=iphoneos*]" = "iPhone Developer";
				COMPRESS_PNG_FILES = NO;
				DEVELOPMENT_TEAM = 4KK757C74H;
				GCC_PRECOMPILE_PREFIX_HEADER = YES;
				GCC_PREFIX_HEADER = "$(SRCROOT)/$(PROJECT_NAME)/Pinball-Prefix.pch";
				"GCC_THUMB_SUPPORT[arch=armv6]" = "";
				HEADER_SEARCH_PATHS = (
					"\"$(SRCROOT)/../../shared/include\"",
					"\"$(SRCROOT)/../../lib/chipmunk/include\"",
					"\"$(SRCROOT)/../lib/SoundManager/SoundManager/include\"",
				);
				INFOPLIST_FILE = "$(SRCROOT)/Pinball/Pinball-Info.plist";
				LIBRARY_SEARCH_PATHS = (
					"\"$(SRCROOT)/../lib/lua/Build/Products/Debug-iphonesimulator\"",
					"\"$(SRCROOT)/../lib/shared/Build/Products/Debug-iphonesimulator\"",
					"\"$(SRCROOT)/../lib/chipmunk/Build/Products/Debug-iphonesimulator\"",
					"\"$(SRCROOT)/../lib/SoundManager/Build/Products/Debug-iphonesimulator\"",
				);
				PRODUCT_BUNDLE_IDENTIFIER = com.samthompson.pinball;
				PRODUCT_NAME = "$(TARGET_NAME)";
				STRIP_PNG_TEXT = NO;
				USER_HEADER_SEARCH_PATHS = "/include /src/lua/src";
				VALID_ARCHS = "arm64 armv7 armv7s";
				WARNING_CFLAGS = "-Wno-comma";
				WRAPPER_EXTENSION = app;
			};
			name = Debug;
		};
		4B17021E164AAC50007D4A2F /* Release */ = {
			isa = XCBuildConfiguration;
			buildSettings = {
				ARCHS = "$(ARCHS_STANDARD)";
				ASSETCATALOG_COMPILER_APPICON_NAME = AppIcon;
				CODE_SIGN_IDENTITY = "iPhone Developer";
				"CODE_SIGN_IDENTITY[sdk=iphoneos*]" = "iPhone Developer";
				COMPRESS_PNG_FILES = NO;
				DEVELOPMENT_TEAM = 4KK757C74H;
				GCC_PRECOMPILE_PREFIX_HEADER = YES;
				GCC_PREFIX_HEADER = "$(SRCROOT)/$(PROJECT_NAME)/Pinball-Prefix.pch";
				"GCC_THUMB_SUPPORT[arch=armv6]" = "";
				HEADER_SEARCH_PATHS = (
					"\"$(SRCROOT)/../../shared/include\"",
					"\"$(SRCROOT)/../../lib/chipmunk/include\"",
					"\"$(SRCROOT)/../lib/SoundManager/SoundManager/include\"",
				);
				INFOPLIST_FILE = "$(SRCROOT)/Pinball/Pinball-Info.plist";
				LIBRARY_SEARCH_PATHS = (
					"\"$(SRCROOT)/../lib/lua/Build/Products/Debug-iphonesimulator\"",
					"\"$(SRCROOT)/../lib/shared/Build/Products/Debug-iphonesimulator\"",
					"\"$(SRCROOT)/../lib/chipmunk/Build/Products/Debug-iphonesimulator\"",
					"\"$(SRCROOT)/../lib/SoundManager/Build/Products/Debug-iphonesimulator\"",
				);
				PRODUCT_BUNDLE_IDENTIFIER = com.samthompson.pinball;
				PRODUCT_NAME = "$(TARGET_NAME)";
				STRIP_PNG_TEXT = NO;
				USER_HEADER_SEARCH_PATHS = "/include /src/lua/src";
				VALID_ARCHS = "arm64 armv7 armv7s";
				WARNING_CFLAGS = "-Wno-comma";
				WRAPPER_EXTENSION = app;
			};
			name = Release;
		};
/* End XCBuildConfiguration section */

/* Begin XCConfigurationList section */
		4B1701F0164AAC4E007D4A2F /* Build configuration list for PBXProject "Pinball" */ = {
			isa = XCConfigurationList;
			buildConfigurations = (
				4B17021A164AAC50007D4A2F /* Debug */,
				4B17021B164AAC50007D4A2F /* Release */,
			);
			defaultConfigurationIsVisible = 0;
			defaultConfigurationName = Release;
		};
		4B17021C164AAC50007D4A2F /* Build configuration list for PBXNativeTarget "Pinball" */ = {
			isa = XCConfigurationList;
			buildConfigurations = (
				4B17021D164AAC50007D4A2F /* Debug */,
				4B17021E164AAC50007D4A2F /* Release */,
			);
			defaultConfigurationIsVisible = 0;
			defaultConfigurationName = Release;
		};
/* End XCConfigurationList section */
	};
	rootObject = 4B1701ED164AAC4E007D4A2F /* Project object */;
}
