<?xml version="1.0" encoding="utf-8"?>
<Project ToolsVersion="4.0" xmlns="http://schemas.microsoft.com/developer/msbuild/2003">
  <ItemGroup>
    <Filter Include="Source Files">
      <UniqueIdentifier>{4FC737F1-C7A5-4376-A066-2A32D752A2FF}</UniqueIdentifier>
      <Extensions>cpp;c;cc;cxx;def;odl;idl;hpj;bat;asm;asmx</Extensions>
    </Filter>
    <Filter Include="Header Files">
      <UniqueIdentifier>{93995380-89BD-4b04-88EB-625FBE52EBFB}</UniqueIdentifier>
      <Extensions>h;hpp;hxx;hm;inl;inc;xsd</Extensions>
    </Filter>
    <Filter Include="Resource Files">
      <UniqueIdentifier>{67DA6AB6-F800-4c08-8B7A-83BB121AAD01}</UniqueIdentifier>
      <Extensions>rc;ico;cur;bmp;dlg;rc2;rct;bin;rgs;gif;jpg;jpeg;jpe;resx;tiff;tif;png;wav;mfcribbon-ms</Extensions>
    </Filter>
    <Filter Include="Source Files\shared">
      <UniqueIdentifier>{8189271a-0878-47f7-a384-f6836e2b5857}</UniqueIdentifier>
    </Filter>
    <Filter Include="Header Files\shared">
      <UniqueIdentifier>{9359d279-644d-46d2-8d8a-124442f59160}</UniqueIdentifier>
    </Filter>
    <Filter Include="Source Files\shared\lua">
      <UniqueIdentifier>{c975ce3f-f94a-4316-bd30-f7bdd79a5095}</UniqueIdentifier>
    </Filter>
    <Filter Include="Source Files\shared\lua\src">
      <UniqueIdentifier>{1451c41a-144f-4d29-8cd5-a3400d25390a}</UniqueIdentifier>
    </Filter>
    <Filter Include="Source Files\shared\Flipperfall">
      <UniqueIdentifier>{bbfd53a8-0056-42ba-8cdf-addfab47ef3d}</UniqueIdentifier>
    </Filter>
    <Filter Include="Source Files\shared\Flipperfall\textures">
      <UniqueIdentifier>{5ca58425-665a-4aab-96dd-702d03757255}</UniqueIdentifier>
    </Filter>
    <Filter Include="Source Files\shared\Pinferno">
      <UniqueIdentifier>{54779bf5-a8f5-4a0d-b619-ed05f7b353d6}</UniqueIdentifier>
    </Filter>
    <Filter Include="Source Files\shared\Pinferno\textures">
      <UniqueIdentifier>{917224af-89b6-4c15-bd14-af79eed172a3}</UniqueIdentifier>
    </Filter>
  </ItemGroup>
  <ItemGroup>
    <ClCompile Include="..\..\shared\Physics.cpp">
      <Filter>Source Files\shared</Filter>
    </ClCompile>
    <ClCompile Include="..\..\shared\Renderer.cpp">
      <Filter>Source Files\shared</Filter>
    </ClCompile>
    <ClCompile Include="..\..\..\..\..\..\src\lua\lua 5.2.1\lapi.c">
      <Filter>Source Files\shared\lua\src</Filter>
    </ClCompile>
    <ClCompile Include="..\..\..\..\..\..\src\lua\lua 5.2.1\lauxlib.c">
      <Filter>Source Files\shared\lua\src</Filter>
    </ClCompile>
    <ClCompile Include="..\..\..\..\..\..\src\lua\lua 5.2.1\lbaselib.c">
      <Filter>Source Files\shared\lua\src</Filter>
    </ClCompile>
    <ClCompile Include="..\..\..\..\..\..\src\lua\lua 5.2.1\lbitlib.c">
      <Filter>Source Files\shared\lua\src</Filter>
    </ClCompile>
    <ClCompile Include="..\..\..\..\..\..\src\lua\lua 5.2.1\lcode.c">
      <Filter>Source Files\shared\lua\src</Filter>
    </ClCompile>
    <ClCompile Include="..\..\..\..\..\..\src\lua\lua 5.2.1\lcorolib.c">
      <Filter>Source Files\shared\lua\src</Filter>
    </ClCompile>
    <ClCompile Include="..\..\..\..\..\..\src\lua\lua 5.2.1\lctype.c">
      <Filter>Source Files\shared\lua\src</Filter>
    </ClCompile>
    <ClCompile Include="..\..\..\..\..\..\src\lua\lua 5.2.1\ldblib.c">
      <Filter>Source Files\shared\lua\src</Filter>
    </ClCompile>
    <ClCompile Include="..\..\..\..\..\..\src\lua\lua 5.2.1\ldebug.c">
      <Filter>Source Files\shared\lua\src</Filter>
    </ClCompile>
    <ClCompile Include="..\..\..\..\..\..\src\lua\lua 5.2.1\ldo.c">
      <Filter>Source Files\shared\lua\src</Filter>
    </ClCompile>
    <ClCompile Include="..\..\..\..\..\..\src\lua\lua 5.2.1\ldump.c">
      <Filter>Source Files\shared\lua\src</Filter>
    </ClCompile>
    <ClCompile Include="..\..\..\..\..\..\src\lua\lua 5.2.1\lfunc.c">
      <Filter>Source Files\shared\lua\src</Filter>
    </ClCompile>
    <ClCompile Include="..\..\..\..\..\..\src\lua\lua 5.2.1\lgc.c">
      <Filter>Source Files\shared\lua\src</Filter>
    </ClCompile>
    <ClCompile Include="..\..\..\..\..\..\src\lua\lua 5.2.1\linit.c">
      <Filter>Source Files\shared\lua\src</Filter>
    </ClCompile>
    <ClCompile Include="..\..\..\..\..\..\src\lua\lua 5.2.1\liolib.c">
      <Filter>Source Files\shared\lua\src</Filter>
    </ClCompile>
    <ClCompile Include="..\..\..\..\..\..\src\lua\lua 5.2.1\llex.c">
      <Filter>Source Files\shared\lua\src</Filter>
    </ClCompile>
    <ClCompile Include="..\..\..\..\..\..\src\lua\lua 5.2.1\lmathlib.c">
      <Filter>Source Files\shared\lua\src</Filter>
    </ClCompile>
    <ClCompile Include="..\..\..\..\..\..\src\lua\lua 5.2.1\lmem.c">
      <Filter>Source Files\shared\lua\src</Filter>
    </ClCompile>
    <ClCompile Include="..\..\..\..\..\..\src\lua\lua 5.2.1\loadlib.c">
      <Filter>Source Files\shared\lua\src</Filter>
    </ClCompile>
    <ClCompile Include="..\..\..\..\..\..\src\lua\lua 5.2.1\lobject.c">
      <Filter>Source Files\shared\lua\src</Filter>
    </ClCompile>
    <ClCompile Include="..\..\..\..\..\..\src\lua\lua 5.2.1\lopcodes.c">
      <Filter>Source Files\shared\lua\src</Filter>
    </ClCompile>
    <ClCompile Include="..\..\..\..\..\..\src\lua\lua 5.2.1\loslib.c">
      <Filter>Source Files\shared\lua\src</Filter>
    </ClCompile>
    <ClCompile Include="..\..\..\..\..\..\src\lua\lua 5.2.1\lparser.c">
      <Filter>Source Files\shared\lua\src</Filter>
    </ClCompile>
    <ClCompile Include="..\..\..\..\..\..\src\lua\lua 5.2.1\lstate.c">
      <Filter>Source Files\shared\lua\src</Filter>
    </ClCompile>
    <ClCompile Include="..\..\..\..\..\..\src\lua\lua 5.2.1\lstring.c">
      <Filter>Source Files\shared\lua\src</Filter>
    </ClCompile>
    <ClCompile Include="..\..\..\..\..\..\src\lua\lua 5.2.1\lstrlib.c">
      <Filter>Source Files\shared\lua\src</Filter>
    </ClCompile>
    <ClCompile Include="..\..\..\..\..\..\src\lua\lua 5.2.1\ltable.c">
      <Filter>Source Files\shared\lua\src</Filter>
    </ClCompile>
    <ClCompile Include="..\..\..\..\..\..\src\lua\lua 5.2.1\ltablib.c">
      <Filter>Source Files\shared\lua\src</Filter>
    </ClCompile>
    <ClCompile Include="..\..\..\..\..\..\src\lua\lua 5.2.1\ltm.c">
      <Filter>Source Files\shared\lua\src</Filter>
    </ClCompile>
    <ClCompile Include="..\..\..\..\..\..\src\lua\lua 5.2.1\lundump.c">
      <Filter>Source Files\shared\lua\src</Filter>
    </ClCompile>
    <ClCompile Include="..\..\..\..\..\..\src\lua\lua 5.2.1\lvm.c">
      <Filter>Source Files\shared\lua\src</Filter>
    </ClCompile>
    <ClCompile Include="..\..\..\..\..\..\src\lua\lua 5.2.1\lzio.c">
      <Filter>Source Files\shared\lua\src</Filter>
    </ClCompile>
    <ClCompile Include="..\..\shared\Game.cpp">
      <Filter>Source Files\shared</Filter>
    </ClCompile>
    <ClCompile Include=".\main.cpp">
      <Filter>Source Files</Filter>
    </ClCompile>
    <ClCompile Include="..\..\..\..\..\..\src\chipmunk\debugdraw\ChipmunkDebugDraw.cpp">
      <Filter>Source Files\shared</Filter>
    </ClCompile>
    <ClCompile Include="..\..\shared\glfont2.cpp">
      <Filter>Source Files\shared</Filter>
    </ClCompile>
    <ClCompile Include="GlutEngine.cpp">
      <Filter>Source Files</Filter>
    </ClCompile>
    <ClCompile Include=".\PinballBridge.cpp">
      <Filter>Source Files</Filter>
    </ClCompile>
    <ClCompile Include="PinballHost.cpp">
      <Filter>Source Files</Filter>
    </ClCompile>
    <ClCompile Include="..\..\shared\Camera.cpp">
      <Filter>Source Files\shared</Filter>
    </ClCompile>
    <ClCompile Include="..\..\shared\Util.cpp">
      <Filter>Source Files\shared</Filter>
    </ClCompile>
    <ClCompile Include="..\..\shared\Editor.cpp">
      <Filter>Source Files\shared</Filter>
    </ClCompile>
    <ClCompile Include="..\..\shared\Drawing.cpp">
      <Filter>Source Files\shared</Filter>
    </ClCompile>
  </ItemGroup>
  <ItemGroup>
    <ClInclude Include="..\..\shared\Physics.h">
      <Filter>Header Files\shared</Filter>
    </ClInclude>
    <ClInclude Include="..\..\shared\Renderer.h">
      <Filter>Header Files\shared</Filter>
    </ClInclude>
    <ClInclude Include="..\..\shared\Game.h">
      <Filter>Header Files\shared</Filter>
    </ClInclude>
    <ClInclude Include="..\..\shared\PinballBridgeInterface.h">
      <Filter>Header Files\shared</Filter>
    </ClInclude>
    <ClInclude Include="..\..\shared\glfont2.h">
      <Filter>Header Files\shared</Filter>
    </ClInclude>
    <ClInclude Include="PinballHost.h">
      <Filter>Header Files</Filter>
    </ClInclude>
    <ClInclude Include="GlutEngine.h">
      <Filter>Header Files</Filter>
    </ClInclude>
    <ClInclude Include=".\PinballBridge.h">
      <Filter>Header Files</Filter>
    </ClInclude>
    <ClInclude Include="..\..\shared\PhysicsDelegate.h">
      <Filter>Header Files\shared</Filter>
    </ClInclude>
    <ClInclude Include="..\..\shared\Camera.h">
      <Filter>Header Files\shared</Filter>
    </ClInclude>
    <ClInclude Include="..\..\shared\Parts.h">
      <Filter>Header Files\shared</Filter>
    </ClInclude>
    <ClInclude Include="..\..\shared\TimerDelegate.h">
      <Filter>Header Files\shared</Filter>
    </ClInclude>
    <ClInclude Include="Util.h">
      <Filter>Header Files</Filter>
    </ClInclude>
    <ClInclude Include="..\..\shared\Util.h">
      <Filter>Header Files\shared</Filter>
    </ClInclude>
    <ClInclude Include="..\..\..\..\..\..\include\chipmunk\ChipmunkDebugDraw.h">
      <Filter>Header Files\shared</Filter>
    </ClInclude>
    <ClInclude Include="..\..\shared\Editor.h">
      <Filter>Header Files\shared</Filter>
    </ClInclude>
    <ClInclude Include="..\..\shared\Drawing.h">
      <Filter>Header Files\shared</Filter>
    </ClInclude>
  </ItemGroup>
  <ItemGroup>
    <None Include="..\..\shared\PorkyPinball\textures\font.glf">
      <Filter>Resource Files</Filter>
    </None>
    <None Include="..\..\shared\Flipperfall\camera.lua">
      <Filter>Source Files\shared\Flipperfall</Filter>
    </None>
    <None Include="..\..\shared\Flipperfall\config.lua">
      <Filter>Source Files\shared\Flipperfall</Filter>
    </None>
    <None Include="..\..\shared\Flipperfall\effects.lua">
      <Filter>Source Files\shared\Flipperfall</Filter>
    </None>
    <None Include="..\..\shared\Flipperfall\forces.lua">
      <Filter>Source Files\shared\Flipperfall</Filter>
    </None>
    <None Include="..\..\shared\Flipperfall\layout.lua">
      <Filter>Source Files\shared\Flipperfall</Filter>
    </None>
    <None Include="..\..\shared\Flipperfall\materials.lua">
      <Filter>Source Files\shared\Flipperfall</Filter>
    </None>
    <None Include="..\..\shared\Flipperfall\objects.lua">
      <Filter>Source Files\shared\Flipperfall</Filter>
    </None>
    <None Include="..\..\shared\Flipperfall\overlays.lua">
      <Filter>Source Files\shared\Flipperfall</Filter>
    </None>
    <None Include="..\..\shared\Flipperfall\rules.lua">
      <Filter>Source Files\shared\Flipperfall</Filter>
    </None>
    <None Include="..\..\shared\Flipperfall\textures.lua">
      <Filter>Source Files\shared\Flipperfall</Filter>
    </None>
    <None Include="..\..\shared\Flipperfall\textures\font.glf">
      <Filter>Source Files\shared\Flipperfall\textures</Filter>
    </None>
    <None Include="..\..\shared\Pinferno\textures\font.glf">
      <Filter>Source Files\shared\Pinferno\textures</Filter>
    </None>
    <None Include="..\..\shared\Pinferno\camera.lua">
      <Filter>Source Files\shared\Pinferno</Filter>
    </None>
    <None Include="..\..\shared\Pinferno\config.lua">
      <Filter>Source Files\shared\Pinferno</Filter>
    </None>
    <None Include="..\..\shared\Pinferno\effects.lua">
      <Filter>Source Files\shared\Pinferno</Filter>
    </None>
    <None Include="..\..\shared\Pinferno\forces.lua">
      <Filter>Source Files\shared\Pinferno</Filter>
    </None>
    <None Include="..\..\shared\Pinferno\layout.lua">
      <Filter>Source Files\shared\Pinferno</Filter>
    </None>
    <None Include="..\..\shared\Pinferno\materials.lua">
      <Filter>Source Files\shared\Pinferno</Filter>
    </None>
    <None Include="..\..\shared\Pinferno\objects.lua">
      <Filter>Source Files\shared\Pinferno</Filter>
    </None>
    <None Include="..\..\shared\Pinferno\overlays.lua">
      <Filter>Source Files\shared\Pinferno</Filter>
    </None>
    <None Include="..\..\shared\Pinferno\rules.lua">
      <Filter>Source Files\shared\Pinferno</Filter>
    </None>
    <None Include="..\..\shared\Pinferno\textures.lua">
      <Filter>Source Files\shared\Pinferno</Filter>
    </None>
    <None Include="..\..\shared\Pinferno\user.layout.lua">
      <Filter>Source Files\shared\Pinferno</Filter>
    </None>
  </ItemGroup>
  <ItemGroup>
    <Image Include="..\..\shared\PorkyPinball\textures\pinball.png">
      <Filter>Resource Files</Filter>
    </Image>
    <Image Include="..\..\shared\Flipperfall\textures\origami_butterfly001.png">
      <Filter>Source Files\shared\Flipperfall\textures</Filter>
    </Image>
    <Image Include="..\..\shared\Flipperfall\textures\origami_duck001.png">
      <Filter>Source Files\shared\Flipperfall\textures</Filter>
    </Image>
    <Image Include="..\..\shared\Flipperfall\textures\origami_duck002.png">
      <Filter>Source Files\shared\Flipperfall\textures</Filter>
    </Image>
    <Image Include="..\..\shared\Flipperfall\textures\origami_pinwheel001.png">
      <Filter>Source Files\shared\Flipperfall\textures</Filter>
    </Image>
    <Image Include="..\..\shared\Flipperfall\textures\origami_pinwheel002.png">
      <Filter>Source Files\shared\Flipperfall\textures</Filter>
    </Image>
    <Image Include="..\..\shared\Flipperfall\textures\pinball.png">
      <Filter>Source Files\shared\Flipperfall\textures</Filter>
    </Image>
    <Image Include="..\..\shared\Flipperfall\textures\tiling.png">
      <Filter>Source Files\shared\Flipperfall\textures</Filter>
    </Image>
    <Image Include="..\..\shared\Flipperfall\textures\ToyFactory_Multi-texturing_hardwood.png">
      <Filter>Source Files\shared\Flipperfall\textures</Filter>
    </Image>
    <Image Include="..\..\shared\Pinferno\textures\origami_butterfly001.png">
      <Filter>Source Files\shared\Pinferno\textures</Filter>
    </Image>
    <Image Include="..\..\shared\Pinferno\textures\origami_duck001.png">
      <Filter>Source Files\shared\Pinferno\textures</Filter>
    </Image>
    <Image Include="..\..\shared\Pinferno\textures\origami_duck002.png">
      <Filter>Source Files\shared\Pinferno\textures</Filter>
    </Image>
    <Image Include="..\..\shared\Pinferno\textures\origami_pinwheel001.png">
      <Filter>Source Files\shared\Pinferno\textures</Filter>
    </Image>
    <Image Include="..\..\shared\Pinferno\textures\origami_pinwheel002.png">
      <Filter>Source Files\shared\Pinferno\textures</Filter>
    </Image>
    <Image Include="..\..\shared\Pinferno\textures\pinball.png">
      <Filter>Source Files\shared\Pinferno\textures</Filter>
    </Image>
    <Image Include="..\..\shared\Pinferno\textures\Pinferno7.png">
      <Filter>Source Files\shared\Pinferno\textures</Filter>
    </Image>
    <Image Include="..\..\shared\Pinferno\textures\tiling.png">
      <Filter>Source Files\shared\Pinferno\textures</Filter>
    </Image>
    <Image Include="..\..\shared\Pinferno\textures\ToyFactory_Multi-texturing_hardwood.png">
      <Filter>Source Files\shared\Pinferno\textures</Filter>
    </Image>
    <Image Include="..\..\shared\Pinferno\textures\Pinferno7-Ball.png">
      <Filter>Source Files\shared\Pinferno\textures</Filter>
    </Image>
  </ItemGroup>
</Project>