// !$*UTF8*$!
{
	archiveVersion = 1;
	classes = {
	};
	objectVersion = 48;
	objects = {

/* Begin PBXBuildFile section */
		4CA8F42E1FB3ACA0000AB9AE /* cpRatchetJoint.c in Sources */ = {isa = PBXBuildFile; fileRef = 4CA8F4231FB3ACA0000AB9AE /* cpRatchetJoint.c */; };
		4CA8F42F1FB3ACA0000AB9AE /* cpGrooveJoint.c in Sources */ = {isa = PBXBuildFile; fileRef = 4CA8F4241FB3ACA0000AB9AE /* cpGrooveJoint.c */; };
		4CA8F4301FB3ACA0000AB9AE /* cpPivotJoint.c in Sources */ = {isa = PBXBuildFile; fileRef = 4CA8F4251FB3ACA0000AB9AE /* cpPivotJoint.c */; };
		4CA8F4311FB3ACA0000AB9AE /* cpRotaryLimitJoint.c in Sources */ = {isa = PBXBuildFile; fileRef = 4CA8F4261FB3ACA0000AB9AE /* cpRotaryLimitJoint.c */; };
		4CA8F4321FB3ACA0000AB9AE /* cpSimpleMotor.c in Sources */ = {isa = PBXBuildFile; fileRef = 4CA8F4271FB3ACA0000AB9AE /* cpSimpleMotor.c */; };
		4CA8F4331FB3ACA0000AB9AE /* cpSlideJoint.c in Sources */ = {isa = PBXBuildFile; fileRef = 4CA8F4281FB3ACA0000AB9AE /* cpSlideJoint.c */; };
		4CA8F4341FB3ACA0000AB9AE /* cpGearJoint.c in Sources */ = {isa = PBXBuildFile; fileRef = 4CA8F4291FB3ACA0000AB9AE /* cpGearJoint.c */; };
		4CA8F4351FB3ACA0000AB9AE /* cpDampedRotarySpring.c in Sources */ = {isa = PBXBuildFile; fileRef = 4CA8F42A1FB3ACA0000AB9AE /* cpDampedRotarySpring.c */; };
		4CA8F4361FB3ACA0000AB9AE /* cpConstraint.c in Sources */ = {isa = PBXBuildFile; fileRef = 4CA8F42B1FB3ACA0000AB9AE /* cpConstraint.c */; };
		4CA8F4371FB3ACA0000AB9AE /* cpDampedSpring.c in Sources */ = {isa = PBXBuildFile; fileRef = 4CA8F42C1FB3ACA0000AB9AE /* cpDampedSpring.c */; };
		4CA8F4381FB3ACA0000AB9AE /* cpPinJoint.c in Sources */ = {isa = PBXBuildFile; fileRef = 4CA8F42D1FB3ACA0000AB9AE /* cpPinJoint.c */; };
		4CF3FBAD1FB3A39D008075EE /* chipmunk.c in Sources */ = {isa = PBXBuildFile; fileRef = 4CF3FB941FB3A2F9008075EE /* chipmunk.c */; };
		4CF3FBAF1FB3A39D008075EE /* cpArbiter.c in Sources */ = {isa = PBXBuildFile; fileRef = 4CF3FB8C1FB3A2F9008075EE /* cpArbiter.c */; };
		4CF3FBB01FB3A39D008075EE /* cpArray.c in Sources */ = {isa = PBXBuildFile; fileRef = 4CF3FB961FB3A2F9008075EE /* cpArray.c */; };
		4CF3FBB11FB3A39D008075EE /* cpBB.c in Sources */ = {isa = PBXBuildFile; fileRef = 4CF3FB951FB3A2F9008075EE /* cpBB.c */; };
		4CF3FBB21FB3A39D008075EE /* cpBBTree.c in Sources */ = {isa = PBXBuildFile; fileRef = 4CF3FB8A1FB3A2F9008075EE /* cpBBTree.c */; };
		4CF3FBB31FB3A39D008075EE /* cpBody.c in Sources */ = {isa = PBXBuildFile; fileRef = 4CF3FB881FB3A2F8008075EE /* cpBody.c */; };
		4CF3FBB41FB3A39D008075EE /* cpCollision.c in Sources */ = {isa = PBXBuildFile; fileRef = 4CF3FB971FB3A2F9008075EE /* cpCollision.c */; };
		4CF3FBB51FB3A39D008075EE /* cpHashSet.c in Sources */ = {isa = PBXBuildFile; fileRef = 4CF3FB8D1FB3A2F9008075EE /* cpHashSet.c */; };
		4CF3FBB61FB3A39D008075EE /* cpPolyShape.c in Sources */ = {isa = PBXBuildFile; fileRef = 4CF3FB931FB3A2F9008075EE /* cpPolyShape.c */; };
		4CF3FBB71FB3A39D008075EE /* cpShape.c in Sources */ = {isa = PBXBuildFile; fileRef = 4CF3FB911FB3A2F9008075EE /* cpShape.c */; };
		4CF3FBB81FB3A39D008075EE /* cpSpace.c in Sources */ = {isa = PBXBuildFile; fileRef = 4CF3FB8E1FB3A2F9008075EE /* cpSpace.c */; };
		4CF3FBB91FB3A39D008075EE /* cpSpaceComponent.c in Sources */ = {isa = PBXBuildFile; fileRef = 4CF3FB981FB3A2F9008075EE /* cpSpaceComponent.c */; };
		4CF3FBBA1FB3A39D008075EE /* cpSpaceHash.c in Sources */ = {isa = PBXBuildFile; fileRef = 4CF3FB861FB3A2F8008075EE /* cpSpaceHash.c */; };
		4CF3FBBB1FB3A39D008075EE /* cpSpaceQuery.c in Sources */ = {isa = PBXBuildFile; fileRef = 4CF3FB921FB3A2F9008075EE /* cpSpaceQuery.c */; };
		4CF3FBBC1FB3A39D008075EE /* cpSpaceStep.c in Sources */ = {isa = PBXBuildFile; fileRef = 4CF3FB991FB3A2F9008075EE /* cpSpaceStep.c */; };
		4CF3FBBD1FB3A39D008075EE /* cpSpatialIndex.c in Sources */ = {isa = PBXBuildFile; fileRef = 4CF3FB8F1FB3A2F9008075EE /* cpSpatialIndex.c */; };
		4CF3FBBE1FB3A39D008075EE /* cpSweep1D.c in Sources */ = {isa = PBXBuildFile; fileRef = 4CF3FB891FB3A2F8008075EE /* cpSweep1D.c */; };
		4CF3FBBF1FB3A39D008075EE /* cpVect.c in Sources */ = {isa = PBXBuildFile; fileRef = 4CF3FB8B1FB3A2F9008075EE /* cpVect.c */; };
/* End PBXBuildFile section */

/* Begin PBXCopyFilesBuildPhase section */
		4C78FA041FB3A0570019009F /* CopyFiles */ = {
			isa = PBXCopyFilesBuildPhase;
			buildActionMask = 2147483647;
			dstPath = "include/$(PRODUCT_NAME)";
			dstSubfolderSpec = 16;
			files = (
			);
			runOnlyForDeploymentPostprocessing = 0;
		};
/* End PBXCopyFilesBuildPhase section */

/* Begin PBXFileReference section */
		4C78FA061FB3A0570019009F /* libchipmunk.a */ = {isa = PBXFileReference; explicitFileType = archive.ar; includeInIndex = 0; path = libchipmunk.a; sourceTree = BUILT_PRODUCTS_DIR; };
		4CA8F4231FB3ACA0000AB9AE /* cpRatchetJoint.c */ = {isa = PBXFileReference; fileEncoding = 4; lastKnownFileType = sourcecode.c.c; name = cpRatchetJoint.c; path = ../../../../../lib/chipmunk/src/constraints/cpRatchetJoint.c; sourceTree = "<group>"; };
		4CA8F4241FB3ACA0000AB9AE /* cpGrooveJoint.c */ = {isa = PBXFileReference; fileEncoding = 4; lastKnownFileType = sourcecode.c.c; name = cpGrooveJoint.c; path = ../../../../../lib/chipmunk/src/constraints/cpGrooveJoint.c; sourceTree = "<group>"; };
		4CA8F4251FB3ACA0000AB9AE /* cpPivotJoint.c */ = {isa = PBXFileReference; fileEncoding = 4; lastKnownFileType = sourcecode.c.c; name = cpPivotJoint.c; path = ../../../../../lib/chipmunk/src/constraints/cpPivotJoint.c; sourceTree = "<group>"; };
		4CA8F4261FB3ACA0000AB9AE /* cpRotaryLimitJoint.c */ = {isa = PBXFileReference; fileEncoding = 4; lastKnownFileType = sourcecode.c.c; name = cpRotaryLimitJoint.c; path = ../../../../../lib/chipmunk/src/constraints/cpRotaryLimitJoint.c; sourceTree = "<group>"; };
		4CA8F4271FB3ACA0000AB9AE /* cpSimpleMotor.c */ = {isa = PBXFileReference; fileEncoding = 4; lastKnownFileType = sourcecode.c.c; name = cpSimpleMotor.c; path = ../../../../../lib/chipmunk/src/constraints/cpSimpleMotor.c; sourceTree = "<group>"; };
		4CA8F4281FB3ACA0000AB9AE /* cpSlideJoint.c */ = {isa = PBXFileReference; fileEncoding = 4; lastKnownFileType = sourcecode.c.c; name = cpSlideJoint.c; path = ../../../../../lib/chipmunk/src/constraints/cpSlideJoint.c; sourceTree = "<group>"; };
		4CA8F4291FB3ACA0000AB9AE /* cpGearJoint.c */ = {isa = PBXFileReference; fileEncoding = 4; lastKnownFileType = sourcecode.c.c; name = cpGearJoint.c; path = ../../../../../lib/chipmunk/src/constraints/cpGearJoint.c; sourceTree = "<group>"; };
		4CA8F42A1FB3ACA0000AB9AE /* cpDampedRotarySpring.c */ = {isa = PBXFileReference; fileEncoding = 4; lastKnownFileType = sourcecode.c.c; name = cpDampedRotarySpring.c; path = ../../../../../lib/chipmunk/src/constraints/cpDampedRotarySpring.c; sourceTree = "<group>"; };
		4CA8F42B1FB3ACA0000AB9AE /* cpConstraint.c */ = {isa = PBXFileReference; fileEncoding = 4; lastKnownFileType = sourcecode.c.c; name = cpConstraint.c; path = ../../../../../lib/chipmunk/src/constraints/cpConstraint.c; sourceTree = "<group>"; };
		4CA8F42C1FB3ACA0000AB9AE /* cpDampedSpring.c */ = {isa = PBXFileReference; fileEncoding = 4; lastKnownFileType = sourcecode.c.c; name = cpDampedSpring.c; path = ../../../../../lib/chipmunk/src/constraints/cpDampedSpring.c; sourceTree = "<group>"; };
		4CA8F42D1FB3ACA0000AB9AE /* cpPinJoint.c */ = {isa = PBXFileReference; fileEncoding = 4; lastKnownFileType = sourcecode.c.c; name = cpPinJoint.c; path = ../../../../../lib/chipmunk/src/constraints/cpPinJoint.c; sourceTree = "<group>"; };
		4CF3FB781FB3A2DC008075EE /* cpArbiter.h */ = {isa = PBXFileReference; fileEncoding = 4; lastKnownFileType = sourcecode.c.h; name = cpArbiter.h; path = ../../../../lib/chipmunk/include/chipmunk/cpArbiter.h; sourceTree = "<group>"; };
		4CF3FB791FB3A2DC008075EE /* cpShape.h */ = {isa = PBXFileReference; fileEncoding = 4; lastKnownFileType = sourcecode.c.h; name = cpShape.h; path = ../../../../lib/chipmunk/include/chipmunk/cpShape.h; sourceTree = "<group>"; };
		4CF3FB7A1FB3A2DC008075EE /* cpSpace.h */ = {isa = PBXFileReference; fileEncoding = 4; lastKnownFileType = sourcecode.c.h; name = cpSpace.h; path = ../../../../lib/chipmunk/include/chipmunk/cpSpace.h; sourceTree = "<group>"; };
		4CF3FB7B1FB3A2DC008075EE /* cpPolyShape.h */ = {isa = PBXFileReference; fileEncoding = 4; lastKnownFileType = sourcecode.c.h; name = cpPolyShape.h; path = ../../../../lib/chipmunk/include/chipmunk/cpPolyShape.h; sourceTree = "<group>"; };
		4CF3FB7C1FB3A2DC008075EE /* constraints */ = {isa = PBXFileReference; lastKnownFileType = folder; name = constraints; path = ../../../../lib/chipmunk/include/chipmunk/constraints; sourceTree = "<group>"; };
		4CF3FB7D1FB3A2DC008075EE /* chipmunk_types.h */ = {isa = PBXFileReference; fileEncoding = 4; lastKnownFileType = sourcecode.c.h; name = chipmunk_types.h; path = ../../../../lib/chipmunk/include/chipmunk/chipmunk_types.h; sourceTree = "<group>"; };
		4CF3FB7E1FB3A2DC008075EE /* chipmunk_unsafe.h */ = {isa = PBXFileReference; fileEncoding = 4; lastKnownFileType = sourcecode.c.h; name = chipmunk_unsafe.h; path = ../../../../lib/chipmunk/include/chipmunk/chipmunk_unsafe.h; sourceTree = "<group>"; };
		4CF3FB7F1FB3A2DC008075EE /* cpSpatialIndex.h */ = {isa = PBXFileReference; fileEncoding = 4; lastKnownFileType = sourcecode.c.h; name = cpSpatialIndex.h; path = ../../../../lib/chipmunk/include/chipmunk/cpSpatialIndex.h; sourceTree = "<group>"; };
		4CF3FB801FB3A2DC008075EE /* chipmunk.h */ = {isa = PBXFileReference; fileEncoding = 4; lastKnownFileType = sourcecode.c.h; name = chipmunk.h; path = ../../../../lib/chipmunk/include/chipmunk/chipmunk.h; sourceTree = "<group>"; };
		4CF3FB811FB3A2DC008075EE /* cpVect.h */ = {isa = PBXFileReference; fileEncoding = 4; lastKnownFileType = sourcecode.c.h; name = cpVect.h; path = ../../../../lib/chipmunk/include/chipmunk/cpVect.h; sourceTree = "<group>"; };
		4CF3FB821FB3A2DC008075EE /* chipmunk_ffi.h */ = {isa = PBXFileReference; fileEncoding = 4; lastKnownFileType = sourcecode.c.h; name = chipmunk_ffi.h; path = ../../../../lib/chipmunk/include/chipmunk/chipmunk_ffi.h; sourceTree = "<group>"; };
		4CF3FB831FB3A2DC008075EE /* cpBB.h */ = {isa = PBXFileReference; fileEncoding = 4; lastKnownFileType = sourcecode.c.h; name = cpBB.h; path = ../../../../lib/chipmunk/include/chipmunk/cpBB.h; sourceTree = "<group>"; };
		4CF3FB841FB3A2DC008075EE /* cpBody.h */ = {isa = PBXFileReference; fileEncoding = 4; lastKnownFileType = sourcecode.c.h; name = cpBody.h; path = ../../../../lib/chipmunk/include/chipmunk/cpBody.h; sourceTree = "<group>"; };
		4CF3FB851FB3A2DC008075EE /* chipmunk_private.h */ = {isa = PBXFileReference; fileEncoding = 4; lastKnownFileType = sourcecode.c.h; name = chipmunk_private.h; path = ../../../../lib/chipmunk/include/chipmunk/chipmunk_private.h; sourceTree = "<group>"; };
		4CF3FB861FB3A2F8008075EE /* cpSpaceHash.c */ = {isa = PBXFileReference; fileEncoding = 4; lastKnownFileType = sourcecode.c.c; name = cpSpaceHash.c; path = ../../../../lib/chipmunk/src/cpSpaceHash.c; sourceTree = "<group>"; };
		4CF3FB881FB3A2F8008075EE /* cpBody.c */ = {isa = PBXFileReference; fileEncoding = 4; lastKnownFileType = sourcecode.c.c; name = cpBody.c; path = ../../../../lib/chipmunk/src/cpBody.c; sourceTree = "<group>"; };
		4CF3FB891FB3A2F8008075EE /* cpSweep1D.c */ = {isa = PBXFileReference; fileEncoding = 4; lastKnownFileType = sourcecode.c.c; name = cpSweep1D.c; path = ../../../../lib/chipmunk/src/cpSweep1D.c; sourceTree = "<group>"; };
		4CF3FB8A1FB3A2F9008075EE /* cpBBTree.c */ = {isa = PBXFileReference; fileEncoding = 4; lastKnownFileType = sourcecode.c.c; name = cpBBTree.c; path = ../../../../lib/chipmunk/src/cpBBTree.c; sourceTree = "<group>"; };
		4CF3FB8B1FB3A2F9008075EE /* cpVect.c */ = {isa = PBXFileReference; fileEncoding = 4; lastKnownFileType = sourcecode.c.c; name = cpVect.c; path = ../../../../lib/chipmunk/src/cpVect.c; sourceTree = "<group>"; };
		4CF3FB8C1FB3A2F9008075EE /* cpArbiter.c */ = {isa = PBXFileReference; fileEncoding = 4; lastKnownFileType = sourcecode.c.c; name = cpArbiter.c; path = ../../../../lib/chipmunk/src/cpArbiter.c; sourceTree = "<group>"; };
		4CF3FB8D1FB3A2F9008075EE /* cpHashSet.c */ = {isa = PBXFileReference; fileEncoding = 4; lastKnownFileType = sourcecode.c.c; name = cpHashSet.c; path = ../../../../lib/chipmunk/src/cpHashSet.c; sourceTree = "<group>"; };
		4CF3FB8E1FB3A2F9008075EE /* cpSpace.c */ = {isa = PBXFileReference; fileEncoding = 4; lastKnownFileType = sourcecode.c.c; name = cpSpace.c; path = ../../../../lib/chipmunk/src/cpSpace.c; sourceTree = "<group>"; };
		4CF3FB8F1FB3A2F9008075EE /* cpSpatialIndex.c */ = {isa = PBXFileReference; fileEncoding = 4; lastKnownFileType = sourcecode.c.c; name = cpSpatialIndex.c; path = ../../../../lib/chipmunk/src/cpSpatialIndex.c; sourceTree = "<group>"; };
		4CF3FB901FB3A2F9008075EE /* CMakeLists.txt */ = {isa = PBXFileReference; fileEncoding = 4; lastKnownFileType = text; name = CMakeLists.txt; path = ../../../../lib/chipmunk/src/CMakeLists.txt; sourceTree = "<group>"; };
		4CF3FB911FB3A2F9008075EE /* cpShape.c */ = {isa = PBXFileReference; fileEncoding = 4; lastKnownFileType = sourcecode.c.c; name = cpShape.c; path = ../../../../lib/chipmunk/src/cpShape.c; sourceTree = "<group>"; };
		4CF3FB921FB3A2F9008075EE /* cpSpaceQuery.c */ = {isa = PBXFileReference; fileEncoding = 4; lastKnownFileType = sourcecode.c.c; name = cpSpaceQuery.c; path = ../../../../lib/chipmunk/src/cpSpaceQuery.c; sourceTree = "<group>"; };
		4CF3FB931FB3A2F9008075EE /* cpPolyShape.c */ = {isa = PBXFileReference; fileEncoding = 4; lastKnownFileType = sourcecode.c.c; name = cpPolyShape.c; path = ../../../../lib/chipmunk/src/cpPolyShape.c; sourceTree = "<group>"; };
		4CF3FB941FB3A2F9008075EE /* chipmunk.c */ = {isa = PBXFileReference; fileEncoding = 4; lastKnownFileType = sourcecode.c.c; name = chipmunk.c; path = ../../../../lib/chipmunk/src/chipmunk.c; sourceTree = "<group>"; };
		4CF3FB951FB3A2F9008075EE /* cpBB.c */ = {isa = PBXFileReference; fileEncoding = 4; lastKnownFileType = sourcecode.c.c; name = cpBB.c; path = ../../../../lib/chipmunk/src/cpBB.c; sourceTree = "<group>"; };
		4CF3FB961FB3A2F9008075EE /* cpArray.c */ = {isa = PBXFileReference; fileEncoding = 4; lastKnownFileType = sourcecode.c.c; name = cpArray.c; path = ../../../../lib/chipmunk/src/cpArray.c; sourceTree = "<group>"; };
		4CF3FB971FB3A2F9008075EE /* cpCollision.c */ = {isa = PBXFileReference; fileEncoding = 4; lastKnownFileType = sourcecode.c.c; name = cpCollision.c; path = ../../../../lib/chipmunk/src/cpCollision.c; sourceTree = "<group>"; };
		4CF3FB981FB3A2F9008075EE /* cpSpaceComponent.c */ = {isa = PBXFileReference; fileEncoding = 4; lastKnownFileType = sourcecode.c.c; name = cpSpaceComponent.c; path = ../../../../lib/chipmunk/src/cpSpaceComponent.c; sourceTree = "<group>"; };
		4CF3FB991FB3A2F9008075EE /* cpSpaceStep.c */ = {isa = PBXFileReference; fileEncoding = 4; lastKnownFileType = sourcecode.c.c; name = cpSpaceStep.c; path = ../../../../lib/chipmunk/src/cpSpaceStep.c; sourceTree = "<group>"; };
		4CF3FB9A1FB3A2F9008075EE /* prime.h */ = {isa = PBXFileReference; fileEncoding = 4; lastKnownFileType = sourcecode.c.h; name = prime.h; path = ../../../../lib/chipmunk/src/prime.h; sourceTree = "<group>"; };
/* End PBXFileReference section */

/* Begin PBXFrameworksBuildPhase section */
		4C78FA031FB3A0570019009F /* Frameworks */ = {
			isa = PBXFrameworksBuildPhase;
			buildActionMask = 2147483647;
			files = (
			);
			runOnlyForDeploymentPostprocessing = 0;
		};
/* End PBXFrameworksBuildPhase section */

/* Begin PBXGroup section */
		4C78F9FD1FB3A0570019009F = {
			isa = PBXGroup;
			children = (
				4CF3FB761FB3A29D008075EE /* include */,
				4CF3FB771FB3A2A5008075EE /* src */,
				4C78FA071FB3A0570019009F /* Products */,
			);
			sourceTree = "<group>";
		};
		4C78FA071FB3A0570019009F /* Products */ = {
			isa = PBXGroup;
			children = (
				4C78FA061FB3A0570019009F /* libchipmunk.a */,
			);
			name = Products;
			sourceTree = "<group>";
		};
		4CA8F4221FB3AC8B000AB9AE /* constraints */ = {
			isa = PBXGroup;
			children = (
				4CA8F42B1FB3ACA0000AB9AE /* cpConstraint.c */,
				4CA8F42A1FB3ACA0000AB9AE /* cpDampedRotarySpring.c */,
				4CA8F42C1FB3ACA0000AB9AE /* cpDampedSpring.c */,
				4CA8F4291FB3ACA0000AB9AE /* cpGearJoint.c */,
				4CA8F4241FB3ACA0000AB9AE /* cpGrooveJoint.c */,
				4CA8F42D1FB3ACA0000AB9AE /* cpPinJoint.c */,
				4CA8F4251FB3ACA0000AB9AE /* cpPivotJoint.c */,
				4CA8F4231FB3ACA0000AB9AE /* cpRatchetJoint.c */,
				4CA8F4261FB3ACA0000AB9AE /* cpRotaryLimitJoint.c */,
				4CA8F4271FB3ACA0000AB9AE /* cpSimpleMotor.c */,
				4CA8F4281FB3ACA0000AB9AE /* cpSlideJoint.c */,
			);
			path = constraints;
			sourceTree = "<group>";
		};
		4CF3FB761FB3A29D008075EE /* include */ = {
			isa = PBXGroup;
			children = (
				4CF3FB821FB3A2DC008075EE /* chipmunk_ffi.h */,
				4CF3FB851FB3A2DC008075EE /* chipmunk_private.h */,
				4CF3FB7D1FB3A2DC008075EE /* chipmunk_types.h */,
				4CF3FB7E1FB3A2DC008075EE /* chipmunk_unsafe.h */,
				4CF3FB801FB3A2DC008075EE /* chipmunk.h */,
				4CF3FB7C1FB3A2DC008075EE /* constraints */,
				4CF3FB781FB3A2DC008075EE /* cpArbiter.h */,
				4CF3FB831FB3A2DC008075EE /* cpBB.h */,
				4CF3FB841FB3A2DC008075EE /* cpBody.h */,
				4CF3FB7B1FB3A2DC008075EE /* cpPolyShape.h */,
				4CF3FB791FB3A2DC008075EE /* cpShape.h */,
				4CF3FB7A1FB3A2DC008075EE /* cpSpace.h */,
				4CF3FB7F1FB3A2DC008075EE /* cpSpatialIndex.h */,
				4CF3FB811FB3A2DC008075EE /* cpVect.h */,
			);
			path = include;
			sourceTree = "<group>";
		};
		4CF3FB771FB3A2A5008075EE /* src */ = {
			isa = PBXGroup;
			children = (
				4CA8F4221FB3AC8B000AB9AE /* constraints */,
				4CF3FB941FB3A2F9008075EE /* chipmunk.c */,
				4CF3FB901FB3A2F9008075EE /* CMakeLists.txt */,
				4CF3FB8C1FB3A2F9008075EE /* cpArbiter.c */,
				4CF3FB961FB3A2F9008075EE /* cpArray.c */,
				4CF3FB951FB3A2F9008075EE /* cpBB.c */,
				4CF3FB8A1FB3A2F9008075EE /* cpBBTree.c */,
				4CF3FB881FB3A2F8008075EE /* cpBody.c */,
				4CF3FB971FB3A2F9008075EE /* cpCollision.c */,
				4CF3FB8D1FB3A2F9008075EE /* cpHashSet.c */,
				4CF3FB931FB3A2F9008075EE /* cpPolyShape.c */,
				4CF3FB911FB3A2F9008075EE /* cpShape.c */,
				4CF3FB8E1FB3A2F9008075EE /* cpSpace.c */,
				4CF3FB981FB3A2F9008075EE /* cpSpaceComponent.c */,
				4CF3FB861FB3A2F8008075EE /* cpSpaceHash.c */,
				4CF3FB921FB3A2F9008075EE /* cpSpaceQuery.c */,
				4CF3FB991FB3A2F9008075EE /* cpSpaceStep.c */,
				4CF3FB8F1FB3A2F9008075EE /* cpSpatialIndex.c */,
				4CF3FB891FB3A2F8008075EE /* cpSweep1D.c */,
				4CF3FB8B1FB3A2F9008075EE /* cpVect.c */,
				4CF3FB9A1FB3A2F9008075EE /* prime.h */,
			);
			path = src;
			sourceTree = "<group>";
		};
/* End PBXGroup section */

/* Begin PBXNativeTarget section */
		4C78FA051FB3A0570019009F /* chipmunk */ = {
			isa = PBXNativeTarget;
			buildConfigurationList = 4C78FA0F1FB3A0570019009F /* Build configuration list for PBXNativeTarget "chipmunk" */;
			buildPhases = (
				4C78FA021FB3A0570019009F /* Sources */,
				4C78FA031FB3A0570019009F /* Frameworks */,
				4C78FA041FB3A0570019009F /* CopyFiles */,
			);
			buildRules = (
			);
			dependencies = (
			);
			name = chipmunk;
			productName = chipmunk;
			productReference = 4C78FA061FB3A0570019009F /* libchipmunk.a */;
			productType = "com.apple.product-type.library.static";
		};
/* End PBXNativeTarget section */

/* Begin PBXProject section */
		4C78F9FE1FB3A0570019009F /* Project object */ = {
			isa = PBXProject;
			attributes = {
				LastUpgradeCheck = 0910;
				ORGANIZATIONNAME = "Sam Thompson";
				TargetAttributes = {
					4C78FA051FB3A0570019009F = {
						CreatedOnToolsVersion = 9.1;
						ProvisioningStyle = Automatic;
					};
				};
			};
			buildConfigurationList = 4C78FA011FB3A0570019009F /* Build configuration list for PBXProject "chipmunk" */;
			compatibilityVersion = "Xcode 8.0";
			developmentRegion = en;
			hasScannedForEncodings = 0;
			knownRegions = (
				en,
			);
			mainGroup = 4C78F9FD1FB3A0570019009F;
			productRefGroup = 4C78FA071FB3A0570019009F /* Products */;
			projectDirPath = "";
			projectRoot = "";
			targets = (
				4C78FA051FB3A0570019009F /* chipmunk */,
			);
		};
/* End PBXProject section */

/* Begin PBXSourcesBuildPhase section */
		4C78FA021FB3A0570019009F /* Sources */ = {
			isa = PBXSourcesBuildPhase;
			buildActionMask = 2147483647;
			files = (
				4CA8F42E1FB3ACA0000AB9AE /* cpRatchetJoint.c in Sources */,
				4CA8F42F1FB3ACA0000AB9AE /* cpGrooveJoint.c in Sources */,
				4CF3FBAD1FB3A39D008075EE /* chipmunk.c in Sources */,
				4CF3FBAF1FB3A39D008075EE /* cpArbiter.c in Sources */,
				4CF3FBB01FB3A39D008075EE /* cpArray.c in Sources */,
				4CF3FBB11FB3A39D008075EE /* cpBB.c in Sources */,
				4CA8F4321FB3ACA0000AB9AE /* cpSimpleMotor.c in Sources */,
				4CA8F4331FB3ACA0000AB9AE /* cpSlideJoint.c in Sources */,
				4CF3FBB21FB3A39D008075EE /* cpBBTree.c in Sources */,
				4CA8F4351FB3ACA0000AB9AE /* cpDampedRotarySpring.c in Sources */,
				4CF3FBB31FB3A39D008075EE /* cpBody.c in Sources */,
				4CF3FBB41FB3A39D008075EE /* cpCollision.c in Sources */,
				4CF3FBB51FB3A39D008075EE /* cpHashSet.c in Sources */,
				4CF3FBB61FB3A39D008075EE /* cpPolyShape.c in Sources */,
				4CF3FBB71FB3A39D008075EE /* cpShape.c in Sources */,
				4CF3FBB81FB3A39D008075EE /* cpSpace.c in Sources */,
				4CF3FBB91FB3A39D008075EE /* cpSpaceComponent.c in Sources */,
				4CF3FBBA1FB3A39D008075EE /* cpSpaceHash.c in Sources */,
				4CA8F4371FB3ACA0000AB9AE /* cpDampedSpring.c in Sources */,
				4CA8F4301FB3ACA0000AB9AE /* cpPivotJoint.c in Sources */,
				4CA8F4341FB3ACA0000AB9AE /* cpGearJoint.c in Sources */,
				4CF3FBBB1FB3A39D008075EE /* cpSpaceQuery.c in Sources */,
				4CF3FBBC1FB3A39D008075EE /* cpSpaceStep.c in Sources */,
				4CA8F4311FB3ACA0000AB9AE /* cpRotaryLimitJoint.c in Sources */,
				4CA8F4381FB3ACA0000AB9AE /* cpPinJoint.c in Sources */,
				4CA8F4361FB3ACA0000AB9AE /* cpConstraint.c in Sources */,
				4CF3FBBD1FB3A39D008075EE /* cpSpatialIndex.c in Sources */,
				4CF3FBBE1FB3A39D008075EE /* cpSweep1D.c in Sources */,
				4CF3FBBF1FB3A39D008075EE /* cpVect.c in Sources */,
			);
			runOnlyForDeploymentPostprocessing = 0;
		};
/* End PBXSourcesBuildPhase section */

/* Begin XCBuildConfiguration section */
		4C78FA0D1FB3A0570019009F /* Debug */ = {
			isa = XCBuildConfiguration;
			buildSettings = {
				ALWAYS_SEARCH_USER_PATHS = NO;
				CLANG_ANALYZER_NONNULL = YES;
				CLANG_ANALYZER_NUMBER_OBJECT_CONVERSION = YES_AGGRESSIVE;
				CLANG_CXX_LANGUAGE_STANDARD = "gnu++14";
				CLANG_CXX_LIBRARY = "libc++";
				CLANG_ENABLE_MODULES = YES;
				CLANG_ENABLE_OBJC_ARC = YES;
				CLANG_WARN_BLOCK_CAPTURE_AUTORELEASING = YES;
				CLANG_WARN_BOOL_CONVERSION = YES;
				CLANG_WARN_COMMA = YES;
				CLANG_WARN_CONSTANT_CONVERSION = YES;
				CLANG_WARN_DIRECT_OBJC_ISA_USAGE = YES_ERROR;
				CLANG_WARN_DOCUMENTATION_COMMENTS = YES;
				CLANG_WARN_EMPTY_BODY = YES;
				CLANG_WARN_ENUM_CONVERSION = YES;
				CLANG_WARN_INFINITE_RECURSION = YES;
				CLANG_WARN_INT_CONVERSION = YES;
				CLANG_WARN_NON_LITERAL_NULL_CONVERSION = YES;
				CLANG_WARN_OBJC_LITERAL_CONVERSION = YES;
				CLANG_WARN_OBJC_ROOT_CLASS = YES_ERROR;
				CLANG_WARN_RANGE_LOOP_ANALYSIS = YES;
				CLANG_WARN_STRICT_PROTOTYPES = YES;
				CLANG_WARN_SUSPICIOUS_MOVE = YES;
				CLANG_WARN_UNGUARDED_AVAILABILITY = YES_AGGRESSIVE;
				CLANG_WARN_UNREACHABLE_CODE = YES;
				CLANG_WARN__DUPLICATE_METHOD_MATCH = YES;
				CODE_SIGN_IDENTITY = "iPhone Developer";
				COPY_PHASE_STRIP = NO;
				DEBUG_INFORMATION_FORMAT = dwarf;
				ENABLE_STRICT_OBJC_MSGSEND = YES;
				ENABLE_TESTABILITY = YES;
				GCC_C_LANGUAGE_STANDARD = gnu11;
				GCC_DYNAMIC_NO_PIC = NO;
				GCC_NO_COMMON_BLOCKS = YES;
				GCC_OPTIMIZATION_LEVEL = 0;
				GCC_PREPROCESSOR_DEFINITIONS = (
					"DEBUG=1",
					"$(inherited)",
				);
				GCC_WARN_64_TO_32_BIT_CONVERSION = YES;
				GCC_WARN_ABOUT_RETURN_TYPE = YES_ERROR;
				GCC_WARN_UNDECLARED_SELECTOR = YES;
				GCC_WARN_UNINITIALIZED_AUTOS = YES_AGGRESSIVE;
				GCC_WARN_UNUSED_FUNCTION = YES;
				GCC_WARN_UNUSED_VARIABLE = YES;
				IPHONEOS_DEPLOYMENT_TARGET = 11.1;
				MTL_ENABLE_DEBUG_INFO = YES;
				ONLY_ACTIVE_ARCH = YES;
				SDKROOT = iphoneos;
			};
			name = Debug;
		};
		4C78FA0E1FB3A0570019009F /* Release */ = {
			isa = XCBuildConfiguration;
			buildSettings = {
				ALWAYS_SEARCH_USER_PATHS = NO;
				CLANG_ANALYZER_NONNULL = YES;
				CLANG_ANALYZER_NUMBER_OBJECT_CONVERSION = YES_AGGRESSIVE;
				CLANG_CXX_LANGUAGE_STANDARD = "gnu++14";
				CLANG_CXX_LIBRARY = "libc++";
				CLANG_ENABLE_MODULES = YES;
				CLANG_ENABLE_OBJC_ARC = YES;
				CLANG_WARN_BLOCK_CAPTURE_AUTORELEASING = YES;
				CLANG_WARN_BOOL_CONVERSION = YES;
				CLANG_WARN_COMMA = YES;
				CLANG_WARN_CONSTANT_CONVERSION = YES;
				CLANG_WARN_DIRECT_OBJC_ISA_USAGE = YES_ERROR;
				CLANG_WARN_DOCUMENTATION_COMMENTS = YES;
				CLANG_WARN_EMPTY_BODY = YES;
				CLANG_WARN_ENUM_CONVERSION = YES;
				CLANG_WARN_INFINITE_RECURSION = YES;
				CLANG_WARN_INT_CONVERSION = YES;
				CLANG_WARN_NON_LITERAL_NULL_CONVERSION = YES;
				CLANG_WARN_OBJC_LITERAL_CONVERSION = YES;
				CLANG_WARN_OBJC_ROOT_CLASS = YES_ERROR;
				CLANG_WARN_RANGE_LOOP_ANALYSIS = YES;
				CLANG_WARN_STRICT_PROTOTYPES = YES;
				CLANG_WARN_SUSPICIOUS_MOVE = YES;
				CLANG_WARN_UNGUARDED_AVAILABILITY = YES_AGGRESSIVE;
				CLANG_WARN_UNREACHABLE_CODE = YES;
				CLANG_WARN__DUPLICATE_METHOD_MATCH = YES;
				CODE_SIGN_IDENTITY = "iPhone Developer";
				COPY_PHASE_STRIP = NO;
				DEBUG_INFORMATION_FORMAT = "dwarf-with-dsym";
				ENABLE_NS_ASSERTIONS = NO;
				ENABLE_STRICT_OBJC_MSGSEND = YES;
				GCC_C_LANGUAGE_STANDARD = gnu11;
				GCC_NO_COMMON_BLOCKS = YES;
				GCC_WARN_64_TO_32_BIT_CONVERSION = YES;
				GCC_WARN_ABOUT_RETURN_TYPE = YES_ERROR;
				GCC_WARN_UNDECLARED_SELECTOR = YES;
				GCC_WARN_UNINITIALIZED_AUTOS = YES_AGGRESSIVE;
				GCC_WARN_UNUSED_FUNCTION = YES;
				GCC_WARN_UNUSED_VARIABLE = YES;
				IPHONEOS_DEPLOYMENT_TARGET = 11.1;
				MTL_ENABLE_DEBUG_INFO = NO;
				SDKROOT = iphoneos;
				VALIDATE_PRODUCT = YES;
			};
			name = Release;
		};
		4C78FA101FB3A0570019009F /* Debug */ = {
			isa = XCBuildConfiguration;
			buildSettings = {
				CODE_SIGN_STYLE = Automatic;
				DEVELOPMENT_TEAM = 4KK757C74H;
				HEADER_SEARCH_PATHS = "\"$(SRCROOT)/../../../lib/chipmunk/include/chipmunk\"";
				OTHER_LDFLAGS = "-ObjC";
				PRODUCT_NAME = "$(TARGET_NAME)";
				SKIP_INSTALL = YES;
				TARGETED_DEVICE_FAMILY = "1,2";
			};
			name = Debug;
		};
		4C78FA111FB3A0570019009F /* Release */ = {
			isa = XCBuildConfiguration;
			buildSettings = {
				CODE_SIGN_STYLE = Automatic;
				DEVELOPMENT_TEAM = 4KK757C74H;
				HEADER_SEARCH_PATHS = "\"$(SRCROOT)/../../../lib/chipmunk/include/chipmunk\"";
				OTHER_LDFLAGS = "-ObjC";
				PRODUCT_NAME = "$(TARGET_NAME)";
				SKIP_INSTALL = YES;
				TARGETED_DEVICE_FAMILY = "1,2";
			};
			name = Release;
		};
/* End XCBuildConfiguration section */

/* Begin XCConfigurationList section */
		4C78FA011FB3A0570019009F /* Build configuration list for PBXProject "chipmunk" */ = {
			isa = XCConfigurationList;
			buildConfigurations = (
				4C78FA0D1FB3A0570019009F /* Debug */,
				4C78FA0E1FB3A0570019009F /* Release */,
			);
			defaultConfigurationIsVisible = 0;
			defaultConfigurationName = Release;
		};
		4C78FA0F1FB3A0570019009F /* Build configuration list for PBXNativeTarget "chipmunk" */ = {
			isa = XCConfigurationList;
			buildConfigurations = (
				4C78FA101FB3A0570019009F /* Debug */,
				4C78FA111FB3A0570019009F /* Release */,
			);
			defaultConfigurationIsVisible = 0;
			defaultConfigurationName = Release;
		};
/* End XCConfigurationList section */
	};
	rootObject = 4C78F9FE1FB3A0570019009F /* Project object */;
}
