// !$*UTF8*$!
{
	archiveVersion = 1;
	classes = {
	};
	objectVersion = 46;
	objects = {

/* Begin PBXBuildFile section */
		4B1701FB164AAC4F007D4A2F /* UIKit.framework in Frameworks */ = {isa = PBXBuildFile; fileRef = 4B1701FA164AAC4F007D4A2F /* UIKit.framework */; };
		4B1701FD164AAC4F007D4A2F /* Foundation.framework in Frameworks */ = {isa = PBXBuildFile; fileRef = 4B1701FC164AAC4F007D4A2F /* Foundation.framework */; };
		4B1701FF164AAC4F007D4A2F /* CoreGraphics.framework in Frameworks */ = {isa = PBXBuildFile; fileRef = 4B1701FE164AAC4F007D4A2F /* CoreGraphics.framework */; };
		4B170201164AAC4F007D4A2F /* GLKit.framework in Frameworks */ = {isa = PBXBuildFile; fileRef = 4B170200164AAC4F007D4A2F /* GLKit.framework */; };
		4B170203164AAC4F007D4A2F /* OpenGLES.framework in Frameworks */ = {isa = PBXBuildFile; fileRef = 4B170202164AAC4F007D4A2F /* OpenGLES.framework */; };
		4B170209164AAC50007D4A2F /* InfoPlist.strings in Resources */ = {isa = PBXBuildFile; fileRef = 4B170207164AAC50007D4A2F /* InfoPlist.strings */; };
		4B17020B164AAC50007D4A2F /* main.m in Sources */ = {isa = PBXBuildFile; fileRef = 4B17020A164AAC50007D4A2F /* main.m */; };
		4B17020F164AAC50007D4A2F /* AppDelegate.m in Sources */ = {isa = PBXBuildFile; fileRef = 4B17020E164AAC50007D4A2F /* AppDelegate.m */; };
		4B170211164AAC50007D4A2F /* Shader.fsh in Resources */ = {isa = PBXBuildFile; fileRef = 4B170210164AAC50007D4A2F /* Shader.fsh */; };
		4B170213164AAC50007D4A2F /* Shader.vsh in Resources */ = {isa = PBXBuildFile; fileRef = 4B170212164AAC50007D4A2F /* Shader.vsh */; };
		4B170216164AAC50007D4A2F /* ViewController.mm in Sources */ = {isa = PBXBuildFile; fileRef = 4B170215164AAC50007D4A2F /* ViewController.mm */; };
		4B170219164AAC50007D4A2F /* ViewController.xib in Resources */ = {isa = PBXBuildFile; fileRef = 4B170217164AAC50007D4A2F /* ViewController.xib */; };
		4B170257164AB7CA007D4A2F /* lapi.c in Sources */ = {isa = PBXBuildFile; fileRef = 4B170235164AB7CA007D4A2F /* lapi.c */; };
		4B170258164AB7CA007D4A2F /* lauxlib.c in Sources */ = {isa = PBXBuildFile; fileRef = 4B170236164AB7CA007D4A2F /* lauxlib.c */; };
		4B170259164AB7CA007D4A2F /* lbaselib.c in Sources */ = {isa = PBXBuildFile; fileRef = 4B170237164AB7CA007D4A2F /* lbaselib.c */; };
		4B17025A164AB7CA007D4A2F /* lbitlib.c in Sources */ = {isa = PBXBuildFile; fileRef = 4B170238164AB7CA007D4A2F /* lbitlib.c */; };
		4B17025B164AB7CA007D4A2F /* lcode.c in Sources */ = {isa = PBXBuildFile; fileRef = 4B170239164AB7CA007D4A2F /* lcode.c */; };
		4B17025C164AB7CA007D4A2F /* lcorolib.c in Sources */ = {isa = PBXBuildFile; fileRef = 4B17023A164AB7CA007D4A2F /* lcorolib.c */; };
		4B17025D164AB7CA007D4A2F /* lctype.c in Sources */ = {isa = PBXBuildFile; fileRef = 4B17023B164AB7CA007D4A2F /* lctype.c */; };
		4B17025E164AB7CA007D4A2F /* ldblib.c in Sources */ = {isa = PBXBuildFile; fileRef = 4B17023C164AB7CA007D4A2F /* ldblib.c */; };
		4B17025F164AB7CA007D4A2F /* ldebug.c in Sources */ = {isa = PBXBuildFile; fileRef = 4B17023D164AB7CA007D4A2F /* ldebug.c */; };
		4B170260164AB7CA007D4A2F /* ldo.c in Sources */ = {isa = PBXBuildFile; fileRef = 4B17023E164AB7CA007D4A2F /* ldo.c */; };
		4B170261164AB7CA007D4A2F /* ldump.c in Sources */ = {isa = PBXBuildFile; fileRef = 4B17023F164AB7CA007D4A2F /* ldump.c */; };
		4B170262164AB7CA007D4A2F /* lfunc.c in Sources */ = {isa = PBXBuildFile; fileRef = 4B170240164AB7CA007D4A2F /* lfunc.c */; };
		4B170263164AB7CA007D4A2F /* lgc.c in Sources */ = {isa = PBXBuildFile; fileRef = 4B170241164AB7CA007D4A2F /* lgc.c */; };
		4B170264164AB7CA007D4A2F /* linit.c in Sources */ = {isa = PBXBuildFile; fileRef = 4B170242164AB7CA007D4A2F /* linit.c */; };
		4B170265164AB7CA007D4A2F /* liolib.c in Sources */ = {isa = PBXBuildFile; fileRef = 4B170243164AB7CA007D4A2F /* liolib.c */; };
		4B170266164AB7CA007D4A2F /* llex.c in Sources */ = {isa = PBXBuildFile; fileRef = 4B170244164AB7CA007D4A2F /* llex.c */; };
		4B170267164AB7CA007D4A2F /* lmathlib.c in Sources */ = {isa = PBXBuildFile; fileRef = 4B170245164AB7CA007D4A2F /* lmathlib.c */; };
		4B170268164AB7CA007D4A2F /* lmem.c in Sources */ = {isa = PBXBuildFile; fileRef = 4B170246164AB7CA007D4A2F /* lmem.c */; };
		4B170269164AB7CA007D4A2F /* loadlib.c in Sources */ = {isa = PBXBuildFile; fileRef = 4B170247164AB7CA007D4A2F /* loadlib.c */; };
		4B17026A164AB7CA007D4A2F /* lobject.c in Sources */ = {isa = PBXBuildFile; fileRef = 4B170248164AB7CA007D4A2F /* lobject.c */; };
		4B17026B164AB7CA007D4A2F /* lopcodes.c in Sources */ = {isa = PBXBuildFile; fileRef = 4B170249164AB7CA007D4A2F /* lopcodes.c */; };
		4B17026C164AB7CA007D4A2F /* loslib.c in Sources */ = {isa = PBXBuildFile; fileRef = 4B17024A164AB7CA007D4A2F /* loslib.c */; };
		4B17026D164AB7CA007D4A2F /* lparser.c in Sources */ = {isa = PBXBuildFile; fileRef = 4B17024B164AB7CA007D4A2F /* lparser.c */; };
		4B17026E164AB7CA007D4A2F /* lstate.c in Sources */ = {isa = PBXBuildFile; fileRef = 4B17024C164AB7CA007D4A2F /* lstate.c */; };
		4B17026F164AB7CA007D4A2F /* lstring.c in Sources */ = {isa = PBXBuildFile; fileRef = 4B17024D164AB7CA007D4A2F /* lstring.c */; };
		4B170270164AB7CA007D4A2F /* lstrlib.c in Sources */ = {isa = PBXBuildFile; fileRef = 4B17024E164AB7CA007D4A2F /* lstrlib.c */; };
		4B170271164AB7CA007D4A2F /* ltable.c in Sources */ = {isa = PBXBuildFile; fileRef = 4B17024F164AB7CA007D4A2F /* ltable.c */; };
		4B170272164AB7CA007D4A2F /* ltablib.c in Sources */ = {isa = PBXBuildFile; fileRef = 4B170250164AB7CA007D4A2F /* ltablib.c */; };
		4B170273164AB7CA007D4A2F /* ltm.c in Sources */ = {isa = PBXBuildFile; fileRef = 4B170251164AB7CA007D4A2F /* ltm.c */; };
		4B170276164AB7CA007D4A2F /* lundump.c in Sources */ = {isa = PBXBuildFile; fileRef = 4B170254164AB7CA007D4A2F /* lundump.c */; };
		4B170277164AB7CA007D4A2F /* lvm.c in Sources */ = {isa = PBXBuildFile; fileRef = 4B170255164AB7CA007D4A2F /* lvm.c */; };
		4B170278164AB7CA007D4A2F /* lzio.c in Sources */ = {isa = PBXBuildFile; fileRef = 4B170256164AB7CA007D4A2F /* lzio.c */; };
		4BB93825164DF69400EC9983 /* ChipmunkDebugDraw.cpp in Sources */ = {isa = PBXBuildFile; fileRef = 4BB93824164DF69300EC9983 /* ChipmunkDebugDraw.cpp */; };
		4BBF7C2F1664284900957DA4 /* Camera.cpp in Sources */ = {isa = PBXBuildFile; fileRef = 4BBF7C071664284900957DA4 /* Camera.cpp */; };
		4BBF7C301664284900957DA4 /* Game.cpp in Sources */ = {isa = PBXBuildFile; fileRef = 4BBF7C091664284900957DA4 /* Game.cpp */; };
		4BBF7C311664284900957DA4 /* glfont2.cpp in Sources */ = {isa = PBXBuildFile; fileRef = 4BBF7C0B1664284900957DA4 /* glfont2.cpp */; };
		4BBF7C321664284900957DA4 /* Physics.cpp in Sources */ = {isa = PBXBuildFile; fileRef = 4BBF7C0E1664284900957DA4 /* Physics.cpp */; };
		4BBF7C3E1664284900957DA4 /* Renderer.cpp in Sources */ = {isa = PBXBuildFile; fileRef = 4BBF7C1F1664284900957DA4 /* Renderer.cpp */; };
		4BBF7C4D166428CF00957DA4 /* Waterfall in Resources */ = {isa = PBXBuildFile; fileRef = 4BBF7C4C166428CF00957DA4 /* Waterfall */; };
		4BC94FF3165C54FB00AF8A8E /* libChipmunk-iPhone.a in Frameworks */ = {isa = PBXBuildFile; fileRef = 4BC94FF2165C54FB00AF8A8E /* libChipmunk-iPhone.a */; };
		4BC94FFD165C5A3000AF8A8E /* MyOpenALSupport.c in Sources */ = {isa = PBXBuildFile; fileRef = 4BC94FF8165C5A3000AF8A8E /* MyOpenALSupport.c */; };
		4BC94FFE165C5A3000AF8A8E /* SoundManager.m in Sources */ = {isa = PBXBuildFile; fileRef = 4BC94FFB165C5A3000AF8A8E /* SoundManager.m */; };
		4BC95000165C5A6000AF8A8E /* AudioToolbox.framework in Frameworks */ = {isa = PBXBuildFile; fileRef = 4BC94FFF165C5A6000AF8A8E /* AudioToolbox.framework */; };
		4BC95002165C5A6800AF8A8E /* OpenAL.framework in Frameworks */ = {isa = PBXBuildFile; fileRef = 4BC95001165C5A6800AF8A8E /* OpenAL.framework */; };
		4BC95004165C5A8A00AF8A8E /* AVFoundation.framework in Frameworks */ = {isa = PBXBuildFile; fileRef = 4BC95003165C5A8A00AF8A8E /* AVFoundation.framework */; };
		4BC9500A165C68E500AF8A8E /* flip.caf in Resources */ = {isa = PBXBuildFile; fileRef = 4BC95009165C68E400AF8A8E /* flip.caf */; };
		4BE9DFD8164C11F200599EB8 /* PinballBridge.mm in Sources */ = {isa = PBXBuildFile; fileRef = 4BE9DFD7164C11F200599EB8 /* PinballBridge.mm */; };
/* End PBXBuildFile section */

/* Begin PBXFileReference section */
		4B1701F6164AAC4F007D4A2F /* PorkyPinball.app */ = {isa = PBXFileReference; explicitFileType = wrapper.application; includeInIndex = 0; path = PorkyPinball.app; sourceTree = BUILT_PRODUCTS_DIR; };
		4B1701FA164AAC4F007D4A2F /* UIKit.framework */ = {isa = PBXFileReference; lastKnownFileType = wrapper.framework; name = UIKit.framework; path = System/Library/Frameworks/UIKit.framework; sourceTree = SDKROOT; };
		4B1701FC164AAC4F007D4A2F /* Foundation.framework */ = {isa = PBXFileReference; lastKnownFileType = wrapper.framework; name = Foundation.framework; path = System/Library/Frameworks/Foundation.framework; sourceTree = SDKROOT; };
		4B1701FE164AAC4F007D4A2F /* CoreGraphics.framework */ = {isa = PBXFileReference; lastKnownFileType = wrapper.framework; name = CoreGraphics.framework; path = System/Library/Frameworks/CoreGraphics.framework; sourceTree = SDKROOT; };
		4B170200164AAC4F007D4A2F /* GLKit.framework */ = {isa = PBXFileReference; lastKnownFileType = wrapper.framework; name = GLKit.framework; path = System/Library/Frameworks/GLKit.framework; sourceTree = SDKROOT; };
		4B170202164AAC4F007D4A2F /* OpenGLES.framework */ = {isa = PBXFileReference; lastKnownFileType = wrapper.framework; name = OpenGLES.framework; path = System/Library/Frameworks/OpenGLES.framework; sourceTree = SDKROOT; };
		4B170206164AAC50007D4A2F /* PorkyPinball-Info.plist */ = {isa = PBXFileReference; lastKnownFileType = text.plist.xml; path = "PorkyPinball-Info.plist"; sourceTree = "<group>"; };
		4B170208164AAC50007D4A2F /* en */ = {isa = PBXFileReference; lastKnownFileType = text.plist.strings; name = en; path = en.lproj/InfoPlist.strings; sourceTree = "<group>"; };
		4B17020A164AAC50007D4A2F /* main.m */ = {isa = PBXFileReference; lastKnownFileType = sourcecode.c.objc; path = main.m; sourceTree = "<group>"; };
		4B17020C164AAC50007D4A2F /* PorkyPinball-Prefix.pch */ = {isa = PBXFileReference; lastKnownFileType = sourcecode.c.h; path = "PorkyPinball-Prefix.pch"; sourceTree = "<group>"; };
		4B17020D164AAC50007D4A2F /* AppDelegate.h */ = {isa = PBXFileReference; lastKnownFileType = sourcecode.c.h; path = AppDelegate.h; sourceTree = "<group>"; };
		4B17020E164AAC50007D4A2F /* AppDelegate.m */ = {isa = PBXFileReference; lastKnownFileType = sourcecode.c.objc; path = AppDelegate.m; sourceTree = "<group>"; };
		4B170210164AAC50007D4A2F /* Shader.fsh */ = {isa = PBXFileReference; lastKnownFileType = sourcecode.glsl; name = Shader.fsh; path = Shaders/Shader.fsh; sourceTree = "<group>"; };
		4B170212164AAC50007D4A2F /* Shader.vsh */ = {isa = PBXFileReference; lastKnownFileType = sourcecode.glsl; name = Shader.vsh; path = Shaders/Shader.vsh; sourceTree = "<group>"; };
		4B170214164AAC50007D4A2F /* ViewController.h */ = {isa = PBXFileReference; explicitFileType = sourcecode.cpp.h; path = ViewController.h; sourceTree = "<group>"; };
		4B170215164AAC50007D4A2F /* ViewController.mm */ = {isa = PBXFileReference; lastKnownFileType = sourcecode.cpp.objcpp; path = ViewController.mm; sourceTree = "<group>"; };
		4B170218164AAC50007D4A2F /* en */ = {isa = PBXFileReference; lastKnownFileType = file.xib; name = en; path = en.lproj/ViewController.xib; sourceTree = "<group>"; };
		4B170235164AB7CA007D4A2F /* lapi.c */ = {isa = PBXFileReference; fileEncoding = 4; lastKnownFileType = sourcecode.c.c; name = lapi.c; path = "../../../../../../../src/lua/lua 5.2.1/lapi.c"; sourceTree = "<group>"; };
		4B170236164AB7CA007D4A2F /* lauxlib.c */ = {isa = PBXFileReference; fileEncoding = 4; lastKnownFileType = sourcecode.c.c; name = lauxlib.c; path = "../../../../../../../src/lua/lua 5.2.1/lauxlib.c"; sourceTree = "<group>"; };
		4B170237164AB7CA007D4A2F /* lbaselib.c */ = {isa = PBXFileReference; fileEncoding = 4; lastKnownFileType = sourcecode.c.c; name = lbaselib.c; path = "../../../../../../../src/lua/lua 5.2.1/lbaselib.c"; sourceTree = "<group>"; };
		4B170238164AB7CA007D4A2F /* lbitlib.c */ = {isa = PBXFileReference; fileEncoding = 4; lastKnownFileType = sourcecode.c.c; name = lbitlib.c; path = "../../../../../../../src/lua/lua 5.2.1/lbitlib.c"; sourceTree = "<group>"; };
		4B170239164AB7CA007D4A2F /* lcode.c */ = {isa = PBXFileReference; fileEncoding = 4; lastKnownFileType = sourcecode.c.c; name = lcode.c; path = "../../../../../../../src/lua/lua 5.2.1/lcode.c"; sourceTree = "<group>"; };
		4B17023A164AB7CA007D4A2F /* lcorolib.c */ = {isa = PBXFileReference; fileEncoding = 4; lastKnownFileType = sourcecode.c.c; name = lcorolib.c; path = "../../../../../../../src/lua/lua 5.2.1/lcorolib.c"; sourceTree = "<group>"; };
		4B17023B164AB7CA007D4A2F /* lctype.c */ = {isa = PBXFileReference; fileEncoding = 4; lastKnownFileType = sourcecode.c.c; name = lctype.c; path = "../../../../../../../src/lua/lua 5.2.1/lctype.c"; sourceTree = "<group>"; };
		4B17023C164AB7CA007D4A2F /* ldblib.c */ = {isa = PBXFileReference; fileEncoding = 4; lastKnownFileType = sourcecode.c.c; name = ldblib.c; path = "../../../../../../../src/lua/lua 5.2.1/ldblib.c"; sourceTree = "<group>"; };
		4B17023D164AB7CA007D4A2F /* ldebug.c */ = {isa = PBXFileReference; fileEncoding = 4; lastKnownFileType = sourcecode.c.c; name = ldebug.c; path = "../../../../../../../src/lua/lua 5.2.1/ldebug.c"; sourceTree = "<group>"; };
		4B17023E164AB7CA007D4A2F /* ldo.c */ = {isa = PBXFileReference; fileEncoding = 4; lastKnownFileType = sourcecode.c.c; name = ldo.c; path = "../../../../../../../src/lua/lua 5.2.1/ldo.c"; sourceTree = "<group>"; };
		4B17023F164AB7CA007D4A2F /* ldump.c */ = {isa = PBXFileReference; fileEncoding = 4; lastKnownFileType = sourcecode.c.c; name = ldump.c; path = "../../../../../../../src/lua/lua 5.2.1/ldump.c"; sourceTree = "<group>"; };
		4B170240164AB7CA007D4A2F /* lfunc.c */ = {isa = PBXFileReference; fileEncoding = 4; lastKnownFileType = sourcecode.c.c; name = lfunc.c; path = "../../../../../../../src/lua/lua 5.2.1/lfunc.c"; sourceTree = "<group>"; };
		4B170241164AB7CA007D4A2F /* lgc.c */ = {isa = PBXFileReference; fileEncoding = 4; lastKnownFileType = sourcecode.c.c; name = lgc.c; path = "../../../../../../../src/lua/lua 5.2.1/lgc.c"; sourceTree = "<group>"; };
		4B170242164AB7CA007D4A2F /* linit.c */ = {isa = PBXFileReference; fileEncoding = 4; lastKnownFileType = sourcecode.c.c; name = linit.c; path = "../../../../../../../src/lua/lua 5.2.1/linit.c"; sourceTree = "<group>"; };
		4B170243164AB7CA007D4A2F /* liolib.c */ = {isa = PBXFileReference; fileEncoding = 4; lastKnownFileType = sourcecode.c.c; name = liolib.c; path = "../../../../../../../src/lua/lua 5.2.1/liolib.c"; sourceTree = "<group>"; };
		4B170244164AB7CA007D4A2F /* llex.c */ = {isa = PBXFileReference; fileEncoding = 4; lastKnownFileType = sourcecode.c.c; name = llex.c; path = "../../../../../../../src/lua/lua 5.2.1/llex.c"; sourceTree = "<group>"; };
		4B170245164AB7CA007D4A2F /* lmathlib.c */ = {isa = PBXFileReference; fileEncoding = 4; lastKnownFileType = sourcecode.c.c; name = lmathlib.c; path = "../../../../../../../src/lua/lua 5.2.1/lmathlib.c"; sourceTree = "<group>"; };
		4B170246164AB7CA007D4A2F /* lmem.c */ = {isa = PBXFileReference; fileEncoding = 4; lastKnownFileType = sourcecode.c.c; name = lmem.c; path = "../../../../../../../src/lua/lua 5.2.1/lmem.c"; sourceTree = "<group>"; };
		4B170247164AB7CA007D4A2F /* loadlib.c */ = {isa = PBXFileReference; fileEncoding = 4; lastKnownFileType = sourcecode.c.c; name = loadlib.c; path = "../../../../../../../src/lua/lua 5.2.1/loadlib.c"; sourceTree = "<group>"; };
		4B170248164AB7CA007D4A2F /* lobject.c */ = {isa = PBXFileReference; fileEncoding = 4; lastKnownFileType = sourcecode.c.c; name = lobject.c; path = "../../../../../../../src/lua/lua 5.2.1/lobject.c"; sourceTree = "<group>"; };
		4B170249164AB7CA007D4A2F /* lopcodes.c */ = {isa = PBXFileReference; fileEncoding = 4; lastKnownFileType = sourcecode.c.c; name = lopcodes.c; path = "../../../../../../../src/lua/lua 5.2.1/lopcodes.c"; sourceTree = "<group>"; };
		4B17024A164AB7CA007D4A2F /* loslib.c */ = {isa = PBXFileReference; fileEncoding = 4; lastKnownFileType = sourcecode.c.c; name = loslib.c; path = "../../../../../../../src/lua/lua 5.2.1/loslib.c"; sourceTree = "<group>"; };
		4B17024B164AB7CA007D4A2F /* lparser.c */ = {isa = PBXFileReference; fileEncoding = 4; lastKnownFileType = sourcecode.c.c; name = lparser.c; path = "../../../../../../../src/lua/lua 5.2.1/lparser.c"; sourceTree = "<group>"; };
		4B17024C164AB7CA007D4A2F /* lstate.c */ = {isa = PBXFileReference; fileEncoding = 4; lastKnownFileType = sourcecode.c.c; name = lstate.c; path = "../../../../../../../src/lua/lua 5.2.1/lstate.c"; sourceTree = "<group>"; };
		4B17024D164AB7CA007D4A2F /* lstring.c */ = {isa = PBXFileReference; fileEncoding = 4; lastKnownFileType = sourcecode.c.c; name = lstring.c; path = "../../../../../../../src/lua/lua 5.2.1/lstring.c"; sourceTree = "<group>"; };
		4B17024E164AB7CA007D4A2F /* lstrlib.c */ = {isa = PBXFileReference; fileEncoding = 4; lastKnownFileType = sourcecode.c.c; name = lstrlib.c; path = "../../../../../../../src/lua/lua 5.2.1/lstrlib.c"; sourceTree = "<group>"; };
		4B17024F164AB7CA007D4A2F /* ltable.c */ = {isa = PBXFileReference; fileEncoding = 4; lastKnownFileType = sourcecode.c.c; name = ltable.c; path = "../../../../../../../src/lua/lua 5.2.1/ltable.c"; sourceTree = "<group>"; };
		4B170250164AB7CA007D4A2F /* ltablib.c */ = {isa = PBXFileReference; fileEncoding = 4; lastKnownFileType = sourcecode.c.c; name = ltablib.c; path = "../../../../../../../src/lua/lua 5.2.1/ltablib.c"; sourceTree = "<group>"; };
		4B170251164AB7CA007D4A2F /* ltm.c */ = {isa = PBXFileReference; fileEncoding = 4; lastKnownFileType = sourcecode.c.c; name = ltm.c; path = "../../../../../../../src/lua/lua 5.2.1/ltm.c"; sourceTree = "<group>"; };
		4B170254164AB7CA007D4A2F /* lundump.c */ = {isa = PBXFileReference; fileEncoding = 4; lastKnownFileType = sourcecode.c.c; name = lundump.c; path = "../../../../../../../src/lua/lua 5.2.1/lundump.c"; sourceTree = "<group>"; };
		4B170255164AB7CA007D4A2F /* lvm.c */ = {isa = PBXFileReference; fileEncoding = 4; lastKnownFileType = sourcecode.c.c; name = lvm.c; path = "../../../../../../../src/lua/lua 5.2.1/lvm.c"; sourceTree = "<group>"; };
		4B170256164AB7CA007D4A2F /* lzio.c */ = {isa = PBXFileReference; fileEncoding = 4; lastKnownFileType = sourcecode.c.c; name = lzio.c; path = "../../../../../../../src/lua/lua 5.2.1/lzio.c"; sourceTree = "<group>"; };
		4B77E0791655729C0065BE6E /* libChipmunk-iPhone.a */ = {isa = PBXFileReference; lastKnownFileType = archive.ar; name = "libChipmunk-iPhone.a"; path = "/lib/chipmunk/iphone simulator/libChipmunk-iPhone.a"; sourceTree = "<absolute>"; };
		4BB93824164DF69300EC9983 /* ChipmunkDebugDraw.cpp */ = {isa = PBXFileReference; fileEncoding = 4; lastKnownFileType = sourcecode.cpp.cpp; name = ChipmunkDebugDraw.cpp; path = ../../../../../../../src/chipmunk/debugdraw/ChipmunkDebugDraw.cpp; sourceTree = "<group>"; };
		4BBF7C071664284900957DA4 /* Camera.cpp */ = {isa = PBXFileReference; fileEncoding = 4; lastKnownFileType = sourcecode.cpp.cpp; path = Camera.cpp; sourceTree = "<group>"; };
		4BBF7C081664284900957DA4 /* Camera.h */ = {isa = PBXFileReference; fileEncoding = 4; lastKnownFileType = sourcecode.c.h; path = Camera.h; sourceTree = "<group>"; };
		4BBF7C091664284900957DA4 /* Game.cpp */ = {isa = PBXFileReference; fileEncoding = 4; lastKnownFileType = sourcecode.cpp.cpp; path = Game.cpp; sourceTree = "<group>"; };
		4BBF7C0A1664284900957DA4 /* Game.h */ = {isa = PBXFileReference; fileEncoding = 4; lastKnownFileType = sourcecode.c.h; path = Game.h; sourceTree = "<group>"; };
		4BBF7C0B1664284900957DA4 /* glfont2.cpp */ = {isa = PBXFileReference; fileEncoding = 4; lastKnownFileType = sourcecode.cpp.cpp; path = glfont2.cpp; sourceTree = "<group>"; };
		4BBF7C0C1664284900957DA4 /* glfont2.h */ = {isa = PBXFileReference; fileEncoding = 4; lastKnownFileType = sourcecode.c.h; path = glfont2.h; sourceTree = "<group>"; };
		4BBF7C0D1664284900957DA4 /* Parts.h */ = {isa = PBXFileReference; fileEncoding = 4; lastKnownFileType = sourcecode.c.h; path = Parts.h; sourceTree = "<group>"; };
		4BBF7C0E1664284900957DA4 /* Physics.cpp */ = {isa = PBXFileReference; fileEncoding = 4; lastKnownFileType = sourcecode.cpp.cpp; path = Physics.cpp; sourceTree = "<group>"; };
		4BBF7C101664284900957DA4 /* Physics.h */ = {isa = PBXFileReference; fileEncoding = 4; lastKnownFileType = sourcecode.c.h; path = Physics.h; sourceTree = "<group>"; };
		4BBF7C111664284900957DA4 /* PhysicsDelegate.h */ = {isa = PBXFileReference; fileEncoding = 4; lastKnownFileType = sourcecode.c.h; path = PhysicsDelegate.h; sourceTree = "<group>"; };
		4BBF7C121664284900957DA4 /* PinballBridgeInterface.h */ = {isa = PBXFileReference; fileEncoding = 4; lastKnownFileType = sourcecode.c.h; path = PinballBridgeInterface.h; sourceTree = "<group>"; };
		4BBF7C1F1664284900957DA4 /* Renderer.cpp */ = {isa = PBXFileReference; fileEncoding = 4; lastKnownFileType = sourcecode.cpp.cpp; path = Renderer.cpp; sourceTree = "<group>"; };
		4BBF7C201664284900957DA4 /* Renderer.h */ = {isa = PBXFileReference; fileEncoding = 4; lastKnownFileType = sourcecode.c.h; path = Renderer.h; sourceTree = "<group>"; };
		4BBF7C211664284900957DA4 /* TimerDelegate.h */ = {isa = PBXFileReference; fileEncoding = 4; lastKnownFileType = sourcecode.c.h; path = TimerDelegate.h; sourceTree = "<group>"; };
		4BBF7C4C166428CF00957DA4 /* Waterfall */ = {isa = PBXFileReference; lastKnownFileType = folder; path = Waterfall; sourceTree = "<group>"; };
		4BC94FF2165C54FB00AF8A8E /* libChipmunk-iPhone.a */ = {isa = PBXFileReference; lastKnownFileType = archive.ar; name = "libChipmunk-iPhone.a"; path = "/lib/chipmunk/libChipmunk-iPhone.a"; sourceTree = "<absolute>"; };
		4BC94FF8165C5A3000AF8A8E /* MyOpenALSupport.c */ = {isa = PBXFileReference; fileEncoding = 4; lastKnownFileType = sourcecode.c.c; path = MyOpenALSupport.c; sourceTree = "<group>"; };
		4BC94FF9165C5A3000AF8A8E /* MyOpenALSupport.h */ = {isa = PBXFileReference; fileEncoding = 4; lastKnownFileType = sourcecode.c.h; path = MyOpenALSupport.h; sourceTree = "<group>"; };
		4BC94FFA165C5A3000AF8A8E /* SoundManager.h */ = {isa = PBXFileReference; fileEncoding = 4; lastKnownFileType = sourcecode.c.h; path = SoundManager.h; sourceTree = "<group>"; };
		4BC94FFB165C5A3000AF8A8E /* SoundManager.m */ = {isa = PBXFileReference; fileEncoding = 4; lastKnownFileType = sourcecode.c.objc; path = SoundManager.m; sourceTree = "<group>"; };
		4BC94FFC165C5A3000AF8A8E /* SynthesizeSingleton.h */ = {isa = PBXFileReference; fileEncoding = 4; lastKnownFileType = sourcecode.c.h; path = SynthesizeSingleton.h; sourceTree = "<group>"; };
		4BC94FFF165C5A6000AF8A8E /* AudioToolbox.framework */ = {isa = PBXFileReference; lastKnownFileType = wrapper.framework; name = AudioToolbox.framework; path = System/Library/Frameworks/AudioToolbox.framework; sourceTree = SDKROOT; };
		4BC95001165C5A6800AF8A8E /* OpenAL.framework */ = {isa = PBXFileReference; lastKnownFileType = wrapper.framework; name = OpenAL.framework; path = System/Library/Frameworks/OpenAL.framework; sourceTree = SDKROOT; };
		4BC95003165C5A8A00AF8A8E /* AVFoundation.framework */ = {isa = PBXFileReference; lastKnownFileType = wrapper.framework; name = AVFoundation.framework; path = System/Library/Frameworks/AVFoundation.framework; sourceTree = SDKROOT; };
		4BC95009165C68E400AF8A8E /* flip.caf */ = {isa = PBXFileReference; lastKnownFileType = file; path = flip.caf; sourceTree = "<group>"; };
		4BE9DFD6164C11F200599EB8 /* PinballBridge.h */ = {isa = PBXFileReference; fileEncoding = 4; lastKnownFileType = sourcecode.c.h; path = PinballBridge.h; sourceTree = "<group>"; };
		4BE9DFD7164C11F200599EB8 /* PinballBridge.mm */ = {isa = PBXFileReference; fileEncoding = 4; lastKnownFileType = sourcecode.cpp.objcpp; path = PinballBridge.mm; sourceTree = "<group>"; };
/* End PBXFileReference section */

/* Begin PBXFrameworksBuildPhase section */
		4B1701F3164AAC4F007D4A2F /* Frameworks */ = {
			isa = PBXFrameworksBuildPhase;
			buildActionMask = 2147483647;
			files = (
				4BC95004165C5A8A00AF8A8E /* AVFoundation.framework in Frameworks */,
				4BC95002165C5A6800AF8A8E /* OpenAL.framework in Frameworks */,
				4BC95000165C5A6000AF8A8E /* AudioToolbox.framework in Frameworks */,
				4BC94FF3165C54FB00AF8A8E /* libChipmunk-iPhone.a in Frameworks */,
				4B1701FB164AAC4F007D4A2F /* UIKit.framework in Frameworks */,
				4B1701FD164AAC4F007D4A2F /* Foundation.framework in Frameworks */,
				4B1701FF164AAC4F007D4A2F /* CoreGraphics.framework in Frameworks */,
				4B170201164AAC4F007D4A2F /* GLKit.framework in Frameworks */,
				4B170203164AAC4F007D4A2F /* OpenGLES.framework in Frameworks */,
			);
			runOnlyForDeploymentPostprocessing = 0;
		};
/* End PBXFrameworksBuildPhase section */

/* Begin PBXGroup section */
		4B1701EB164AAC4E007D4A2F = {
			isa = PBXGroup;
			children = (
				4B170204164AAC50007D4A2F /* PorkyPinball */,
				4B1701F9164AAC4F007D4A2F /* Frameworks */,
				4B1701F7164AAC4F007D4A2F /* Products */,
			);
			sourceTree = "<group>";
		};
		4B1701F7164AAC4F007D4A2F /* Products */ = {
			isa = PBXGroup;
			children = (
				4B1701F6164AAC4F007D4A2F /* PorkyPinball.app */,
			);
			name = Products;
			sourceTree = "<group>";
		};
		4B1701F9164AAC4F007D4A2F /* Frameworks */ = {
			isa = PBXGroup;
			children = (
				4BC94FF2165C54FB00AF8A8E /* libChipmunk-iPhone.a */,
				4B77E0791655729C0065BE6E /* libChipmunk-iPhone.a */,
				4BC95003165C5A8A00AF8A8E /* AVFoundation.framework */,
				4BC95001165C5A6800AF8A8E /* OpenAL.framework */,
				4BC94FFF165C5A6000AF8A8E /* AudioToolbox.framework */,
				4B1701FA164AAC4F007D4A2F /* UIKit.framework */,
				4B1701FC164AAC4F007D4A2F /* Foundation.framework */,
				4B1701FE164AAC4F007D4A2F /* CoreGraphics.framework */,
				4B170200164AAC4F007D4A2F /* GLKit.framework */,
				4B170202164AAC4F007D4A2F /* OpenGLES.framework */,
			);
			name = Frameworks;
			sourceTree = "<group>";
		};
		4B170204164AAC50007D4A2F /* PorkyPinball */ = {
			isa = PBXGroup;
			children = (
				4BBF7C061664284900957DA4 /* shared */,
				4BC94FF7165C5A3000AF8A8E /* Audio */,
				4B170234164AB786007D4A2F /* lua */,
				4B17020D164AAC50007D4A2F /* AppDelegate.h */,
				4B17020E164AAC50007D4A2F /* AppDelegate.m */,
				4BE9DFD6164C11F200599EB8 /* PinballBridge.h */,
				4BE9DFD7164C11F200599EB8 /* PinballBridge.mm */,
				4B170210164AAC50007D4A2F /* Shader.fsh */,
				4B170212164AAC50007D4A2F /* Shader.vsh */,
				4B170214164AAC50007D4A2F /* ViewController.h */,
				4B170215164AAC50007D4A2F /* ViewController.mm */,
				4B170217164AAC50007D4A2F /* ViewController.xib */,
				4BB93824164DF69300EC9983 /* ChipmunkDebugDraw.cpp */,
				4B170205164AAC50007D4A2F /* Supporting Files */,
			);
			path = PorkyPinball;
			sourceTree = "<group>";
		};
		4B170205164AAC50007D4A2F /* Supporting Files */ = {
			isa = PBXGroup;
			children = (
				4B170206164AAC50007D4A2F /* PorkyPinball-Info.plist */,
				4B170207164AAC50007D4A2F /* InfoPlist.strings */,
				4B17020A164AAC50007D4A2F /* main.m */,
				4B17020C164AAC50007D4A2F /* PorkyPinball-Prefix.pch */,
			);
			name = "Supporting Files";
			sourceTree = "<group>";
		};
		4B170234164AB786007D4A2F /* lua */ = {
			isa = PBXGroup;
			children = (
				4B170235164AB7CA007D4A2F /* lapi.c */,
				4B170236164AB7CA007D4A2F /* lauxlib.c */,
				4B170237164AB7CA007D4A2F /* lbaselib.c */,
				4B170238164AB7CA007D4A2F /* lbitlib.c */,
				4B170239164AB7CA007D4A2F /* lcode.c */,
				4B17023A164AB7CA007D4A2F /* lcorolib.c */,
				4B17023B164AB7CA007D4A2F /* lctype.c */,
				4B17023C164AB7CA007D4A2F /* ldblib.c */,
				4B17023D164AB7CA007D4A2F /* ldebug.c */,
				4B17023E164AB7CA007D4A2F /* ldo.c */,
				4B17023F164AB7CA007D4A2F /* ldump.c */,
				4B170240164AB7CA007D4A2F /* lfunc.c */,
				4B170241164AB7CA007D4A2F /* lgc.c */,
				4B170242164AB7CA007D4A2F /* linit.c */,
				4B170243164AB7CA007D4A2F /* liolib.c */,
				4B170244164AB7CA007D4A2F /* llex.c */,
				4B170245164AB7CA007D4A2F /* lmathlib.c */,
				4B170246164AB7CA007D4A2F /* lmem.c */,
				4B170247164AB7CA007D4A2F /* loadlib.c */,
				4B170248164AB7CA007D4A2F /* lobject.c */,
				4B170249164AB7CA007D4A2F /* lopcodes.c */,
				4B17024A164AB7CA007D4A2F /* loslib.c */,
				4B17024B164AB7CA007D4A2F /* lparser.c */,
				4B17024C164AB7CA007D4A2F /* lstate.c */,
				4B17024D164AB7CA007D4A2F /* lstring.c */,
				4B17024E164AB7CA007D4A2F /* lstrlib.c */,
				4B17024F164AB7CA007D4A2F /* ltable.c */,
				4B170250164AB7CA007D4A2F /* ltablib.c */,
				4B170251164AB7CA007D4A2F /* ltm.c */,
				4B170254164AB7CA007D4A2F /* lundump.c */,
				4B170255164AB7CA007D4A2F /* lvm.c */,
				4B170256164AB7CA007D4A2F /* lzio.c */,
			);
			name = lua;
			sourceTree = "<group>";
		};
		4BBF7C061664284900957DA4 /* shared */ = {
			isa = PBXGroup;
			children = (
				4BBF7C4C166428CF00957DA4 /* Waterfall */,
				4BBF7C071664284900957DA4 /* Camera.cpp */,
				4BBF7C081664284900957DA4 /* Camera.h */,
				4BBF7C091664284900957DA4 /* Game.cpp */,
				4BBF7C0A1664284900957DA4 /* Game.h */,
				4BBF7C0B1664284900957DA4 /* glfont2.cpp */,
				4BBF7C0C1664284900957DA4 /* glfont2.h */,
				4BBF7C0D1664284900957DA4 /* Parts.h */,
				4BBF7C0E1664284900957DA4 /* Physics.cpp */,
				4BBF7C101664284900957DA4 /* Physics.h */,
				4BBF7C111664284900957DA4 /* PhysicsDelegate.h */,
				4BBF7C121664284900957DA4 /* PinballBridgeInterface.h */,
				4BBF7C1F1664284900957DA4 /* Renderer.cpp */,
				4BBF7C201664284900957DA4 /* Renderer.h */,
				4BBF7C211664284900957DA4 /* TimerDelegate.h */,
			);
			name = shared;
			path = ../../../shared;
			sourceTree = "<group>";
		};
		4BC94FF7165C5A3000AF8A8E /* Audio */ = {
			isa = PBXGroup;
			children = (
				4BC95009165C68E400AF8A8E /* flip.caf */,
				4BC94FF8165C5A3000AF8A8E /* MyOpenALSupport.c */,
				4BC94FF9165C5A3000AF8A8E /* MyOpenALSupport.h */,
				4BC94FFA165C5A3000AF8A8E /* SoundManager.h */,
				4BC94FFB165C5A3000AF8A8E /* SoundManager.m */,
				4BC94FFC165C5A3000AF8A8E /* SynthesizeSingleton.h */,
			);
			path = Audio;
			sourceTree = "<group>";
		};
/* End PBXGroup section */

/* Begin PBXNativeTarget section */
		4B1701F5164AAC4F007D4A2F /* PorkyPinball */ = {
			isa = PBXNativeTarget;
			buildConfigurationList = 4B17021C164AAC50007D4A2F /* Build configuration list for PBXNativeTarget "PorkyPinball" */;
			buildPhases = (
				4B1701F2164AAC4F007D4A2F /* Sources */,
				4B1701F3164AAC4F007D4A2F /* Frameworks */,
				4B1701F4164AAC4F007D4A2F /* Resources */,
			);
			buildRules = (
			);
			dependencies = (
			);
			name = PorkyPinball;
			productName = PorkyPinball;
			productReference = 4B1701F6164AAC4F007D4A2F /* PorkyPinball.app */;
			productType = "com.apple.product-type.application";
		};
/* End PBXNativeTarget section */

/* Begin PBXProject section */
		4B1701ED164AAC4E007D4A2F /* Project object */ = {
			isa = PBXProject;
			attributes = {
				LastUpgradeCheck = 0420;
				ORGANIZATIONNAME = "It-Just-Works Software, llc";
			};
			buildConfigurationList = 4B1701F0164AAC4E007D4A2F /* Build configuration list for PBXProject "PorkyPinball" */;
			compatibilityVersion = "Xcode 3.2";
			developmentRegion = English;
			hasScannedForEncodings = 0;
			knownRegions = (
				en,
			);
			mainGroup = 4B1701EB164AAC4E007D4A2F;
			productRefGroup = 4B1701F7164AAC4F007D4A2F /* Products */;
			projectDirPath = "";
			projectRoot = "";
			targets = (
				4B1701F5164AAC4F007D4A2F /* PorkyPinball */,
			);
		};
/* End PBXProject section */

/* Begin PBXResourcesBuildPhase section */
		4B1701F4164AAC4F007D4A2F /* Resources */ = {
			isa = PBXResourcesBuildPhase;
			buildActionMask = 2147483647;
			files = (
				4B170209164AAC50007D4A2F /* InfoPlist.strings in Resources */,
				4B170211164AAC50007D4A2F /* Shader.fsh in Resources */,
				4B170213164AAC50007D4A2F /* Shader.vsh in Resources */,
				4B170219164AAC50007D4A2F /* ViewController.xib in Resources */,
				4BC9500A165C68E500AF8A8E /* flip.caf in Resources */,
				4BBF7C4D166428CF00957DA4 /* Waterfall in Resources */,
			);
			runOnlyForDeploymentPostprocessing = 0;
		};
/* End PBXResourcesBuildPhase section */

/* Begin PBXSourcesBuildPhase section */
		4B1701F2164AAC4F007D4A2F /* Sources */ = {
			isa = PBXSourcesBuildPhase;
			buildActionMask = 2147483647;
			files = (
				4B17020B164AAC50007D4A2F /* main.m in Sources */,
				4B17020F164AAC50007D4A2F /* AppDelegate.m in Sources */,
				4B170216164AAC50007D4A2F /* ViewController.mm in Sources */,
				4B170257164AB7CA007D4A2F /* lapi.c in Sources */,
				4B170258164AB7CA007D4A2F /* lauxlib.c in Sources */,
				4B170259164AB7CA007D4A2F /* lbaselib.c in Sources */,
				4B17025A164AB7CA007D4A2F /* lbitlib.c in Sources */,
				4B17025B164AB7CA007D4A2F /* lcode.c in Sources */,
				4B17025C164AB7CA007D4A2F /* lcorolib.c in Sources */,
				4B17025D164AB7CA007D4A2F /* lctype.c in Sources */,
				4B17025E164AB7CA007D4A2F /* ldblib.c in Sources */,
				4B17025F164AB7CA007D4A2F /* ldebug.c in Sources */,
				4B170260164AB7CA007D4A2F /* ldo.c in Sources */,
				4B170261164AB7CA007D4A2F /* ldump.c in Sources */,
				4B170262164AB7CA007D4A2F /* lfunc.c in Sources */,
				4B170263164AB7CA007D4A2F /* lgc.c in Sources */,
				4B170264164AB7CA007D4A2F /* linit.c in Sources */,
				4B170265164AB7CA007D4A2F /* liolib.c in Sources */,
				4B170266164AB7CA007D4A2F /* llex.c in Sources */,
				4B170267164AB7CA007D4A2F /* lmathlib.c in Sources */,
				4B170268164AB7CA007D4A2F /* lmem.c in Sources */,
				4B170269164AB7CA007D4A2F /* loadlib.c in Sources */,
				4B17026A164AB7CA007D4A2F /* lobject.c in Sources */,
				4B17026B164AB7CA007D4A2F /* lopcodes.c in Sources */,
				4B17026C164AB7CA007D4A2F /* loslib.c in Sources */,
				4B17026D164AB7CA007D4A2F /* lparser.c in Sources */,
				4B17026E164AB7CA007D4A2F /* lstate.c in Sources */,
				4B17026F164AB7CA007D4A2F /* lstring.c in Sources */,
				4B170270164AB7CA007D4A2F /* lstrlib.c in Sources */,
				4B170271164AB7CA007D4A2F /* ltable.c in Sources */,
				4B170272164AB7CA007D4A2F /* ltablib.c in Sources */,
				4B170273164AB7CA007D4A2F /* ltm.c in Sources */,
				4B170276164AB7CA007D4A2F /* lundump.c in Sources */,
				4B170277164AB7CA007D4A2F /* lvm.c in Sources */,
				4B170278164AB7CA007D4A2F /* lzio.c in Sources */,
				4BE9DFD8164C11F200599EB8 /* PinballBridge.mm in Sources */,
				4BB93825164DF69400EC9983 /* ChipmunkDebugDraw.cpp in Sources */,
				4BC94FFD165C5A3000AF8A8E /* MyOpenALSupport.c in Sources */,
				4BC94FFE165C5A3000AF8A8E /* SoundManager.m in Sources */,
				4BBF7C2F1664284900957DA4 /* Camera.cpp in Sources */,
				4BBF7C301664284900957DA4 /* Game.cpp in Sources */,
				4BBF7C311664284900957DA4 /* glfont2.cpp in Sources */,
				4BBF7C321664284900957DA4 /* Physics.cpp in Sources */,
				4BBF7C3E1664284900957DA4 /* Renderer.cpp in Sources */,
			);
			runOnlyForDeploymentPostprocessing = 0;
		};
/* End PBXSourcesBuildPhase section */

/* Begin PBXVariantGroup section */
		4B170207164AAC50007D4A2F /* InfoPlist.strings */ = {
			isa = PBXVariantGroup;
			children = (
				4B170208164AAC50007D4A2F /* en */,
			);
			name = InfoPlist.strings;
			sourceTree = "<group>";
		};
		4B170217164AAC50007D4A2F /* ViewController.xib */ = {
			isa = PBXVariantGroup;
			children = (
				4B170218164AAC50007D4A2F /* en */,
			);
			name = ViewController.xib;
			sourceTree = "<group>";
		};
/* End PBXVariantGroup section */

/* Begin XCBuildConfiguration section */
		4B17021A164AAC50007D4A2F /* Debug */ = {
			isa = XCBuildConfiguration;
			buildSettings = {
				ALWAYS_SEARCH_USER_PATHS = NO;
				ARCHS = "$(ARCHS_STANDARD_32_BIT)";
				"CODE_SIGN_IDENTITY[sdk=iphoneos*]" = "iPhone Developer";
				COPY_PHASE_STRIP = NO;
				GCC_C_LANGUAGE_STANDARD = gnu99;
				GCC_DYNAMIC_NO_PIC = NO;
				GCC_OPTIMIZATION_LEVEL = 0;
				GCC_PREPROCESSOR_DEFINITIONS = (
					"DEBUG=1",
					"$(inherited)",
				);
				GCC_SYMBOLS_PRIVATE_EXTERN = NO;
				GCC_VERSION = com.apple.compilers.llvm.clang.1_0;
				GCC_WARN_ABOUT_MISSING_PROTOTYPES = YES;
				GCC_WARN_ABOUT_RETURN_TYPE = YES;
				GCC_WARN_UNUSED_VARIABLE = YES;
				IPHONEOS_DEPLOYMENT_TARGET = 5.0;
				LIBRARY_SEARCH_PATHS = "";
				SDKROOT = iphoneos;
				USER_HEADER_SEARCH_PATHS = "/include /include/lua/";
			};
			name = Debug;
		};
		4B17021B164AAC50007D4A2F /* Release */ = {
			isa = XCBuildConfiguration;
			buildSettings = {
				ALWAYS_SEARCH_USER_PATHS = NO;
				ARCHS = "$(ARCHS_STANDARD_32_BIT)";
				"CODE_SIGN_IDENTITY[sdk=iphoneos*]" = "iPhone Developer";
				COPY_PHASE_STRIP = YES;
				GCC_C_LANGUAGE_STANDARD = gnu99;
				GCC_VERSION = com.apple.compilers.llvm.clang.1_0;
				GCC_WARN_ABOUT_MISSING_PROTOTYPES = YES;
				GCC_WARN_ABOUT_RETURN_TYPE = YES;
				GCC_WARN_UNUSED_VARIABLE = YES;
				IPHONEOS_DEPLOYMENT_TARGET = 5.0;
				LIBRARY_SEARCH_PATHS = "";
				OTHER_CFLAGS = "-DNS_BLOCK_ASSERTIONS=1";
				SDKROOT = iphoneos;
				USER_HEADER_SEARCH_PATHS = "/include /include/lua/";
				VALIDATE_PRODUCT = YES;
			};
			name = Release;
		};
		4B17021D164AAC50007D4A2F /* Debug */ = {
			isa = XCBuildConfiguration;
			buildSettings = {
				GCC_PRECOMPILE_PREFIX_HEADER = YES;
				GCC_PREFIX_HEADER = "PorkyPinball/PorkyPinball-Prefix.pch";
				"GCC_THUMB_SUPPORT[arch=armv6]" = "";
				INFOPLIST_FILE = "PorkyPinball/PorkyPinball-Info.plist";
				LIBRARY_SEARCH_PATHS = (
					"$(inherited)",
					"\"/lib/chipmunk\"",
					"\"/lib\"",
				);
				PRODUCT_NAME = "$(TARGET_NAME)";
				WRAPPER_EXTENSION = app;
			};
			name = Debug;
		};
		4B17021E164AAC50007D4A2F /* Release */ = {
			isa = XCBuildConfiguration;
			buildSettings = {
				GCC_PRECOMPILE_PREFIX_HEADER = YES;
				GCC_PREFIX_HEADER = "PorkyPinball/PorkyPinball-Prefix.pch";
				"GCC_THUMB_SUPPORT[arch=armv6]" = "";
				INFOPLIST_FILE = "PorkyPinball/PorkyPinball-Info.plist";
				LIBRARY_SEARCH_PATHS = (
					"$(inherited)",
					"\"/lib/chipmunk\"",
					"\"/lib\"",
				);
				PRODUCT_NAME = "$(TARGET_NAME)";
				WRAPPER_EXTENSION = app;
			};
			name = Release;
		};
/* End XCBuildConfiguration section */

/* Begin XCConfigurationList section */
		4B1701F0164AAC4E007D4A2F /* Build configuration list for PBXProject "PorkyPinball" */ = {
			isa = XCConfigurationList;
			buildConfigurations = (
				4B17021A164AAC50007D4A2F /* Debug */,
				4B17021B164AAC50007D4A2F /* Release */,
			);
			defaultConfigurationIsVisible = 0;
			defaultConfigurationName = Release;
		};
		4B17021C164AAC50007D4A2F /* Build configuration list for PBXNativeTarget "PorkyPinball" */ = {
			isa = XCConfigurationList;
			buildConfigurations = (
				4B17021D164AAC50007D4A2F /* Debug */,
				4B17021E164AAC50007D4A2F /* Release */,
			);
			defaultConfigurationIsVisible = 0;
			defaultConfigurationName = Release;
		};
/* End XCConfigurationList section */
	};
	rootObject = 4B1701ED164AAC4E007D4A2F /* Project object */;
}
