// !$*UTF8*$!
{
	archiveVersion = 1;
	classes = {
	};
	objectVersion = 48;
	objects = {

/* Begin PBXBuildFile section */
		4CE8045F1FB2564A00FEE04E /* lbaselib.c in Sources */ = {isa = PBXBuildFile; fileRef = 4CE804211FB2564100FEE04E /* lbaselib.c */; };
		4CE804601FB2564A00FEE04E /* loadlib.c in Sources */ = {isa = PBXBuildFile; fileRef = 4CE804221FB2564100FEE04E /* loadlib.c */; };
		4CE804611FB2564A00FEE04E /* lobject.c in Sources */ = {isa = PBXBuildFile; fileRef = 4CE804231FB2564100FEE04E /* lobject.c */; };
		4CE804621FB2564A00FEE04E /* lzio.c in Sources */ = {isa = PBXBuildFile; fileRef = 4CE804261FB2564100FEE04E /* lzio.c */; };
		4CE804631FB2564A00FEE04E /* ldebug.c in Sources */ = {isa = PBXBuildFile; fileRef = 4CE804281FB2564100FEE04E /* ldebug.c */; };
		4CE804641FB2564A00FEE04E /* ltablib.c in Sources */ = {isa = PBXBuildFile; fileRef = 4CE8042A1FB2564100FEE04E /* ltablib.c */; };
		4CE804651FB2564A00FEE04E /* lauxlib.c in Sources */ = {isa = PBXBuildFile; fileRef = 4CE8042E1FB2564100FEE04E /* lauxlib.c */; };
		4CE804661FB2564A00FEE04E /* lstate.c in Sources */ = {isa = PBXBuildFile; fileRef = 4CE8042F1FB2564100FEE04E /* lstate.c */; };
		4CE804671FB2564A00FEE04E /* ltm.c in Sources */ = {isa = PBXBuildFile; fileRef = 4CE804301FB2564100FEE04E /* ltm.c */; };
		4CE804681FB2564A00FEE04E /* lcode.c in Sources */ = {isa = PBXBuildFile; fileRef = 4CE804321FB2564200FEE04E /* lcode.c */; };
		4CE804691FB2564A00FEE04E /* ldo.c in Sources */ = {isa = PBXBuildFile; fileRef = 4CE804341FB2564200FEE04E /* ldo.c */; };
		4CE8046B1FB2564A00FEE04E /* ldump.c in Sources */ = {isa = PBXBuildFile; fileRef = 4CE804361FB2564200FEE04E /* ldump.c */; };
		4CE8046C1FB2564A00FEE04E /* lmathlib.c in Sources */ = {isa = PBXBuildFile; fileRef = 4CE804391FB2564200FEE04E /* lmathlib.c */; };
		4CE8046D1FB2564A00FEE04E /* linit.c in Sources */ = {isa = PBXBuildFile; fileRef = 4CE8043D1FB2564300FEE04E /* linit.c */; };
		4CE8046E1FB2564A00FEE04E /* llex.c in Sources */ = {isa = PBXBuildFile; fileRef = 4CE8043E1FB2564300FEE04E /* llex.c */; };
		4CE8046F1FB2564A00FEE04E /* lstring.c in Sources */ = {isa = PBXBuildFile; fileRef = 4CE804411FB2564400FEE04E /* lstring.c */; };
		4CE804701FB2564A00FEE04E /* lcorolib.c in Sources */ = {isa = PBXBuildFile; fileRef = 4CE804431FB2564400FEE04E /* lcorolib.c */; };
		4CE804711FB2564A00FEE04E /* loslib.c in Sources */ = {isa = PBXBuildFile; fileRef = 4CE804461FB2564400FEE04E /* loslib.c */; };
		4CE804721FB2564A00FEE04E /* lctype.c in Sources */ = {isa = PBXBuildFile; fileRef = 4CE804471FB2564500FEE04E /* lctype.c */; };
		4CE804731FB2564A00FEE04E /* liolib.c in Sources */ = {isa = PBXBuildFile; fileRef = 4CE804491FB2564500FEE04E /* liolib.c */; };
		4CE804741FB2564A00FEE04E /* lapi.c in Sources */ = {isa = PBXBuildFile; fileRef = 4CE8044B1FB2564600FEE04E /* lapi.c */; };
		4CE804751FB2564A00FEE04E /* ltable.c in Sources */ = {isa = PBXBuildFile; fileRef = 4CE8044C1FB2564600FEE04E /* ltable.c */; };
		4CE804761FB2564A00FEE04E /* lmem.c in Sources */ = {isa = PBXBuildFile; fileRef = 4CE8044E1FB2564600FEE04E /* lmem.c */; };
		4CE804771FB2564A00FEE04E /* lbitlib.c in Sources */ = {isa = PBXBuildFile; fileRef = 4CE8044F1FB2564600FEE04E /* lbitlib.c */; };
		4CE804791FB2564A00FEE04E /* ldblib.c in Sources */ = {isa = PBXBuildFile; fileRef = 4CE804511FB2564700FEE04E /* ldblib.c */; };
		4CE8047B1FB2564A00FEE04E /* lfunc.c in Sources */ = {isa = PBXBuildFile; fileRef = 4CE804531FB2564700FEE04E /* lfunc.c */; };
		4CE8047C1FB2564A00FEE04E /* lgc.c in Sources */ = {isa = PBXBuildFile; fileRef = 4CE804541FB2564800FEE04E /* lgc.c */; };
		4CE8047D1FB2564A00FEE04E /* lvm.c in Sources */ = {isa = PBXBuildFile; fileRef = 4CE804551FB2564800FEE04E /* lvm.c */; };
		4CE8047E1FB2564A00FEE04E /* lparser.c in Sources */ = {isa = PBXBuildFile; fileRef = 4CE804561FB2564800FEE04E /* lparser.c */; };
		4CE8047F1FB2564A00FEE04E /* lopcodes.c in Sources */ = {isa = PBXBuildFile; fileRef = 4CE804571FB2564900FEE04E /* lopcodes.c */; };
		4CE804801FB2564A00FEE04E /* lstrlib.c in Sources */ = {isa = PBXBuildFile; fileRef = 4CE804581FB2564900FEE04E /* lstrlib.c */; };
		4CE804811FB2564A00FEE04E /* lundump.c in Sources */ = {isa = PBXBuildFile; fileRef = 4CE8045A1FB2564900FEE04E /* lundump.c */; };
		4CE804821FB2564A00FEE04E /* lutf8lib.c in Sources */ = {isa = PBXBuildFile; fileRef = 4CE8045B1FB2564900FEE04E /* lutf8lib.c */; };
/* End PBXBuildFile section */

/* Begin PBXCopyFilesBuildPhase section */
		4CE804131FB2561D00FEE04E /* CopyFiles */ = {
			isa = PBXCopyFilesBuildPhase;
			buildActionMask = 2147483647;
			dstPath = "include/$(PRODUCT_NAME)";
			dstSubfolderSpec = 16;
			files = (
			);
			runOnlyForDeploymentPostprocessing = 0;
		};
/* End PBXCopyFilesBuildPhase section */

/* Begin PBXFileReference section */
		4CE804151FB2561D00FEE04E /* liblua.a */ = {isa = PBXFileReference; explicitFileType = archive.ar; includeInIndex = 0; path = liblua.a; sourceTree = BUILT_PRODUCTS_DIR; };
		4CE804211FB2564100FEE04E /* lbaselib.c */ = {isa = PBXFileReference; fileEncoding = 4; lastKnownFileType = sourcecode.c.c; name = lbaselib.c; path = "../../../../../temp/lua-5.3.0/src/lbaselib.c"; sourceTree = "<group>"; };
		4CE804221FB2564100FEE04E /* loadlib.c */ = {isa = PBXFileReference; fileEncoding = 4; lastKnownFileType = sourcecode.c.c; name = loadlib.c; path = "../../../../../temp/lua-5.3.0/src/loadlib.c"; sourceTree = "<group>"; };
		4CE804231FB2564100FEE04E /* lobject.c */ = {isa = PBXFileReference; fileEncoding = 4; lastKnownFileType = sourcecode.c.c; name = lobject.c; path = "../../../../../temp/lua-5.3.0/src/lobject.c"; sourceTree = "<group>"; };
		4CE804241FB2564100FEE04E /* ltable.h */ = {isa = PBXFileReference; fileEncoding = 4; lastKnownFileType = sourcecode.c.h; name = ltable.h; path = "../../../../../temp/lua-5.3.0/src/ltable.h"; sourceTree = "<group>"; };
		4CE804251FB2564100FEE04E /* lcode.h */ = {isa = PBXFileReference; fileEncoding = 4; lastKnownFileType = sourcecode.c.h; name = lcode.h; path = "../../../../../temp/lua-5.3.0/src/lcode.h"; sourceTree = "<group>"; };
		4CE804261FB2564100FEE04E /* lzio.c */ = {isa = PBXFileReference; fileEncoding = 4; lastKnownFileType = sourcecode.c.c; name = lzio.c; path = "../../../../../temp/lua-5.3.0/src/lzio.c"; sourceTree = "<group>"; };
		4CE804271FB2564100FEE04E /* lobject.h */ = {isa = PBXFileReference; fileEncoding = 4; lastKnownFileType = sourcecode.c.h; name = lobject.h; path = "../../../../../temp/lua-5.3.0/src/lobject.h"; sourceTree = "<group>"; };
		4CE804281FB2564100FEE04E /* ldebug.c */ = {isa = PBXFileReference; fileEncoding = 4; lastKnownFileType = sourcecode.c.c; name = ldebug.c; path = "../../../../../temp/lua-5.3.0/src/ldebug.c"; sourceTree = "<group>"; };
		4CE804291FB2564100FEE04E /* lualib.h */ = {isa = PBXFileReference; fileEncoding = 4; lastKnownFileType = sourcecode.c.h; name = lualib.h; path = "../../../../../temp/lua-5.3.0/src/lualib.h"; sourceTree = "<group>"; };
		4CE8042A1FB2564100FEE04E /* ltablib.c */ = {isa = PBXFileReference; fileEncoding = 4; lastKnownFileType = sourcecode.c.c; name = ltablib.c; path = "../../../../../temp/lua-5.3.0/src/ltablib.c"; sourceTree = "<group>"; };
		4CE8042B1FB2564100FEE04E /* lopcodes.h */ = {isa = PBXFileReference; fileEncoding = 4; lastKnownFileType = sourcecode.c.h; name = lopcodes.h; path = "../../../../../temp/lua-5.3.0/src/lopcodes.h"; sourceTree = "<group>"; };
		4CE8042C1FB2564100FEE04E /* lmem.h */ = {isa = PBXFileReference; fileEncoding = 4; lastKnownFileType = sourcecode.c.h; name = lmem.h; path = "../../../../../temp/lua-5.3.0/src/lmem.h"; sourceTree = "<group>"; };
		4CE8042D1FB2564100FEE04E /* lgc.h */ = {isa = PBXFileReference; fileEncoding = 4; lastKnownFileType = sourcecode.c.h; name = lgc.h; path = "../../../../../temp/lua-5.3.0/src/lgc.h"; sourceTree = "<group>"; };
		4CE8042E1FB2564100FEE04E /* lauxlib.c */ = {isa = PBXFileReference; fileEncoding = 4; lastKnownFileType = sourcecode.c.c; name = lauxlib.c; path = "../../../../../temp/lua-5.3.0/src/lauxlib.c"; sourceTree = "<group>"; };
		4CE8042F1FB2564100FEE04E /* lstate.c */ = {isa = PBXFileReference; fileEncoding = 4; lastKnownFileType = sourcecode.c.c; name = lstate.c; path = "../../../../../temp/lua-5.3.0/src/lstate.c"; sourceTree = "<group>"; };
		4CE804301FB2564100FEE04E /* ltm.c */ = {isa = PBXFileReference; fileEncoding = 4; lastKnownFileType = sourcecode.c.c; name = ltm.c; path = "../../../../../temp/lua-5.3.0/src/ltm.c"; sourceTree = "<group>"; };
		4CE804311FB2564100FEE04E /* lstate.h */ = {isa = PBXFileReference; fileEncoding = 4; lastKnownFileType = sourcecode.c.h; name = lstate.h; path = "../../../../../temp/lua-5.3.0/src/lstate.h"; sourceTree = "<group>"; };
		4CE804321FB2564200FEE04E /* lcode.c */ = {isa = PBXFileReference; fileEncoding = 4; lastKnownFileType = sourcecode.c.c; name = lcode.c; path = "../../../../../temp/lua-5.3.0/src/lcode.c"; sourceTree = "<group>"; };
		4CE804331FB2564200FEE04E /* lctype.h */ = {isa = PBXFileReference; fileEncoding = 4; lastKnownFileType = sourcecode.c.h; name = lctype.h; path = "../../../../../temp/lua-5.3.0/src/lctype.h"; sourceTree = "<group>"; };
		4CE804341FB2564200FEE04E /* ldo.c */ = {isa = PBXFileReference; fileEncoding = 4; lastKnownFileType = sourcecode.c.c; name = ldo.c; path = "../../../../../temp/lua-5.3.0/src/ldo.c"; sourceTree = "<group>"; };
		4CE804361FB2564200FEE04E /* ldump.c */ = {isa = PBXFileReference; fileEncoding = 4; lastKnownFileType = sourcecode.c.c; name = ldump.c; path = "../../../../../temp/lua-5.3.0/src/ldump.c"; sourceTree = "<group>"; };
		4CE804371FB2564200FEE04E /* ltm.h */ = {isa = PBXFileReference; fileEncoding = 4; lastKnownFileType = sourcecode.c.h; name = ltm.h; path = "../../../../../temp/lua-5.3.0/src/ltm.h"; sourceTree = "<group>"; };
		4CE804381FB2564200FEE04E /* lauxlib.h */ = {isa = PBXFileReference; fileEncoding = 4; lastKnownFileType = sourcecode.c.h; name = lauxlib.h; path = "../../../../../temp/lua-5.3.0/src/lauxlib.h"; sourceTree = "<group>"; };
		4CE804391FB2564200FEE04E /* lmathlib.c */ = {isa = PBXFileReference; fileEncoding = 4; lastKnownFileType = sourcecode.c.c; name = lmathlib.c; path = "../../../../../temp/lua-5.3.0/src/lmathlib.c"; sourceTree = "<group>"; };
		4CE8043A1FB2564200FEE04E /* lapi.h */ = {isa = PBXFileReference; fileEncoding = 4; lastKnownFileType = sourcecode.c.h; name = lapi.h; path = "../../../../../temp/lua-5.3.0/src/lapi.h"; sourceTree = "<group>"; };
		4CE8043B1FB2564300FEE04E /* luaconf.h */ = {isa = PBXFileReference; fileEncoding = 4; lastKnownFileType = sourcecode.c.h; name = luaconf.h; path = "../../../../../temp/lua-5.3.0/src/luaconf.h"; sourceTree = "<group>"; };
		4CE8043C1FB2564300FEE04E /* lundump.h */ = {isa = PBXFileReference; fileEncoding = 4; lastKnownFileType = sourcecode.c.h; name = lundump.h; path = "../../../../../temp/lua-5.3.0/src/lundump.h"; sourceTree = "<group>"; };
		4CE8043D1FB2564300FEE04E /* linit.c */ = {isa = PBXFileReference; fileEncoding = 4; lastKnownFileType = sourcecode.c.c; name = linit.c; path = "../../../../../temp/lua-5.3.0/src/linit.c"; sourceTree = "<group>"; };
		4CE8043E1FB2564300FEE04E /* llex.c */ = {isa = PBXFileReference; fileEncoding = 4; lastKnownFileType = sourcecode.c.c; name = llex.c; path = "../../../../../temp/lua-5.3.0/src/llex.c"; sourceTree = "<group>"; };
		4CE8043F1FB2564300FEE04E /* lfunc.h */ = {isa = PBXFileReference; fileEncoding = 4; lastKnownFileType = sourcecode.c.h; name = lfunc.h; path = "../../../../../temp/lua-5.3.0/src/lfunc.h"; sourceTree = "<group>"; };
		4CE804401FB2564300FEE04E /* ldo.h */ = {isa = PBXFileReference; fileEncoding = 4; lastKnownFileType = sourcecode.c.h; name = ldo.h; path = "../../../../../temp/lua-5.3.0/src/ldo.h"; sourceTree = "<group>"; };
		4CE804411FB2564400FEE04E /* lstring.c */ = {isa = PBXFileReference; fileEncoding = 4; lastKnownFileType = sourcecode.c.c; name = lstring.c; path = "../../../../../temp/lua-5.3.0/src/lstring.c"; sourceTree = "<group>"; };
		4CE804421FB2564400FEE04E /* llex.h */ = {isa = PBXFileReference; fileEncoding = 4; lastKnownFileType = sourcecode.c.h; name = llex.h; path = "../../../../../temp/lua-5.3.0/src/llex.h"; sourceTree = "<group>"; };
		4CE804431FB2564400FEE04E /* lcorolib.c */ = {isa = PBXFileReference; fileEncoding = 4; lastKnownFileType = sourcecode.c.c; name = lcorolib.c; path = "../../../../../temp/lua-5.3.0/src/lcorolib.c"; sourceTree = "<group>"; };
		4CE804441FB2564400FEE04E /* lstring.h */ = {isa = PBXFileReference; fileEncoding = 4; lastKnownFileType = sourcecode.c.h; name = lstring.h; path = "../../../../../temp/lua-5.3.0/src/lstring.h"; sourceTree = "<group>"; };
		4CE804451FB2564400FEE04E /* ldebug.h */ = {isa = PBXFileReference; fileEncoding = 4; lastKnownFileType = sourcecode.c.h; name = ldebug.h; path = "../../../../../temp/lua-5.3.0/src/ldebug.h"; sourceTree = "<group>"; };
		4CE804461FB2564400FEE04E /* loslib.c */ = {isa = PBXFileReference; fileEncoding = 4; lastKnownFileType = sourcecode.c.c; name = loslib.c; path = "../../../../../temp/lua-5.3.0/src/loslib.c"; sourceTree = "<group>"; };
		4CE804471FB2564500FEE04E /* lctype.c */ = {isa = PBXFileReference; fileEncoding = 4; lastKnownFileType = sourcecode.c.c; name = lctype.c; path = "../../../../../temp/lua-5.3.0/src/lctype.c"; sourceTree = "<group>"; };
		4CE804481FB2564500FEE04E /* lparser.h */ = {isa = PBXFileReference; fileEncoding = 4; lastKnownFileType = sourcecode.c.h; name = lparser.h; path = "../../../../../temp/lua-5.3.0/src/lparser.h"; sourceTree = "<group>"; };
		4CE804491FB2564500FEE04E /* liolib.c */ = {isa = PBXFileReference; fileEncoding = 4; lastKnownFileType = sourcecode.c.c; name = liolib.c; path = "../../../../../temp/lua-5.3.0/src/liolib.c"; sourceTree = "<group>"; };
		4CE8044A1FB2564500FEE04E /* lua.hpp */ = {isa = PBXFileReference; fileEncoding = 4; lastKnownFileType = sourcecode.cpp.h; name = lua.hpp; path = "../../../../../temp/lua-5.3.0/src/lua.hpp"; sourceTree = "<group>"; };
		4CE8044B1FB2564600FEE04E /* lapi.c */ = {isa = PBXFileReference; fileEncoding = 4; lastKnownFileType = sourcecode.c.c; name = lapi.c; path = "../../../../../temp/lua-5.3.0/src/lapi.c"; sourceTree = "<group>"; };
		4CE8044C1FB2564600FEE04E /* ltable.c */ = {isa = PBXFileReference; fileEncoding = 4; lastKnownFileType = sourcecode.c.c; name = ltable.c; path = "../../../../../temp/lua-5.3.0/src/ltable.c"; sourceTree = "<group>"; };
		4CE8044D1FB2564600FEE04E /* lua.h */ = {isa = PBXFileReference; fileEncoding = 4; lastKnownFileType = sourcecode.c.h; name = lua.h; path = "../../../../../temp/lua-5.3.0/src/lua.h"; sourceTree = "<group>"; };
		4CE8044E1FB2564600FEE04E /* lmem.c */ = {isa = PBXFileReference; fileEncoding = 4; lastKnownFileType = sourcecode.c.c; name = lmem.c; path = "../../../../../temp/lua-5.3.0/src/lmem.c"; sourceTree = "<group>"; };
		4CE8044F1FB2564600FEE04E /* lbitlib.c */ = {isa = PBXFileReference; fileEncoding = 4; lastKnownFileType = sourcecode.c.c; name = lbitlib.c; path = "../../../../../temp/lua-5.3.0/src/lbitlib.c"; sourceTree = "<group>"; };
		4CE804511FB2564700FEE04E /* ldblib.c */ = {isa = PBXFileReference; fileEncoding = 4; lastKnownFileType = sourcecode.c.c; name = ldblib.c; path = "../../../../../temp/lua-5.3.0/src/ldblib.c"; sourceTree = "<group>"; };
		4CE804531FB2564700FEE04E /* lfunc.c */ = {isa = PBXFileReference; fileEncoding = 4; lastKnownFileType = sourcecode.c.c; name = lfunc.c; path = "../../../../../temp/lua-5.3.0/src/lfunc.c"; sourceTree = "<group>"; };
		4CE804541FB2564800FEE04E /* lgc.c */ = {isa = PBXFileReference; fileEncoding = 4; lastKnownFileType = sourcecode.c.c; name = lgc.c; path = "../../../../../temp/lua-5.3.0/src/lgc.c"; sourceTree = "<group>"; };
		4CE804551FB2564800FEE04E /* lvm.c */ = {isa = PBXFileReference; fileEncoding = 4; lastKnownFileType = sourcecode.c.c; name = lvm.c; path = "../../../../../temp/lua-5.3.0/src/lvm.c"; sourceTree = "<group>"; };
		4CE804561FB2564800FEE04E /* lparser.c */ = {isa = PBXFileReference; fileEncoding = 4; lastKnownFileType = sourcecode.c.c; name = lparser.c; path = "../../../../../temp/lua-5.3.0/src/lparser.c"; sourceTree = "<group>"; };
		4CE804571FB2564900FEE04E /* lopcodes.c */ = {isa = PBXFileReference; fileEncoding = 4; lastKnownFileType = sourcecode.c.c; name = lopcodes.c; path = "../../../../../temp/lua-5.3.0/src/lopcodes.c"; sourceTree = "<group>"; };
		4CE804581FB2564900FEE04E /* lstrlib.c */ = {isa = PBXFileReference; fileEncoding = 4; lastKnownFileType = sourcecode.c.c; name = lstrlib.c; path = "../../../../../temp/lua-5.3.0/src/lstrlib.c"; sourceTree = "<group>"; };
		4CE804591FB2564900FEE04E /* llimits.h */ = {isa = PBXFileReference; fileEncoding = 4; lastKnownFileType = sourcecode.c.h; name = llimits.h; path = "../../../../../temp/lua-5.3.0/src/llimits.h"; sourceTree = "<group>"; };
		4CE8045A1FB2564900FEE04E /* lundump.c */ = {isa = PBXFileReference; fileEncoding = 4; lastKnownFileType = sourcecode.c.c; name = lundump.c; path = "../../../../../temp/lua-5.3.0/src/lundump.c"; sourceTree = "<group>"; };
		4CE8045B1FB2564900FEE04E /* lutf8lib.c */ = {isa = PBXFileReference; fileEncoding = 4; lastKnownFileType = sourcecode.c.c; name = lutf8lib.c; path = "../../../../../temp/lua-5.3.0/src/lutf8lib.c"; sourceTree = "<group>"; };
		4CE8045C1FB2564900FEE04E /* lprefix.h */ = {isa = PBXFileReference; fileEncoding = 4; lastKnownFileType = sourcecode.c.h; name = lprefix.h; path = "../../../../../temp/lua-5.3.0/src/lprefix.h"; sourceTree = "<group>"; };
		4CE8045D1FB2564A00FEE04E /* lvm.h */ = {isa = PBXFileReference; fileEncoding = 4; lastKnownFileType = sourcecode.c.h; name = lvm.h; path = "../../../../../temp/lua-5.3.0/src/lvm.h"; sourceTree = "<group>"; };
		4CE8045E1FB2564A00FEE04E /* lzio.h */ = {isa = PBXFileReference; fileEncoding = 4; lastKnownFileType = sourcecode.c.h; name = lzio.h; path = "../../../../../temp/lua-5.3.0/src/lzio.h"; sourceTree = "<group>"; };
/* End PBXFileReference section */

/* Begin PBXFrameworksBuildPhase section */
		4CE804121FB2561D00FEE04E /* Frameworks */ = {
			isa = PBXFrameworksBuildPhase;
			buildActionMask = 2147483647;
			files = (
			);
			runOnlyForDeploymentPostprocessing = 0;
		};
/* End PBXFrameworksBuildPhase section */

/* Begin PBXGroup section */
		4CE8040C1FB2561D00FEE04E = {
			isa = PBXGroup;
			children = (
				4CE8044B1FB2564600FEE04E /* lapi.c */,
				4CE8043A1FB2564200FEE04E /* lapi.h */,
				4CE8042E1FB2564100FEE04E /* lauxlib.c */,
				4CE804381FB2564200FEE04E /* lauxlib.h */,
				4CE804211FB2564100FEE04E /* lbaselib.c */,
				4CE8044F1FB2564600FEE04E /* lbitlib.c */,
				4CE804321FB2564200FEE04E /* lcode.c */,
				4CE804251FB2564100FEE04E /* lcode.h */,
				4CE804431FB2564400FEE04E /* lcorolib.c */,
				4CE804471FB2564500FEE04E /* lctype.c */,
				4CE804331FB2564200FEE04E /* lctype.h */,
				4CE804511FB2564700FEE04E /* ldblib.c */,
				4CE804281FB2564100FEE04E /* ldebug.c */,
				4CE804451FB2564400FEE04E /* ldebug.h */,
				4CE804341FB2564200FEE04E /* ldo.c */,
				4CE804401FB2564300FEE04E /* ldo.h */,
				4CE804361FB2564200FEE04E /* ldump.c */,
				4CE804531FB2564700FEE04E /* lfunc.c */,
				4CE8043F1FB2564300FEE04E /* lfunc.h */,
				4CE804541FB2564800FEE04E /* lgc.c */,
				4CE8042D1FB2564100FEE04E /* lgc.h */,
				4CE8043D1FB2564300FEE04E /* linit.c */,
				4CE804491FB2564500FEE04E /* liolib.c */,
				4CE8043E1FB2564300FEE04E /* llex.c */,
				4CE804421FB2564400FEE04E /* llex.h */,
				4CE804591FB2564900FEE04E /* llimits.h */,
				4CE804391FB2564200FEE04E /* lmathlib.c */,
				4CE8044E1FB2564600FEE04E /* lmem.c */,
				4CE8042C1FB2564100FEE04E /* lmem.h */,
				4CE804221FB2564100FEE04E /* loadlib.c */,
				4CE804231FB2564100FEE04E /* lobject.c */,
				4CE804271FB2564100FEE04E /* lobject.h */,
				4CE804571FB2564900FEE04E /* lopcodes.c */,
				4CE8042B1FB2564100FEE04E /* lopcodes.h */,
				4CE804461FB2564400FEE04E /* loslib.c */,
				4CE804561FB2564800FEE04E /* lparser.c */,
				4CE804481FB2564500FEE04E /* lparser.h */,
				4CE8045C1FB2564900FEE04E /* lprefix.h */,
				4CE8042F1FB2564100FEE04E /* lstate.c */,
				4CE804311FB2564100FEE04E /* lstate.h */,
				4CE804411FB2564400FEE04E /* lstring.c */,
				4CE804441FB2564400FEE04E /* lstring.h */,
				4CE804581FB2564900FEE04E /* lstrlib.c */,
				4CE8044C1FB2564600FEE04E /* ltable.c */,
				4CE804241FB2564100FEE04E /* ltable.h */,
				4CE8042A1FB2564100FEE04E /* ltablib.c */,
				4CE804301FB2564100FEE04E /* ltm.c */,
				4CE804371FB2564200FEE04E /* ltm.h */,
				4CE8044D1FB2564600FEE04E /* lua.h */,
				4CE8044A1FB2564500FEE04E /* lua.hpp */,
				4CE8043B1FB2564300FEE04E /* luaconf.h */,
				4CE804291FB2564100FEE04E /* lualib.h */,
				4CE8045A1FB2564900FEE04E /* lundump.c */,
				4CE8043C1FB2564300FEE04E /* lundump.h */,
				4CE8045B1FB2564900FEE04E /* lutf8lib.c */,
				4CE804551FB2564800FEE04E /* lvm.c */,
				4CE8045D1FB2564A00FEE04E /* lvm.h */,
				4CE804261FB2564100FEE04E /* lzio.c */,
				4CE8045E1FB2564A00FEE04E /* lzio.h */,
				4CE804171FB2561D00FEE04E /* lua */,
				4CE804161FB2561D00FEE04E /* Products */,
			);
			sourceTree = "<group>";
		};
		4CE804161FB2561D00FEE04E /* Products */ = {
			isa = PBXGroup;
			children = (
				4CE804151FB2561D00FEE04E /* liblua.a */,
			);
			name = Products;
			sourceTree = "<group>";
		};
		4CE804171FB2561D00FEE04E /* lua */ = {
			isa = PBXGroup;
			children = (
			);
			path = lua;
			sourceTree = "<group>";
		};
/* End PBXGroup section */

/* Begin PBXNativeTarget section */
		4CE804141FB2561D00FEE04E /* lua */ = {
			isa = PBXNativeTarget;
			buildConfigurationList = 4CE8041E1FB2561D00FEE04E /* Build configuration list for PBXNativeTarget "lua" */;
			buildPhases = (
				4CE804111FB2561D00FEE04E /* Sources */,
				4CE804121FB2561D00FEE04E /* Frameworks */,
				4CE804131FB2561D00FEE04E /* CopyFiles */,
			);
			buildRules = (
			);
			dependencies = (
			);
			name = lua;
			productName = lua;
			productReference = 4CE804151FB2561D00FEE04E /* liblua.a */;
			productType = "com.apple.product-type.library.static";
		};
/* End PBXNativeTarget section */

/* Begin PBXProject section */
		4CE8040D1FB2561D00FEE04E /* Project object */ = {
			isa = PBXProject;
			attributes = {
				LastUpgradeCheck = 0910;
				ORGANIZATIONNAME = "Sam Thompson";
				TargetAttributes = {
					4CE804141FB2561D00FEE04E = {
						CreatedOnToolsVersion = 9.1;
						ProvisioningStyle = Automatic;
					};
				};
			};
			buildConfigurationList = 4CE804101FB2561D00FEE04E /* Build configuration list for PBXProject "lua" */;
			compatibilityVersion = "Xcode 8.0";
			developmentRegion = en;
			hasScannedForEncodings = 0;
			knownRegions = (
				en,
			);
			mainGroup = 4CE8040C1FB2561D00FEE04E;
			productRefGroup = 4CE804161FB2561D00FEE04E /* Products */;
			projectDirPath = "";
			projectRoot = "";
			targets = (
				4CE804141FB2561D00FEE04E /* lua */,
			);
		};
/* End PBXProject section */

/* Begin PBXSourcesBuildPhase section */
		4CE804111FB2561D00FEE04E /* Sources */ = {
			isa = PBXSourcesBuildPhase;
			buildActionMask = 2147483647;
			files = (
				4CE804751FB2564A00FEE04E /* ltable.c in Sources */,
				4CE804691FB2564A00FEE04E /* ldo.c in Sources */,
				4CE8045F1FB2564A00FEE04E /* lbaselib.c in Sources */,
				4CE804771FB2564A00FEE04E /* lbitlib.c in Sources */,
				4CE804631FB2564A00FEE04E /* ldebug.c in Sources */,
				4CE804731FB2564A00FEE04E /* liolib.c in Sources */,
				4CE8046D1FB2564A00FEE04E /* linit.c in Sources */,
				4CE804801FB2564A00FEE04E /* lstrlib.c in Sources */,
				4CE804621FB2564A00FEE04E /* lzio.c in Sources */,
				4CE8047D1FB2564A00FEE04E /* lvm.c in Sources */,
				4CE804611FB2564A00FEE04E /* lobject.c in Sources */,
				4CE804821FB2564A00FEE04E /* lutf8lib.c in Sources */,
				4CE804641FB2564A00FEE04E /* ltablib.c in Sources */,
				4CE8047C1FB2564A00FEE04E /* lgc.c in Sources */,
				4CE804761FB2564A00FEE04E /* lmem.c in Sources */,
				4CE8047F1FB2564A00FEE04E /* lopcodes.c in Sources */,
				4CE8046B1FB2564A00FEE04E /* ldump.c in Sources */,
				4CE804711FB2564A00FEE04E /* loslib.c in Sources */,
				4CE804721FB2564A00FEE04E /* lctype.c in Sources */,
				4CE8047E1FB2564A00FEE04E /* lparser.c in Sources */,
				4CE804651FB2564A00FEE04E /* lauxlib.c in Sources */,
				4CE8047B1FB2564A00FEE04E /* lfunc.c in Sources */,
				4CE8046F1FB2564A00FEE04E /* lstring.c in Sources */,
				4CE804791FB2564A00FEE04E /* ldblib.c in Sources */,
				4CE804671FB2564A00FEE04E /* ltm.c in Sources */,
				4CE804741FB2564A00FEE04E /* lapi.c in Sources */,
				4CE804811FB2564A00FEE04E /* lundump.c in Sources */,
				4CE804661FB2564A00FEE04E /* lstate.c in Sources */,
				4CE8046E1FB2564A00FEE04E /* llex.c in Sources */,
				4CE804601FB2564A00FEE04E /* loadlib.c in Sources */,
				4CE804701FB2564A00FEE04E /* lcorolib.c in Sources */,
				4CE8046C1FB2564A00FEE04E /* lmathlib.c in Sources */,
				4CE804681FB2564A00FEE04E /* lcode.c in Sources */,
			);
			runOnlyForDeploymentPostprocessing = 0;
		};
/* End PBXSourcesBuildPhase section */

/* Begin XCBuildConfiguration section */
		4CE8041C1FB2561D00FEE04E /* Debug */ = {
			isa = XCBuildConfiguration;
			buildSettings = {
				ALWAYS_SEARCH_USER_PATHS = NO;
				CLANG_ANALYZER_NONNULL = YES;
				CLANG_ANALYZER_NUMBER_OBJECT_CONVERSION = YES_AGGRESSIVE;
				CLANG_CXX_LANGUAGE_STANDARD = "gnu++14";
				CLANG_CXX_LIBRARY = "libc++";
				CLANG_ENABLE_MODULES = YES;
				CLANG_ENABLE_OBJC_ARC = YES;
				CLANG_WARN_BLOCK_CAPTURE_AUTORELEASING = YES;
				CLANG_WARN_BOOL_CONVERSION = YES;
				CLANG_WARN_COMMA = YES;
				CLANG_WARN_CONSTANT_CONVERSION = YES;
				CLANG_WARN_DIRECT_OBJC_ISA_USAGE = YES_ERROR;
				CLANG_WARN_DOCUMENTATION_COMMENTS = YES;
				CLANG_WARN_EMPTY_BODY = YES;
				CLANG_WARN_ENUM_CONVERSION = YES;
				CLANG_WARN_INFINITE_RECURSION = YES;
				CLANG_WARN_INT_CONVERSION = YES;
				CLANG_WARN_NON_LITERAL_NULL_CONVERSION = YES;
				CLANG_WARN_OBJC_LITERAL_CONVERSION = YES;
				CLANG_WARN_OBJC_ROOT_CLASS = YES_ERROR;
				CLANG_WARN_RANGE_LOOP_ANALYSIS = YES;
				CLANG_WARN_STRICT_PROTOTYPES = YES;
				CLANG_WARN_SUSPICIOUS_MOVE = YES;
				CLANG_WARN_UNGUARDED_AVAILABILITY = YES_AGGRESSIVE;
				CLANG_WARN_UNREACHABLE_CODE = YES;
				CLANG_WARN__DUPLICATE_METHOD_MATCH = YES;
				CODE_SIGN_IDENTITY = "iPhone Developer";
				COPY_PHASE_STRIP = NO;
				DEBUG_INFORMATION_FORMAT = dwarf;
				ENABLE_STRICT_OBJC_MSGSEND = YES;
				ENABLE_TESTABILITY = YES;
				GCC_C_LANGUAGE_STANDARD = gnu11;
				GCC_DYNAMIC_NO_PIC = NO;
				GCC_NO_COMMON_BLOCKS = YES;
				GCC_OPTIMIZATION_LEVEL = 0;
				GCC_PREPROCESSOR_DEFINITIONS = (
					"DEBUG=1",
					"$(inherited)",
				);
				GCC_WARN_64_TO_32_BIT_CONVERSION = YES;
				GCC_WARN_ABOUT_RETURN_TYPE = YES_ERROR;
				GCC_WARN_UNDECLARED_SELECTOR = YES;
				GCC_WARN_UNINITIALIZED_AUTOS = YES_AGGRESSIVE;
				GCC_WARN_UNUSED_FUNCTION = YES;
				GCC_WARN_UNUSED_VARIABLE = YES;
				IPHONEOS_DEPLOYMENT_TARGET = 11.1;
				MTL_ENABLE_DEBUG_INFO = YES;
				ONLY_ACTIVE_ARCH = YES;
				SDKROOT = iphoneos;
			};
			name = Debug;
		};
		4CE8041D1FB2561D00FEE04E /* Release */ = {
			isa = XCBuildConfiguration;
			buildSettings = {
				ALWAYS_SEARCH_USER_PATHS = NO;
				CLANG_ANALYZER_NONNULL = YES;
				CLANG_ANALYZER_NUMBER_OBJECT_CONVERSION = YES_AGGRESSIVE;
				CLANG_CXX_LANGUAGE_STANDARD = "gnu++14";
				CLANG_CXX_LIBRARY = "libc++";
				CLANG_ENABLE_MODULES = YES;
				CLANG_ENABLE_OBJC_ARC = YES;
				CLANG_WARN_BLOCK_CAPTURE_AUTORELEASING = YES;
				CLANG_WARN_BOOL_CONVERSION = YES;
				CLANG_WARN_COMMA = YES;
				CLANG_WARN_CONSTANT_CONVERSION = YES;
				CLANG_WARN_DIRECT_OBJC_ISA_USAGE = YES_ERROR;
				CLANG_WARN_DOCUMENTATION_COMMENTS = YES;
				CLANG_WARN_EMPTY_BODY = YES;
				CLANG_WARN_ENUM_CONVERSION = YES;
				CLANG_WARN_INFINITE_RECURSION = YES;
				CLANG_WARN_INT_CONVERSION = YES;
				CLANG_WARN_NON_LITERAL_NULL_CONVERSION = YES;
				CLANG_WARN_OBJC_LITERAL_CONVERSION = YES;
				CLANG_WARN_OBJC_ROOT_CLASS = YES_ERROR;
				CLANG_WARN_RANGE_LOOP_ANALYSIS = YES;
				CLANG_WARN_STRICT_PROTOTYPES = YES;
				CLANG_WARN_SUSPICIOUS_MOVE = YES;
				CLANG_WARN_UNGUARDED_AVAILABILITY = YES_AGGRESSIVE;
				CLANG_WARN_UNREACHABLE_CODE = YES;
				CLANG_WARN__DUPLICATE_METHOD_MATCH = YES;
				CODE_SIGN_IDENTITY = "iPhone Developer";
				COPY_PHASE_STRIP = NO;
				DEBUG_INFORMATION_FORMAT = "dwarf-with-dsym";
				ENABLE_NS_ASSERTIONS = NO;
				ENABLE_STRICT_OBJC_MSGSEND = YES;
				GCC_C_LANGUAGE_STANDARD = gnu11;
				GCC_NO_COMMON_BLOCKS = YES;
				GCC_WARN_64_TO_32_BIT_CONVERSION = YES;
				GCC_WARN_ABOUT_RETURN_TYPE = YES_ERROR;
				GCC_WARN_UNDECLARED_SELECTOR = YES;
				GCC_WARN_UNINITIALIZED_AUTOS = YES_AGGRESSIVE;
				GCC_WARN_UNUSED_FUNCTION = YES;
				GCC_WARN_UNUSED_VARIABLE = YES;
				IPHONEOS_DEPLOYMENT_TARGET = 11.1;
				MTL_ENABLE_DEBUG_INFO = NO;
				SDKROOT = iphoneos;
				VALIDATE_PRODUCT = YES;
			};
			name = Release;
		};
		4CE8041F1FB2561D00FEE04E /* Debug */ = {
			isa = XCBuildConfiguration;
			buildSettings = {
				CODE_SIGN_STYLE = Automatic;
				DEVELOPMENT_TEAM = 4KK757C74H;
				OTHER_LDFLAGS = "-ObjC";
				PRODUCT_NAME = "$(TARGET_NAME)";
				SKIP_INSTALL = YES;
				TARGETED_DEVICE_FAMILY = "1,2";
			};
			name = Debug;
		};
		4CE804201FB2561D00FEE04E /* Release */ = {
			isa = XCBuildConfiguration;
			buildSettings = {
				CODE_SIGN_STYLE = Automatic;
				DEVELOPMENT_TEAM = 4KK757C74H;
				OTHER_LDFLAGS = "-ObjC";
				PRODUCT_NAME = "$(TARGET_NAME)";
				SKIP_INSTALL = YES;
				TARGETED_DEVICE_FAMILY = "1,2";
			};
			name = Release;
		};
/* End XCBuildConfiguration section */

/* Begin XCConfigurationList section */
		4CE804101FB2561D00FEE04E /* Build configuration list for PBXProject "lua" */ = {
			isa = XCConfigurationList;
			buildConfigurations = (
				4CE8041C1FB2561D00FEE04E /* Debug */,
				4CE8041D1FB2561D00FEE04E /* Release */,
			);
			defaultConfigurationIsVisible = 0;
			defaultConfigurationName = Release;
		};
		4CE8041E1FB2561D00FEE04E /* Build configuration list for PBXNativeTarget "lua" */ = {
			isa = XCConfigurationList;
			buildConfigurations = (
				4CE8041F1FB2561D00FEE04E /* Debug */,
				4CE804201FB2561D00FEE04E /* Release */,
			);
			defaultConfigurationIsVisible = 0;
			defaultConfigurationName = Release;
		};
/* End XCConfigurationList section */
	};
	rootObject = 4CE8040D1FB2561D00FEE04E /* Project object */;
}
