// !$*UTF8*$!
{
	archiveVersion = 1;
	classes = {
	};
	objectVersion = 48;
	objects = {

/* Begin PBXBuildFile section */
		4CE803A81FB2452800FEE04E /* Renderer.cpp in Sources */ = {isa = PBXBuildFile; fileRef = 4CE8039F1FB2452700FEE04E /* Renderer.cpp */; };
		4CE803A91FB2452800FEE04E /* Camera.cpp in Sources */ = {isa = PBXBuildFile; fileRef = 4CE803A01FB2452700FEE04E /* Camera.cpp */; };
		4CE803AA1FB2452800FEE04E /* Drawing.cpp in Sources */ = {isa = PBXBuildFile; fileRef = 4CE803A11FB2452700FEE04E /* Drawing.cpp */; };
		4CE803AB1FB2452800FEE04E /* glfont2.cpp in Sources */ = {isa = PBXBuildFile; fileRef = 4CE803A21FB2452700FEE04E /* glfont2.cpp */; };
		4CE803AC1FB2452800FEE04E /* Util.cpp in Sources */ = {isa = PBXBuildFile; fileRef = 4CE803A31FB2452700FEE04E /* Util.cpp */; };
		4CE803AD1FB2452800FEE04E /* Game.cpp in Sources */ = {isa = PBXBuildFile; fileRef = 4CE803A41FB2452800FEE04E /* Game.cpp */; };
		4CE803AE1FB2452800FEE04E /* Editor.cpp in Sources */ = {isa = PBXBuildFile; fileRef = 4CE803A51FB2452800FEE04E /* Editor.cpp */; };
		4CE803AF1FB2452800FEE04E /* Physics.cpp in Sources */ = {isa = PBXBuildFile; fileRef = 4CE803A61FB2452800FEE04E /* Physics.cpp */; };
		4CE803B01FB2452800FEE04E /* Playfield.cpp in Sources */ = {isa = PBXBuildFile; fileRef = 4CE803A71FB2452800FEE04E /* Playfield.cpp */; };
/* End PBXBuildFile section */

/* Begin PBXCopyFilesBuildPhase section */
		4CE8038E1FB2437F00FEE04E /* CopyFiles */ = {
			isa = PBXCopyFilesBuildPhase;
			buildActionMask = 2147483647;
			dstPath = "include/$(PRODUCT_NAME)";
			dstSubfolderSpec = 16;
			files = (
			);
			runOnlyForDeploymentPostprocessing = 0;
		};
/* End PBXCopyFilesBuildPhase section */

/* Begin PBXFileReference section */
		4CE803901FB2437F00FEE04E /* libshared.a */ = {isa = PBXFileReference; explicitFileType = archive.ar; includeInIndex = 0; path = libshared.a; sourceTree = BUILT_PRODUCTS_DIR; };
		4CE8039F1FB2452700FEE04E /* Renderer.cpp */ = {isa = PBXFileReference; lastKnownFileType = sourcecode.cpp.cpp; name = Renderer.cpp; path = ../../../shared/src/Renderer.cpp; sourceTree = "<group>"; };
		4CE803A01FB2452700FEE04E /* Camera.cpp */ = {isa = PBXFileReference; lastKnownFileType = sourcecode.cpp.cpp; name = Camera.cpp; path = ../../../shared/src/Camera.cpp; sourceTree = "<group>"; };
		4CE803A11FB2452700FEE04E /* Drawing.cpp */ = {isa = PBXFileReference; lastKnownFileType = sourcecode.cpp.cpp; name = Drawing.cpp; path = ../../../shared/src/Drawing.cpp; sourceTree = "<group>"; };
		4CE803A21FB2452700FEE04E /* glfont2.cpp */ = {isa = PBXFileReference; lastKnownFileType = sourcecode.cpp.cpp; name = glfont2.cpp; path = ../../../shared/src/glfont2.cpp; sourceTree = "<group>"; };
		4CE803A31FB2452700FEE04E /* Util.cpp */ = {isa = PBXFileReference; lastKnownFileType = sourcecode.cpp.cpp; name = Util.cpp; path = ../../../shared/src/Util.cpp; sourceTree = "<group>"; };
		4CE803A41FB2452800FEE04E /* Game.cpp */ = {isa = PBXFileReference; lastKnownFileType = sourcecode.cpp.cpp; name = Game.cpp; path = ../../../shared/src/Game.cpp; sourceTree = "<group>"; };
		4CE803A51FB2452800FEE04E /* Editor.cpp */ = {isa = PBXFileReference; lastKnownFileType = sourcecode.cpp.cpp; name = Editor.cpp; path = ../../../shared/src/Editor.cpp; sourceTree = "<group>"; };
		4CE803A61FB2452800FEE04E /* Physics.cpp */ = {isa = PBXFileReference; lastKnownFileType = sourcecode.cpp.cpp; name = Physics.cpp; path = ../../../shared/src/Physics.cpp; sourceTree = "<group>"; };
		4CE803A71FB2452800FEE04E /* Playfield.cpp */ = {isa = PBXFileReference; lastKnownFileType = sourcecode.cpp.cpp; name = Playfield.cpp; path = ../../../shared/src/Playfield.cpp; sourceTree = "<group>"; };
		4CE803B11FB2472600FEE04E /* glfont2.h */ = {isa = PBXFileReference; fileEncoding = 4; lastKnownFileType = sourcecode.c.h; name = glfont2.h; path = ../../../shared/include/glfont2.h; sourceTree = "<group>"; };
		4CE803B21FB2472600FEE04E /* Util.h */ = {isa = PBXFileReference; fileEncoding = 4; lastKnownFileType = sourcecode.c.h; name = Util.h; path = ../../../shared/include/Util.h; sourceTree = "<group>"; };
		4CE803B31FB2472600FEE04E /* PinballBridgeInterface.h */ = {isa = PBXFileReference; fileEncoding = 4; lastKnownFileType = sourcecode.c.h; name = PinballBridgeInterface.h; path = ../../../shared/include/PinballBridgeInterface.h; sourceTree = "<group>"; };
		4CE803B41FB2472600FEE04E /* TimerDelegate.h */ = {isa = PBXFileReference; fileEncoding = 4; lastKnownFileType = sourcecode.c.h; name = TimerDelegate.h; path = ../../../shared/include/TimerDelegate.h; sourceTree = "<group>"; };
		4CE803B51FB2472600FEE04E /* Game.h */ = {isa = PBXFileReference; fileEncoding = 4; lastKnownFileType = sourcecode.c.h; name = Game.h; path = ../../../shared/include/Game.h; sourceTree = "<group>"; };
		4CE803B61FB2472700FEE04E /* PhysicsDelegate.h */ = {isa = PBXFileReference; fileEncoding = 4; lastKnownFileType = sourcecode.c.h; name = PhysicsDelegate.h; path = ../../../shared/include/PhysicsDelegate.h; sourceTree = "<group>"; };
		4CE803B71FB2472700FEE04E /* Renderer.h */ = {isa = PBXFileReference; fileEncoding = 4; lastKnownFileType = sourcecode.c.h; name = Renderer.h; path = ../../../shared/include/Renderer.h; sourceTree = "<group>"; };
		4CE803B81FB2472700FEE04E /* Playfield.h */ = {isa = PBXFileReference; fileEncoding = 4; lastKnownFileType = sourcecode.c.h; name = Playfield.h; path = ../../../shared/include/Playfield.h; sourceTree = "<group>"; };
		4CE803B91FB2472700FEE04E /* Parts.h */ = {isa = PBXFileReference; fileEncoding = 4; lastKnownFileType = sourcecode.c.h; name = Parts.h; path = ../../../shared/include/Parts.h; sourceTree = "<group>"; };
		4CE803BA1FB2472700FEE04E /* Physics.h */ = {isa = PBXFileReference; fileEncoding = 4; lastKnownFileType = sourcecode.c.h; name = Physics.h; path = ../../../shared/include/Physics.h; sourceTree = "<group>"; };
		4CE803BB1FB2472700FEE04E /* Drawing.h */ = {isa = PBXFileReference; fileEncoding = 4; lastKnownFileType = sourcecode.c.h; name = Drawing.h; path = ../../../shared/include/Drawing.h; sourceTree = "<group>"; };
		4CE803BC1FB2472700FEE04E /* Editor.h */ = {isa = PBXFileReference; fileEncoding = 4; lastKnownFileType = sourcecode.c.h; name = Editor.h; path = ../../../shared/include/Editor.h; sourceTree = "<group>"; };
		4CE803BD1FB2472700FEE04E /* Camera.h */ = {isa = PBXFileReference; fileEncoding = 4; lastKnownFileType = sourcecode.c.h; name = Camera.h; path = ../../../shared/include/Camera.h; sourceTree = "<group>"; };
		4CE803BE1FB2472700FEE04E /* Texture.h */ = {isa = PBXFileReference; fileEncoding = 4; lastKnownFileType = sourcecode.c.h; name = Texture.h; path = ../../../shared/include/Texture.h; sourceTree = "<group>"; };
		4CE803BF1FB2472700FEE04E /* Types.h */ = {isa = PBXFileReference; fileEncoding = 4; lastKnownFileType = sourcecode.c.h; name = Types.h; path = ../../../shared/include/Types.h; sourceTree = "<group>"; };
/* End PBXFileReference section */

/* Begin PBXFrameworksBuildPhase section */
		4CE8038D1FB2437F00FEE04E /* Frameworks */ = {
			isa = PBXFrameworksBuildPhase;
			buildActionMask = 2147483647;
			files = (
			);
			runOnlyForDeploymentPostprocessing = 0;
		};
/* End PBXFrameworksBuildPhase section */

/* Begin PBXGroup section */
		4C14E9971FB3943B000A9591 /* include */ = {
			isa = PBXGroup;
			children = (
				4CE803BD1FB2472700FEE04E /* Camera.h */,
				4CE803BB1FB2472700FEE04E /* Drawing.h */,
				4CE803BC1FB2472700FEE04E /* Editor.h */,
				4CE803B51FB2472600FEE04E /* Game.h */,
				4CE803B11FB2472600FEE04E /* glfont2.h */,
				4CE803B91FB2472700FEE04E /* Parts.h */,
				4CE803BA1FB2472700FEE04E /* Physics.h */,
				4CE803B61FB2472700FEE04E /* PhysicsDelegate.h */,
				4CE803B31FB2472600FEE04E /* PinballBridgeInterface.h */,
				4CE803B81FB2472700FEE04E /* Playfield.h */,
				4CE803B71FB2472700FEE04E /* Renderer.h */,
				4CE803BE1FB2472700FEE04E /* Texture.h */,
				4CE803B41FB2472600FEE04E /* TimerDelegate.h */,
				4CE803BF1FB2472700FEE04E /* Types.h */,
				4CE803B21FB2472600FEE04E /* Util.h */,
			);
			name = include;
			sourceTree = "<group>";
		};
		4C14E9981FB39457000A9591 /* src */ = {
			isa = PBXGroup;
			children = (
				4CE803A01FB2452700FEE04E /* Camera.cpp */,
				4CE803A11FB2452700FEE04E /* Drawing.cpp */,
				4CE803A51FB2452800FEE04E /* Editor.cpp */,
				4CE803A41FB2452800FEE04E /* Game.cpp */,
				4CE803A21FB2452700FEE04E /* glfont2.cpp */,
				4CE803A61FB2452800FEE04E /* Physics.cpp */,
				4CE803A71FB2452800FEE04E /* Playfield.cpp */,
				4CE8039F1FB2452700FEE04E /* Renderer.cpp */,
				4CE803A31FB2452700FEE04E /* Util.cpp */,
			);
			name = src;
			sourceTree = "<group>";
		};
		4CE803871FB2437F00FEE04E = {
			isa = PBXGroup;
			children = (
				4C14E9971FB3943B000A9591 /* include */,
				4C14E9981FB39457000A9591 /* src */,
				4CE803911FB2437F00FEE04E /* Products */,
			);
			sourceTree = "<group>";
		};
		4CE803911FB2437F00FEE04E /* Products */ = {
			isa = PBXGroup;
			children = (
				4CE803901FB2437F00FEE04E /* libshared.a */,
			);
			name = Products;
			sourceTree = "<group>";
		};
/* End PBXGroup section */

/* Begin PBXNativeTarget section */
		4CE8038F1FB2437F00FEE04E /* shared */ = {
			isa = PBXNativeTarget;
			buildConfigurationList = 4CE803991FB2437F00FEE04E /* Build configuration list for PBXNativeTarget "shared" */;
			buildPhases = (
				4CE8038C1FB2437F00FEE04E /* Sources */,
				4CE8038D1FB2437F00FEE04E /* Frameworks */,
				4CE8038E1FB2437F00FEE04E /* CopyFiles */,
			);
			buildRules = (
			);
			dependencies = (
			);
			name = shared;
			productName = libShared;
			productReference = 4CE803901FB2437F00FEE04E /* libshared.a */;
			productType = "com.apple.product-type.library.static";
		};
/* End PBXNativeTarget section */

/* Begin PBXProject section */
		4CE803881FB2437F00FEE04E /* Project object */ = {
			isa = PBXProject;
			attributes = {
				LastUpgradeCheck = 0910;
				ORGANIZATIONNAME = "Sam Thompson";
				TargetAttributes = {
					4CE8038F1FB2437F00FEE04E = {
						CreatedOnToolsVersion = 9.1;
						ProvisioningStyle = Automatic;
					};
				};
			};
			buildConfigurationList = 4CE8038B1FB2437F00FEE04E /* Build configuration list for PBXProject "shared" */;
			compatibilityVersion = "Xcode 8.0";
			developmentRegion = en;
			hasScannedForEncodings = 0;
			knownRegions = (
				en,
			);
			mainGroup = 4CE803871FB2437F00FEE04E;
			productRefGroup = 4CE803911FB2437F00FEE04E /* Products */;
			projectDirPath = "";
			projectRoot = "";
			targets = (
				4CE8038F1FB2437F00FEE04E /* shared */,
			);
		};
/* End PBXProject section */

/* Begin PBXSourcesBuildPhase section */
		4CE8038C1FB2437F00FEE04E /* Sources */ = {
			isa = PBXSourcesBuildPhase;
			buildActionMask = 2147483647;
			files = (
				4CE803A81FB2452800FEE04E /* Renderer.cpp in Sources */,
				4CE803A91FB2452800FEE04E /* Camera.cpp in Sources */,
				4CE803AA1FB2452800FEE04E /* Drawing.cpp in Sources */,
				4CE803AB1FB2452800FEE04E /* glfont2.cpp in Sources */,
				4CE803AC1FB2452800FEE04E /* Util.cpp in Sources */,
				4CE803AD1FB2452800FEE04E /* Game.cpp in Sources */,
				4CE803AE1FB2452800FEE04E /* Editor.cpp in Sources */,
				4CE803AF1FB2452800FEE04E /* Physics.cpp in Sources */,
				4CE803B01FB2452800FEE04E /* Playfield.cpp in Sources */,
			);
			runOnlyForDeploymentPostprocessing = 0;
		};
/* End PBXSourcesBuildPhase section */

/* Begin XCBuildConfiguration section */
		4CE803971FB2437F00FEE04E /* Debug */ = {
			isa = XCBuildConfiguration;
			buildSettings = {
				ALWAYS_SEARCH_USER_PATHS = NO;
				CLANG_ANALYZER_NONNULL = YES;
				CLANG_ANALYZER_NUMBER_OBJECT_CONVERSION = YES_AGGRESSIVE;
				CLANG_CXX_LANGUAGE_STANDARD = "gnu++14";
				CLANG_CXX_LIBRARY = "libc++";
				CLANG_ENABLE_MODULES = YES;
				CLANG_ENABLE_OBJC_ARC = YES;
				CLANG_WARN_BLOCK_CAPTURE_AUTORELEASING = YES;
				CLANG_WARN_BOOL_CONVERSION = YES;
				CLANG_WARN_COMMA = YES;
				CLANG_WARN_CONSTANT_CONVERSION = YES;
				CLANG_WARN_DIRECT_OBJC_ISA_USAGE = YES_ERROR;
				CLANG_WARN_DOCUMENTATION_COMMENTS = YES;
				CLANG_WARN_EMPTY_BODY = YES;
				CLANG_WARN_ENUM_CONVERSION = YES;
				CLANG_WARN_INFINITE_RECURSION = YES;
				CLANG_WARN_INT_CONVERSION = YES;
				CLANG_WARN_NON_LITERAL_NULL_CONVERSION = YES;
				CLANG_WARN_OBJC_LITERAL_CONVERSION = YES;
				CLANG_WARN_OBJC_ROOT_CLASS = YES_ERROR;
				CLANG_WARN_RANGE_LOOP_ANALYSIS = YES;
				CLANG_WARN_STRICT_PROTOTYPES = YES;
				CLANG_WARN_SUSPICIOUS_MOVE = YES;
				CLANG_WARN_UNGUARDED_AVAILABILITY = YES_AGGRESSIVE;
				CLANG_WARN_UNREACHABLE_CODE = YES;
				CLANG_WARN__DUPLICATE_METHOD_MATCH = YES;
				CODE_SIGN_IDENTITY = "iPhone Developer";
				COPY_PHASE_STRIP = NO;
				DEBUG_INFORMATION_FORMAT = dwarf;
				ENABLE_STRICT_OBJC_MSGSEND = YES;
				ENABLE_TESTABILITY = YES;
				GCC_C_LANGUAGE_STANDARD = gnu11;
				GCC_DYNAMIC_NO_PIC = NO;
				GCC_NO_COMMON_BLOCKS = YES;
				GCC_OPTIMIZATION_LEVEL = 0;
				GCC_PREPROCESSOR_DEFINITIONS = (
					"DEBUG=1",
					"$(inherited)",
				);
				GCC_WARN_64_TO_32_BIT_CONVERSION = YES;
				GCC_WARN_ABOUT_RETURN_TYPE = YES_ERROR;
				GCC_WARN_UNDECLARED_SELECTOR = YES;
				GCC_WARN_UNINITIALIZED_AUTOS = YES_AGGRESSIVE;
				GCC_WARN_UNUSED_FUNCTION = YES;
				GCC_WARN_UNUSED_VARIABLE = YES;
				IPHONEOS_DEPLOYMENT_TARGET = 11.1;
				MTL_ENABLE_DEBUG_INFO = YES;
				ONLY_ACTIVE_ARCH = YES;
				SDKROOT = iphoneos;
				VALID_ARCHS = "arm64 armv7 armv7s x86_64";
			};
			name = Debug;
		};
		4CE803981FB2437F00FEE04E /* Release */ = {
			isa = XCBuildConfiguration;
			buildSettings = {
				ALWAYS_SEARCH_USER_PATHS = NO;
				CLANG_ANALYZER_NONNULL = YES;
				CLANG_ANALYZER_NUMBER_OBJECT_CONVERSION = YES_AGGRESSIVE;
				CLANG_CXX_LANGUAGE_STANDARD = "gnu++14";
				CLANG_CXX_LIBRARY = "libc++";
				CLANG_ENABLE_MODULES = YES;
				CLANG_ENABLE_OBJC_ARC = YES;
				CLANG_WARN_BLOCK_CAPTURE_AUTORELEASING = YES;
				CLANG_WARN_BOOL_CONVERSION = YES;
				CLANG_WARN_COMMA = YES;
				CLANG_WARN_CONSTANT_CONVERSION = YES;
				CLANG_WARN_DIRECT_OBJC_ISA_USAGE = YES_ERROR;
				CLANG_WARN_DOCUMENTATION_COMMENTS = YES;
				CLANG_WARN_EMPTY_BODY = YES;
				CLANG_WARN_ENUM_CONVERSION = YES;
				CLANG_WARN_INFINITE_RECURSION = YES;
				CLANG_WARN_INT_CONVERSION = YES;
				CLANG_WARN_NON_LITERAL_NULL_CONVERSION = YES;
				CLANG_WARN_OBJC_LITERAL_CONVERSION = YES;
				CLANG_WARN_OBJC_ROOT_CLASS = YES_ERROR;
				CLANG_WARN_RANGE_LOOP_ANALYSIS = YES;
				CLANG_WARN_STRICT_PROTOTYPES = YES;
				CLANG_WARN_SUSPICIOUS_MOVE = YES;
				CLANG_WARN_UNGUARDED_AVAILABILITY = YES_AGGRESSIVE;
				CLANG_WARN_UNREACHABLE_CODE = YES;
				CLANG_WARN__DUPLICATE_METHOD_MATCH = YES;
				CODE_SIGN_IDENTITY = "iPhone Developer";
				COPY_PHASE_STRIP = NO;
				DEBUG_INFORMATION_FORMAT = "dwarf-with-dsym";
				ENABLE_NS_ASSERTIONS = NO;
				ENABLE_STRICT_OBJC_MSGSEND = YES;
				GCC_C_LANGUAGE_STANDARD = gnu11;
				GCC_NO_COMMON_BLOCKS = YES;
				GCC_WARN_64_TO_32_BIT_CONVERSION = YES;
				GCC_WARN_ABOUT_RETURN_TYPE = YES_ERROR;
				GCC_WARN_UNDECLARED_SELECTOR = YES;
				GCC_WARN_UNINITIALIZED_AUTOS = YES_AGGRESSIVE;
				GCC_WARN_UNUSED_FUNCTION = YES;
				GCC_WARN_UNUSED_VARIABLE = YES;
				IPHONEOS_DEPLOYMENT_TARGET = 11.1;
				MTL_ENABLE_DEBUG_INFO = NO;
				SDKROOT = iphoneos;
				VALIDATE_PRODUCT = YES;
				VALID_ARCHS = "arm64 armv7 armv7s x86_64";
			};
			name = Release;
		};
		4CE8039A1FB2437F00FEE04E /* Debug */ = {
			isa = XCBuildConfiguration;
			buildSettings = {
				CODE_SIGN_STYLE = Automatic;
				DEVELOPMENT_TEAM = 4KK757C74H;
				HEADER_SEARCH_PATHS = (
					"\"$(SRCROOT)/../../../lib/chipmunk/include\"",
					"\"$(SRCROOT)/../../../lib/lua/include\"",
				);
				OTHER_LDFLAGS = "-ObjC";
				PRODUCT_NAME = "$(TARGET_NAME)";
				SKIP_INSTALL = YES;
				TARGETED_DEVICE_FAMILY = "1,2";
			};
			name = Debug;
		};
		4CE8039B1FB2437F00FEE04E /* Release */ = {
			isa = XCBuildConfiguration;
			buildSettings = {
				CODE_SIGN_STYLE = Automatic;
				DEVELOPMENT_TEAM = 4KK757C74H;
				HEADER_SEARCH_PATHS = (
					"\"$(SRCROOT)/../../../lib/chipmunk/include\"",
					"\"$(SRCROOT)/../../../lib/lua/include\"",
				);
				OTHER_LDFLAGS = "-ObjC";
				PRODUCT_NAME = "$(TARGET_NAME)";
				SKIP_INSTALL = YES;
				TARGETED_DEVICE_FAMILY = "1,2";
			};
			name = Release;
		};
/* End XCBuildConfiguration section */

/* Begin XCConfigurationList section */
		4CE8038B1FB2437F00FEE04E /* Build configuration list for PBXProject "shared" */ = {
			isa = XCConfigurationList;
			buildConfigurations = (
				4CE803971FB2437F00FEE04E /* Debug */,
				4CE803981FB2437F00FEE04E /* Release */,
			);
			defaultConfigurationIsVisible = 0;
			defaultConfigurationName = Release;
		};
		4CE803991FB2437F00FEE04E /* Build configuration list for PBXNativeTarget "shared" */ = {
			isa = XCConfigurationList;
			buildConfigurations = (
				4CE8039A1FB2437F00FEE04E /* Debug */,
				4CE8039B1FB2437F00FEE04E /* Release */,
			);
			defaultConfigurationIsVisible = 0;
			defaultConfigurationName = Release;
		};
/* End XCConfigurationList section */
	};
	rootObject = 4CE803881FB2437F00FEE04E /* Project object */;
}
