// !$*UTF8*$!
{
	archiveVersion = 1;
	classes = {
	};
	objectVersion = 48;
	objects = {

/* Begin PBXBuildFile section */
		4C4B66581FB5FCE600F1C55D /* MyOpenALSupport.c in Sources */ = {isa = PBXBuildFile; fileRef = 4C4B66561FB5FCE600F1C55D /* MyOpenALSupport.c */; };
		4C4B66591FB5FCE600F1C55D /* SoundManager.m in Sources */ = {isa = PBXBuildFile; fileRef = 4C4B66571FB5FCE600F1C55D /* SoundManager.m */; };
/* End PBXBuildFile section */

/* Begin PBXCopyFilesBuildPhase section */
		4C4B66451FB5FB2100F1C55D /* CopyFiles */ = {
			isa = PBXCopyFilesBuildPhase;
			buildActionMask = 2147483647;
			dstPath = "include/$(PRODUCT_NAME)";
			dstSubfolderSpec = 16;
			files = (
			);
			runOnlyForDeploymentPostprocessing = 0;
		};
/* End PBXCopyFilesBuildPhase section */

/* Begin PBXFileReference section */
		4C4B66471FB5FB2100F1C55D /* libSoundManager.a */ = {isa = PBXFileReference; explicitFileType = archive.ar; includeInIndex = 0; path = libSoundManager.a; sourceTree = BUILT_PRODUCTS_DIR; };
		4C4B66561FB5FCE600F1C55D /* MyOpenALSupport.c */ = {isa = PBXFileReference; fileEncoding = 4; lastKnownFileType = sourcecode.c.c; path = MyOpenALSupport.c; sourceTree = "<group>"; };
		4C4B66571FB5FCE600F1C55D /* SoundManager.m */ = {isa = PBXFileReference; fileEncoding = 4; lastKnownFileType = sourcecode.c.objc; path = SoundManager.m; sourceTree = "<group>"; };
		4C4B665A1FB5FCEF00F1C55D /* MyOpenALSupport.h */ = {isa = PBXFileReference; fileEncoding = 4; lastKnownFileType = sourcecode.c.h; path = MyOpenALSupport.h; sourceTree = "<group>"; };
		4C4B665B1FB5FCEF00F1C55D /* SynthesizeSingleton.h */ = {isa = PBXFileReference; fileEncoding = 4; lastKnownFileType = sourcecode.c.h; path = SynthesizeSingleton.h; sourceTree = "<group>"; };
		4C4B665C1FB5FCEF00F1C55D /* SoundManager.h */ = {isa = PBXFileReference; fileEncoding = 4; lastKnownFileType = sourcecode.c.h; path = SoundManager.h; sourceTree = "<group>"; };
/* End PBXFileReference section */

/* Begin PBXFrameworksBuildPhase section */
		4C4B66441FB5FB2100F1C55D /* Frameworks */ = {
			isa = PBXFrameworksBuildPhase;
			buildActionMask = 2147483647;
			files = (
			);
			runOnlyForDeploymentPostprocessing = 0;
		};
/* End PBXFrameworksBuildPhase section */

/* Begin PBXGroup section */
		4C4B663E1FB5FB2100F1C55D = {
			isa = PBXGroup;
			children = (
				4C4B66541FB5FC2600F1C55D /* include */,
				4C4B66551FB5FC2B00F1C55D /* src */,
				4C4B66481FB5FB2100F1C55D /* Products */,
			);
			sourceTree = "<group>";
		};
		4C4B66481FB5FB2100F1C55D /* Products */ = {
			isa = PBXGroup;
			children = (
				4C4B66471FB5FB2100F1C55D /* libSoundManager.a */,
			);
			name = Products;
			sourceTree = "<group>";
		};
		4C4B66541FB5FC2600F1C55D /* include */ = {
			isa = PBXGroup;
			children = (
				4C4B665A1FB5FCEF00F1C55D /* MyOpenALSupport.h */,
				4C4B665C1FB5FCEF00F1C55D /* SoundManager.h */,
				4C4B665B1FB5FCEF00F1C55D /* SynthesizeSingleton.h */,
			);
			name = include;
			path = SoundManager/include;
			sourceTree = "<group>";
		};
		4C4B66551FB5FC2B00F1C55D /* src */ = {
			isa = PBXGroup;
			children = (
				4C4B66561FB5FCE600F1C55D /* MyOpenALSupport.c */,
				4C4B66571FB5FCE600F1C55D /* SoundManager.m */,
			);
			name = src;
			path = SoundManager/src;
			sourceTree = "<group>";
		};
/* End PBXGroup section */

/* Begin PBXNativeTarget section */
		4C4B66461FB5FB2100F1C55D /* SoundManager */ = {
			isa = PBXNativeTarget;
			buildConfigurationList = 4C4B66501FB5FB2100F1C55D /* Build configuration list for PBXNativeTarget "SoundManager" */;
			buildPhases = (
				4C4B66431FB5FB2100F1C55D /* Sources */,
				4C4B66441FB5FB2100F1C55D /* Frameworks */,
				4C4B66451FB5FB2100F1C55D /* CopyFiles */,
			);
			buildRules = (
			);
			dependencies = (
			);
			name = SoundManager;
			productName = SoundManager;
			productReference = 4C4B66471FB5FB2100F1C55D /* libSoundManager.a */;
			productType = "com.apple.product-type.library.static";
		};
/* End PBXNativeTarget section */

/* Begin PBXProject section */
		4C4B663F1FB5FB2100F1C55D /* Project object */ = {
			isa = PBXProject;
			attributes = {
				LastUpgradeCheck = 0910;
				ORGANIZATIONNAME = "Sam Thompson";
				TargetAttributes = {
					4C4B66461FB5FB2100F1C55D = {
						CreatedOnToolsVersion = 9.1;
						ProvisioningStyle = Automatic;
					};
				};
			};
			buildConfigurationList = 4C4B66421FB5FB2100F1C55D /* Build configuration list for PBXProject "SoundManager" */;
			compatibilityVersion = "Xcode 8.0";
			developmentRegion = en;
			hasScannedForEncodings = 0;
			knownRegions = (
				en,
			);
			mainGroup = 4C4B663E1FB5FB2100F1C55D;
			productRefGroup = 4C4B66481FB5FB2100F1C55D /* Products */;
			projectDirPath = "";
			projectRoot = "";
			targets = (
				4C4B66461FB5FB2100F1C55D /* SoundManager */,
			);
		};
/* End PBXProject section */

/* Begin PBXSourcesBuildPhase section */
		4C4B66431FB5FB2100F1C55D /* Sources */ = {
			isa = PBXSourcesBuildPhase;
			buildActionMask = 2147483647;
			files = (
				4C4B66581FB5FCE600F1C55D /* MyOpenALSupport.c in Sources */,
				4C4B66591FB5FCE600F1C55D /* SoundManager.m in Sources */,
			);
			runOnlyForDeploymentPostprocessing = 0;
		};
/* End PBXSourcesBuildPhase section */

/* Begin XCBuildConfiguration section */
		4C4B664E1FB5FB2100F1C55D /* Debug */ = {
			isa = XCBuildConfiguration;
			buildSettings = {
				ALWAYS_SEARCH_USER_PATHS = NO;
				CLANG_ANALYZER_NONNULL = YES;
				CLANG_ANALYZER_NUMBER_OBJECT_CONVERSION = YES_AGGRESSIVE;
				CLANG_CXX_LANGUAGE_STANDARD = "gnu++14";
				CLANG_CXX_LIBRARY = "libc++";
				CLANG_ENABLE_MODULES = YES;
				CLANG_ENABLE_OBJC_ARC = YES;
				CLANG_WARN_BLOCK_CAPTURE_AUTORELEASING = YES;
				CLANG_WARN_BOOL_CONVERSION = YES;
				CLANG_WARN_COMMA = YES;
				CLANG_WARN_CONSTANT_CONVERSION = YES;
				CLANG_WARN_DIRECT_OBJC_ISA_USAGE = YES_ERROR;
				CLANG_WARN_DOCUMENTATION_COMMENTS = YES;
				CLANG_WARN_EMPTY_BODY = YES;
				CLANG_WARN_ENUM_CONVERSION = YES;
				CLANG_WARN_INFINITE_RECURSION = YES;
				CLANG_WARN_INT_CONVERSION = YES;
				CLANG_WARN_NON_LITERAL_NULL_CONVERSION = YES;
				CLANG_WARN_OBJC_LITERAL_CONVERSION = YES;
				CLANG_WARN_OBJC_ROOT_CLASS = YES_ERROR;
				CLANG_WARN_RANGE_LOOP_ANALYSIS = YES;
				CLANG_WARN_STRICT_PROTOTYPES = YES;
				CLANG_WARN_SUSPICIOUS_MOVE = YES;
				CLANG_WARN_UNGUARDED_AVAILABILITY = YES_AGGRESSIVE;
				CLANG_WARN_UNREACHABLE_CODE = YES;
				CLANG_WARN__DUPLICATE_METHOD_MATCH = YES;
				CODE_SIGN_IDENTITY = "iPhone Developer";
				COPY_PHASE_STRIP = NO;
				DEBUG_INFORMATION_FORMAT = dwarf;
				ENABLE_STRICT_OBJC_MSGSEND = YES;
				ENABLE_TESTABILITY = YES;
				GCC_C_LANGUAGE_STANDARD = gnu11;
				GCC_DYNAMIC_NO_PIC = NO;
				GCC_NO_COMMON_BLOCKS = YES;
				GCC_OPTIMIZATION_LEVEL = 0;
				GCC_PREPROCESSOR_DEFINITIONS = (
					"DEBUG=1",
					"$(inherited)",
				);
				GCC_WARN_64_TO_32_BIT_CONVERSION = YES;
				GCC_WARN_ABOUT_RETURN_TYPE = YES_ERROR;
				GCC_WARN_UNDECLARED_SELECTOR = YES;
				GCC_WARN_UNINITIALIZED_AUTOS = YES_AGGRESSIVE;
				GCC_WARN_UNUSED_FUNCTION = YES;
				GCC_WARN_UNUSED_VARIABLE = YES;
				IPHONEOS_DEPLOYMENT_TARGET = 11.1;
				MTL_ENABLE_DEBUG_INFO = YES;
				ONLY_ACTIVE_ARCH = YES;
				SDKROOT = iphoneos;
			};
			name = Debug;
		};
		4C4B664F1FB5FB2100F1C55D /* Release */ = {
			isa = XCBuildConfiguration;
			buildSettings = {
				ALWAYS_SEARCH_USER_PATHS = NO;
				CLANG_ANALYZER_NONNULL = YES;
				CLANG_ANALYZER_NUMBER_OBJECT_CONVERSION = YES_AGGRESSIVE;
				CLANG_CXX_LANGUAGE_STANDARD = "gnu++14";
				CLANG_CXX_LIBRARY = "libc++";
				CLANG_ENABLE_MODULES = YES;
				CLANG_ENABLE_OBJC_ARC = YES;
				CLANG_WARN_BLOCK_CAPTURE_AUTORELEASING = YES;
				CLANG_WARN_BOOL_CONVERSION = YES;
				CLANG_WARN_COMMA = YES;
				CLANG_WARN_CONSTANT_CONVERSION = YES;
				CLANG_WARN_DIRECT_OBJC_ISA_USAGE = YES_ERROR;
				CLANG_WARN_DOCUMENTATION_COMMENTS = YES;
				CLANG_WARN_EMPTY_BODY = YES;
				CLANG_WARN_ENUM_CONVERSION = YES;
				CLANG_WARN_INFINITE_RECURSION = YES;
				CLANG_WARN_INT_CONVERSION = YES;
				CLANG_WARN_NON_LITERAL_NULL_CONVERSION = YES;
				CLANG_WARN_OBJC_LITERAL_CONVERSION = YES;
				CLANG_WARN_OBJC_ROOT_CLASS = YES_ERROR;
				CLANG_WARN_RANGE_LOOP_ANALYSIS = YES;
				CLANG_WARN_STRICT_PROTOTYPES = YES;
				CLANG_WARN_SUSPICIOUS_MOVE = YES;
				CLANG_WARN_UNGUARDED_AVAILABILITY = YES_AGGRESSIVE;
				CLANG_WARN_UNREACHABLE_CODE = YES;
				CLANG_WARN__DUPLICATE_METHOD_MATCH = YES;
				CODE_SIGN_IDENTITY = "iPhone Developer";
				COPY_PHASE_STRIP = NO;
				DEBUG_INFORMATION_FORMAT = "dwarf-with-dsym";
				ENABLE_NS_ASSERTIONS = NO;
				ENABLE_STRICT_OBJC_MSGSEND = YES;
				GCC_C_LANGUAGE_STANDARD = gnu11;
				GCC_NO_COMMON_BLOCKS = YES;
				GCC_WARN_64_TO_32_BIT_CONVERSION = YES;
				GCC_WARN_ABOUT_RETURN_TYPE = YES_ERROR;
				GCC_WARN_UNDECLARED_SELECTOR = YES;
				GCC_WARN_UNINITIALIZED_AUTOS = YES_AGGRESSIVE;
				GCC_WARN_UNUSED_FUNCTION = YES;
				GCC_WARN_UNUSED_VARIABLE = YES;
				IPHONEOS_DEPLOYMENT_TARGET = 11.1;
				MTL_ENABLE_DEBUG_INFO = NO;
				SDKROOT = iphoneos;
				VALIDATE_PRODUCT = YES;
			};
			name = Release;
		};
		4C4B66511FB5FB2100F1C55D /* Debug */ = {
			isa = XCBuildConfiguration;
			buildSettings = {
				CLANG_ANALYZER_OBJC_RETAIN_COUNT = NO;
				CLANG_ENABLE_OBJC_ARC = NO;
				CODE_SIGN_STYLE = Automatic;
				DEVELOPMENT_TEAM = 4KK757C74H;
				OTHER_LDFLAGS = "-ObjC";
				PRODUCT_NAME = "$(TARGET_NAME)";
				SKIP_INSTALL = YES;
				TARGETED_DEVICE_FAMILY = "1,2";
			};
			name = Debug;
		};
		4C4B66521FB5FB2100F1C55D /* Release */ = {
			isa = XCBuildConfiguration;
			buildSettings = {
				CLANG_ANALYZER_OBJC_RETAIN_COUNT = NO;
				CLANG_ENABLE_OBJC_ARC = NO;
				CODE_SIGN_STYLE = Automatic;
				DEVELOPMENT_TEAM = 4KK757C74H;
				OTHER_LDFLAGS = "-ObjC";
				PRODUCT_NAME = "$(TARGET_NAME)";
				SKIP_INSTALL = YES;
				TARGETED_DEVICE_FAMILY = "1,2";
			};
			name = Release;
		};
/* End XCBuildConfiguration section */

/* Begin XCConfigurationList section */
		4C4B66421FB5FB2100F1C55D /* Build configuration list for PBXProject "SoundManager" */ = {
			isa = XCConfigurationList;
			buildConfigurations = (
				4C4B664E1FB5FB2100F1C55D /* Debug */,
				4C4B664F1FB5FB2100F1C55D /* Release */,
			);
			defaultConfigurationIsVisible = 0;
			defaultConfigurationName = Release;
		};
		4C4B66501FB5FB2100F1C55D /* Build configuration list for PBXNativeTarget "SoundManager" */ = {
			isa = XCConfigurationList;
			buildConfigurations = (
				4C4B66511FB5FB2100F1C55D /* Debug */,
				4C4B66521FB5FB2100F1C55D /* Release */,
			);
			defaultConfigurationIsVisible = 0;
			defaultConfigurationName = Release;
		};
/* End XCConfigurationList section */
	};
	rootObject = 4C4B663F1FB5FB2100F1C55D /* Project object */;
}
